// !$*UTF8*$!
{
	archiveVersion = 1;
	classes = {
	};
	objectVersion = 56;
	objects = {

/* Begin PBXBuildFile section */
		161286B7297D227800BC3BDF /* FriendViewModel.swift in Sources */ = {isa = PBXBuildFile; fileRef = 161286B6297D227800BC3BDF /* FriendViewModel.swift */; };
		161398FC2983F863002A6F16 /* SpendingWriteViewModel.swift in Sources */ = {isa = PBXBuildFile; fileRef = 161398FB2983F863002A6F16 /* SpendingWriteViewModel.swift */; };
		16573EDB2977AA38001176F6 /* GoogleService-Info.plist in Resources */ = {isa = PBXBuildFile; fileRef = 16573EDA2977AA38001176F6 /* GoogleService-Info.plist */; };
		16573EFF2977D429001176F6 /* FireStoreViewModel.swift in Sources */ = {isa = PBXBuildFile; fileRef = 16573EFE2977D429001176F6 /* FireStoreViewModel.swift */; };
		16573F022977D60B001176F6 /* FirebaseFirestore in Frameworks */ = {isa = PBXBuildFile; productRef = 16573F012977D60B001176F6 /* FirebaseFirestore */; };
		165E321C2977EAF500678A09 /* SettingView.swift in Sources */ = {isa = PBXBuildFile; fileRef = 165E321B2977EAF500678A09 /* SettingView.swift */; };
		16600963297630C300E6A546 /* MSGApp.swift in Sources */ = {isa = PBXBuildFile; fileRef = 16600962297630C300E6A546 /* MSGApp.swift */; };
		16600965297630C300E6A546 /* ContentView.swift in Sources */ = {isa = PBXBuildFile; fileRef = 16600964297630C300E6A546 /* ContentView.swift */; };
		16600967297630C400E6A546 /* Assets.xcassets in Resources */ = {isa = PBXBuildFile; fileRef = 16600966297630C400E6A546 /* Assets.xcassets */; };
		1660096A297630C400E6A546 /* Preview Assets.xcassets in Resources */ = {isa = PBXBuildFile; fileRef = 16600969297630C400E6A546 /* Preview Assets.xcassets */; };
		16600972297630F600E6A546 /* FirebaseAuth in Frameworks */ = {isa = PBXBuildFile; productRef = 16600971297630F600E6A546 /* FirebaseAuth */; };
		16600974297630F600E6A546 /* FirebaseAuthCombine-Community in Frameworks */ = {isa = PBXBuildFile; productRef = 16600973297630F600E6A546 /* FirebaseAuthCombine-Community */; };
		16600976297630F600E6A546 /* FirebaseDatabase in Frameworks */ = {isa = PBXBuildFile; productRef = 16600975297630F600E6A546 /* FirebaseDatabase */; };
		16600978297630F600E6A546 /* FirebaseDatabaseSwift in Frameworks */ = {isa = PBXBuildFile; productRef = 16600977297630F600E6A546 /* FirebaseDatabaseSwift */; };
		1660097A297630F600E6A546 /* FirebaseMessaging in Frameworks */ = {isa = PBXBuildFile; productRef = 16600979297630F600E6A546 /* FirebaseMessaging */; };
		1660097C297630F600E6A546 /* FirebaseStorage in Frameworks */ = {isa = PBXBuildFile; productRef = 1660097B297630F600E6A546 /* FirebaseStorage */; };
		1660097E297630F600E6A546 /* FirebaseStorageCombine-Community in Frameworks */ = {isa = PBXBuildFile; productRef = 1660097D297630F600E6A546 /* FirebaseStorageCombine-Community */; };
		166009842976315700E6A546 /* KakaoSDK in Frameworks */ = {isa = PBXBuildFile; productRef = 166009832976315700E6A546 /* KakaoSDK */; };
		1660098D29763AD800E6A546 /* MSG.swift in Sources */ = {isa = PBXBuildFile; fileRef = 1660098C29763AD800E6A546 /* MSG.swift */; };
		1660098F2976404400E6A546 /* RealtimeViewModel.swift in Sources */ = {isa = PBXBuildFile; fileRef = 1660098E2976404400E6A546 /* RealtimeViewModel.swift */; };
		166009932976685200E6A546 /* FriendSettingView.swift in Sources */ = {isa = PBXBuildFile; fileRef = 166009922976685200E6A546 /* FriendSettingView.swift */; };
		1660099529766FC000E6A546 /* FriendView.swift in Sources */ = {isa = PBXBuildFile; fileRef = 1660099429766FC000E6A546 /* FriendView.swift */; };
		1660099729766FCC00E6A546 /* AlertView.swift in Sources */ = {isa = PBXBuildFile; fileRef = 1660099629766FCC00E6A546 /* AlertView.swift */; };
		16C6753629822E420028A608 /* Extension+Color.swift in Sources */ = {isa = PBXBuildFile; fileRef = 16C6753529822E420028A608 /* Extension+Color.swift */; };
		16FBE6C62976784D001EC518 /* FriendViewCell.swift in Sources */ = {isa = PBXBuildFile; fileRef = 16FBE6C52976784D001EC518 /* FriendViewCell.swift */; };
		3663DF4029763C51004C1CA6 /* GameSettingViewModel.swift in Sources */ = {isa = PBXBuildFile; fileRef = 3663DF3F29763C51004C1CA6 /* GameSettingViewModel.swift */; };
		367D709D2980C6890011E601 /* GameRequestAlertView.swift in Sources */ = {isa = PBXBuildFile; fileRef = 367D709C2980C6890011E601 /* GameRequestAlertView.swift */; };
		36B093F92976694F0089E76A /* GameSettingView.swift in Sources */ = {isa = PBXBuildFile; fileRef = 36B093F82976694F0089E76A /* GameSettingView.swift */; };
		36B093FC29766FD80089E76A /* SpendingWritingView.swift in Sources */ = {isa = PBXBuildFile; fileRef = 36B093FA29766FB30089E76A /* SpendingWritingView.swift */; };
		36C7BB7D2977B37200A3F999 /* OnBoardView2.swift in Sources */ = {isa = PBXBuildFile; fileRef = 36C7BB772977B37200A3F999 /* OnBoardView2.swift */; };
		36C7BB7E2977B37200A3F999 /* OnBoardView4.swift in Sources */ = {isa = PBXBuildFile; fileRef = 36C7BB782977B37200A3F999 /* OnBoardView4.swift */; };
		36C7BB7F2977B37200A3F999 /* OnBoardView1.swift in Sources */ = {isa = PBXBuildFile; fileRef = 36C7BB792977B37200A3F999 /* OnBoardView1.swift */; };
		36C7BB802977B37200A3F999 /* OnBoardView3.swift in Sources */ = {isa = PBXBuildFile; fileRef = 36C7BB7A2977B37200A3F999 /* OnBoardView3.swift */; };
		36C7BB812977B37200A3F999 /* OnBoardTapView.swift in Sources */ = {isa = PBXBuildFile; fileRef = 36C7BB7B2977B37200A3F999 /* OnBoardTapView.swift */; };
		36C7BB822977B37200A3F999 /* OnBoardView5.swift in Sources */ = {isa = PBXBuildFile; fileRef = 36C7BB7C2977B37200A3F999 /* OnBoardView5.swift */; };
		36DB97792976526900A0596F /* ViewModifier.swift in Sources */ = {isa = PBXBuildFile; fileRef = 36DB97782976526900A0596F /* ViewModifier.swift */; };
		36FA49132977746600B26A24 /* ChartView.swift in Sources */ = {isa = PBXBuildFile; fileRef = 36FA49122977746600B26A24 /* ChartView.swift */; };
		36FA4915297774C500B26A24 /* ProgressBar.swift in Sources */ = {isa = PBXBuildFile; fileRef = 36FA4914297774C500B26A24 /* ProgressBar.swift */; };
		36FA4918297791A100B26A24 /* ChartCellView.swift in Sources */ = {isa = PBXBuildFile; fileRef = 36FA4917297791A100B26A24 /* ChartCellView.swift */; };
		4C407A74297A5B1900877360 /* LocalNotification.swift in Sources */ = {isa = PBXBuildFile; fileRef = 4C407A73297A5B1900877360 /* LocalNotification.swift */; };
		4C407A76297A5B4B00877360 /* NotificationManager.swift in Sources */ = {isa = PBXBuildFile; fileRef = 4C407A75297A5B4B00877360 /* NotificationManager.swift */; };
		4C5B81832977750C00866E3F /* RecordDetailView.swift in Sources */ = {isa = PBXBuildFile; fileRef = 4C5B81822977750C00866E3F /* RecordDetailView.swift */; };
		4C65CFEC2978D02700BAD069 /* MultiGameProgressBar.swift in Sources */ = {isa = PBXBuildFile; fileRef = 4C65CFEB2978D02700BAD069 /* MultiGameProgressBar.swift */; };
		4C930D5F29763B4300EE046D /* HomeView.swift in Sources */ = {isa = PBXBuildFile; fileRef = 4C930D5E29763B4300EE046D /* HomeView.swift */; };
		4C930D6129763CD200EE046D /* AfterChallengeView.swift in Sources */ = {isa = PBXBuildFile; fileRef = 4C930D6029763CD200EE046D /* AfterChallengeView.swift */; };
		4C930D6329763CF000EE046D /* BeforeChallengeView.swift in Sources */ = {isa = PBXBuildFile; fileRef = 4C930D6229763CF000EE046D /* BeforeChallengeView.swift */; };
		631032492978273300F3A463 /* SystemThemeManager.swift in Sources */ = {isa = PBXBuildFile; fileRef = 631032482978273300F3A463 /* SystemThemeManager.swift */; };
		6310324B2978322900F3A463 /* Extension+NavigationController.swift in Sources */ = {isa = PBXBuildFile; fileRef = 6310324A2978322900F3A463 /* Extension+NavigationController.swift */; };
		632B7CD129825C8000A3D53C /* CountDownView.swift in Sources */ = {isa = PBXBuildFile; fileRef = 632B7CD029825C8000A3D53C /* CountDownView.swift */; };
		6342C2C329763B0D00C24D20 /* LoginView.swift in Sources */ = {isa = PBXBuildFile; fileRef = 6342C2C229763B0D00C24D20 /* LoginView.swift */; };
		6342C2C7297648CB00C24D20 /* KakaoAppDelegate.swift in Sources */ = {isa = PBXBuildFile; fileRef = 6342C2C6297648CB00C24D20 /* KakaoAppDelegate.swift */; };
		6342C2C929764AA500C24D20 /* KakaoSceneDelegate.swift in Sources */ = {isa = PBXBuildFile; fileRef = 6342C2C829764AA500C24D20 /* KakaoSceneDelegate.swift */; };
		6342C2CB29764EDA00C24D20 /* KakaoViewModel.swift in Sources */ = {isa = PBXBuildFile; fileRef = 6342C2CA29764EDA00C24D20 /* KakaoViewModel.swift */; };
		6342C2CD297665D600C24D20 /* PrivacyPolicyView.swift in Sources */ = {isa = PBXBuildFile; fileRef = 6342C2CC297665D600C24D20 /* PrivacyPolicyView.swift */; };
		634CE3F7297920D500358E32 /* SegementedControllView.swift in Sources */ = {isa = PBXBuildFile; fileRef = 634CE3F6297920D500358E32 /* SegementedControllView.swift */; };
		63B99D31297E32640038BAB4 /* SingleGameProgressBar.swift in Sources */ = {isa = PBXBuildFile; fileRef = 63B99D30297E32640038BAB4 /* SingleGameProgressBar.swift */; };
		63BC0F8629767608003F2379 /* MakeProfileView.swift in Sources */ = {isa = PBXBuildFile; fileRef = 63BC0F8529767608003F2379 /* MakeProfileView.swift */; };
		63EC446F297A8366008A7FDE /* Extension+String.swift in Sources */ = {isa = PBXBuildFile; fileRef = 63EC446E297A8366008A7FDE /* Extension+String.swift */; };
		C025163129789952000E0219 /* GoogleSignIn in Frameworks */ = {isa = PBXBuildFile; productRef = C025163029789952000E0219 /* GoogleSignIn */; };
		C025163329789952000E0219 /* GoogleSignInSwift in Frameworks */ = {isa = PBXBuildFile; productRef = C025163229789952000E0219 /* GoogleSignInSwift */; };
		C0F5FFC4297669AA0021FF4F /* ChallengeRecordView.swift in Sources */ = {isa = PBXBuildFile; fileRef = C0F5FFC3297669AA0021FF4F /* ChallengeRecordView.swift */; };
		C0F5FFE4297836D50021FF4F /* LoginVIewModel.swift in Sources */ = {isa = PBXBuildFile; fileRef = C0F5FFE3297836D50021FF4F /* LoginVIewModel.swift */; };
/* End PBXBuildFile section */

/* Begin PBXFileReference section */
		161286B6297D227800BC3BDF /* FriendViewModel.swift */ = {isa = PBXFileReference; lastKnownFileType = sourcecode.swift; path = FriendViewModel.swift; sourceTree = "<group>"; };
		161398FB2983F863002A6F16 /* SpendingWriteViewModel.swift */ = {isa = PBXFileReference; lastKnownFileType = sourcecode.swift; path = SpendingWriteViewModel.swift; sourceTree = "<group>"; };
		16573EDA2977AA38001176F6 /* GoogleService-Info.plist */ = {isa = PBXFileReference; fileEncoding = 4; lastKnownFileType = text.plist.xml; path = "GoogleService-Info.plist"; sourceTree = "<group>"; };
		16573EFE2977D429001176F6 /* FireStoreViewModel.swift */ = {isa = PBXFileReference; lastKnownFileType = sourcecode.swift; path = FireStoreViewModel.swift; sourceTree = "<group>"; };
		165E321B2977EAF500678A09 /* SettingView.swift */ = {isa = PBXFileReference; lastKnownFileType = sourcecode.swift; path = SettingView.swift; sourceTree = "<group>"; };
		1660095F297630C300E6A546 /* MSG.app */ = {isa = PBXFileReference; explicitFileType = wrapper.application; includeInIndex = 0; path = MSG.app; sourceTree = BUILT_PRODUCTS_DIR; };
		16600962297630C300E6A546 /* MSGApp.swift */ = {isa = PBXFileReference; lastKnownFileType = sourcecode.swift; path = MSGApp.swift; sourceTree = "<group>"; };
		16600964297630C300E6A546 /* ContentView.swift */ = {isa = PBXFileReference; lastKnownFileType = sourcecode.swift; path = ContentView.swift; sourceTree = "<group>"; };
		16600966297630C400E6A546 /* Assets.xcassets */ = {isa = PBXFileReference; lastKnownFileType = folder.assetcatalog; path = Assets.xcassets; sourceTree = "<group>"; };
		16600969297630C400E6A546 /* Preview Assets.xcassets */ = {isa = PBXFileReference; lastKnownFileType = folder.assetcatalog; path = "Preview Assets.xcassets"; sourceTree = "<group>"; };
		1660098C29763AD800E6A546 /* MSG.swift */ = {isa = PBXFileReference; lastKnownFileType = sourcecode.swift; name = MSG.swift; path = MSG/MSG.swift; sourceTree = SOURCE_ROOT; };
		1660098E2976404400E6A546 /* RealtimeViewModel.swift */ = {isa = PBXFileReference; lastKnownFileType = sourcecode.swift; name = RealtimeViewModel.swift; path = MSG/RealtimeViewModel.swift; sourceTree = SOURCE_ROOT; };
		166009922976685200E6A546 /* FriendSettingView.swift */ = {isa = PBXFileReference; lastKnownFileType = sourcecode.swift; path = FriendSettingView.swift; sourceTree = "<group>"; };
		1660099429766FC000E6A546 /* FriendView.swift */ = {isa = PBXFileReference; lastKnownFileType = sourcecode.swift; path = FriendView.swift; sourceTree = "<group>"; };
		1660099629766FCC00E6A546 /* AlertView.swift */ = {isa = PBXFileReference; lastKnownFileType = sourcecode.swift; path = AlertView.swift; sourceTree = "<group>"; };
		16C6753529822E420028A608 /* Extension+Color.swift */ = {isa = PBXFileReference; lastKnownFileType = sourcecode.swift; path = "Extension+Color.swift"; sourceTree = "<group>"; };
		16FBE6C52976784D001EC518 /* FriendViewCell.swift */ = {isa = PBXFileReference; lastKnownFileType = sourcecode.swift; path = FriendViewCell.swift; sourceTree = "<group>"; };
		3663DF3F29763C51004C1CA6 /* GameSettingViewModel.swift */ = {isa = PBXFileReference; lastKnownFileType = sourcecode.swift; path = GameSettingViewModel.swift; sourceTree = "<group>"; };
		367D709C2980C6890011E601 /* GameRequestAlertView.swift */ = {isa = PBXFileReference; lastKnownFileType = sourcecode.swift; path = GameRequestAlertView.swift; sourceTree = "<group>"; };
		36B093F82976694F0089E76A /* GameSettingView.swift */ = {isa = PBXFileReference; fileEncoding = 4; lastKnownFileType = sourcecode.swift; path = GameSettingView.swift; sourceTree = "<group>"; };
		36B093FA29766FB30089E76A /* SpendingWritingView.swift */ = {isa = PBXFileReference; lastKnownFileType = sourcecode.swift; path = SpendingWritingView.swift; sourceTree = "<group>"; };
		36C7BB772977B37200A3F999 /* OnBoardView2.swift */ = {isa = PBXFileReference; fileEncoding = 4; lastKnownFileType = sourcecode.swift; path = OnBoardView2.swift; sourceTree = "<group>"; };
		36C7BB782977B37200A3F999 /* OnBoardView4.swift */ = {isa = PBXFileReference; fileEncoding = 4; lastKnownFileType = sourcecode.swift; path = OnBoardView4.swift; sourceTree = "<group>"; };
		36C7BB792977B37200A3F999 /* OnBoardView1.swift */ = {isa = PBXFileReference; fileEncoding = 4; lastKnownFileType = sourcecode.swift; path = OnBoardView1.swift; sourceTree = "<group>"; };
		36C7BB7A2977B37200A3F999 /* OnBoardView3.swift */ = {isa = PBXFileReference; fileEncoding = 4; lastKnownFileType = sourcecode.swift; path = OnBoardView3.swift; sourceTree = "<group>"; };
		36C7BB7B2977B37200A3F999 /* OnBoardTapView.swift */ = {isa = PBXFileReference; fileEncoding = 4; lastKnownFileType = sourcecode.swift; path = OnBoardTapView.swift; sourceTree = "<group>"; };
		36C7BB7C2977B37200A3F999 /* OnBoardView5.swift */ = {isa = PBXFileReference; fileEncoding = 4; lastKnownFileType = sourcecode.swift; path = OnBoardView5.swift; sourceTree = "<group>"; };
		36DB97782976526900A0596F /* ViewModifier.swift */ = {isa = PBXFileReference; lastKnownFileType = sourcecode.swift; path = ViewModifier.swift; sourceTree = "<group>"; };
		36FA49122977746600B26A24 /* ChartView.swift */ = {isa = PBXFileReference; lastKnownFileType = sourcecode.swift; path = ChartView.swift; sourceTree = "<group>"; };
		36FA4914297774C500B26A24 /* ProgressBar.swift */ = {isa = PBXFileReference; lastKnownFileType = sourcecode.swift; path = ProgressBar.swift; sourceTree = "<group>"; };
		36FA4917297791A100B26A24 /* ChartCellView.swift */ = {isa = PBXFileReference; lastKnownFileType = sourcecode.swift; path = ChartCellView.swift; sourceTree = "<group>"; };
		4C407A73297A5B1900877360 /* LocalNotification.swift */ = {isa = PBXFileReference; lastKnownFileType = sourcecode.swift; path = LocalNotification.swift; sourceTree = "<group>"; };
		4C407A75297A5B4B00877360 /* NotificationManager.swift */ = {isa = PBXFileReference; lastKnownFileType = sourcecode.swift; path = NotificationManager.swift; sourceTree = "<group>"; };
		4C5B81822977750C00866E3F /* RecordDetailView.swift */ = {isa = PBXFileReference; lastKnownFileType = sourcecode.swift; path = RecordDetailView.swift; sourceTree = "<group>"; };
		4C65CFEB2978D02700BAD069 /* MultiGameProgressBar.swift */ = {isa = PBXFileReference; lastKnownFileType = sourcecode.swift; path = MultiGameProgressBar.swift; sourceTree = "<group>"; };
		4C930D5E29763B4300EE046D /* HomeView.swift */ = {isa = PBXFileReference; lastKnownFileType = sourcecode.swift; path = HomeView.swift; sourceTree = "<group>"; };
		4C930D6029763CD200EE046D /* AfterChallengeView.swift */ = {isa = PBXFileReference; lastKnownFileType = sourcecode.swift; path = AfterChallengeView.swift; sourceTree = "<group>"; };
		4C930D6229763CF000EE046D /* BeforeChallengeView.swift */ = {isa = PBXFileReference; lastKnownFileType = sourcecode.swift; path = BeforeChallengeView.swift; sourceTree = "<group>"; };
		631032482978273300F3A463 /* SystemThemeManager.swift */ = {isa = PBXFileReference; lastKnownFileType = sourcecode.swift; path = SystemThemeManager.swift; sourceTree = "<group>"; };
		6310324A2978322900F3A463 /* Extension+NavigationController.swift */ = {isa = PBXFileReference; lastKnownFileType = sourcecode.swift; path = "Extension+NavigationController.swift"; sourceTree = "<group>"; };
		632B7CD029825C8000A3D53C /* CountDownView.swift */ = {isa = PBXFileReference; lastKnownFileType = sourcecode.swift; path = CountDownView.swift; sourceTree = "<group>"; };
		6342C2C229763B0D00C24D20 /* LoginView.swift */ = {isa = PBXFileReference; lastKnownFileType = sourcecode.swift; path = LoginView.swift; sourceTree = "<group>"; };
		6342C2C42976446600C24D20 /* Info.plist */ = {isa = PBXFileReference; lastKnownFileType = text.plist; path = Info.plist; sourceTree = "<group>"; };
		6342C2C5297645F100C24D20 /* Config.xcconfig */ = {isa = PBXFileReference; lastKnownFileType = text.xcconfig; path = Config.xcconfig; sourceTree = "<group>"; };
		6342C2C6297648CB00C24D20 /* KakaoAppDelegate.swift */ = {isa = PBXFileReference; lastKnownFileType = sourcecode.swift; path = KakaoAppDelegate.swift; sourceTree = "<group>"; };
		6342C2C829764AA500C24D20 /* KakaoSceneDelegate.swift */ = {isa = PBXFileReference; lastKnownFileType = sourcecode.swift; path = KakaoSceneDelegate.swift; sourceTree = "<group>"; };
		6342C2CA29764EDA00C24D20 /* KakaoViewModel.swift */ = {isa = PBXFileReference; lastKnownFileType = sourcecode.swift; path = KakaoViewModel.swift; sourceTree = "<group>"; };
		6342C2CC297665D600C24D20 /* PrivacyPolicyView.swift */ = {isa = PBXFileReference; lastKnownFileType = sourcecode.swift; path = PrivacyPolicyView.swift; sourceTree = "<group>"; };
		634CE3F6297920D500358E32 /* SegementedControllView.swift */ = {isa = PBXFileReference; lastKnownFileType = sourcecode.swift; path = SegementedControllView.swift; sourceTree = "<group>"; };
		63B99D30297E32640038BAB4 /* SingleGameProgressBar.swift */ = {isa = PBXFileReference; lastKnownFileType = sourcecode.swift; path = SingleGameProgressBar.swift; sourceTree = "<group>"; };
		63BC0F8529767608003F2379 /* MakeProfileView.swift */ = {isa = PBXFileReference; lastKnownFileType = sourcecode.swift; path = MakeProfileView.swift; sourceTree = "<group>"; };
		63EC446E297A8366008A7FDE /* Extension+String.swift */ = {isa = PBXFileReference; lastKnownFileType = sourcecode.swift; path = "Extension+String.swift"; sourceTree = "<group>"; };
		C0F5FFC3297669AA0021FF4F /* ChallengeRecordView.swift */ = {isa = PBXFileReference; lastKnownFileType = sourcecode.swift; path = ChallengeRecordView.swift; sourceTree = "<group>"; };
		C0F5FFCE2977B7FF0021FF4F /* MSG.entitlements */ = {isa = PBXFileReference; lastKnownFileType = text.plist.entitlements; path = MSG.entitlements; sourceTree = "<group>"; };
		C0F5FFE3297836D50021FF4F /* LoginVIewModel.swift */ = {isa = PBXFileReference; lastKnownFileType = sourcecode.swift; path = LoginVIewModel.swift; sourceTree = "<group>"; };
/* End PBXFileReference section */

/* Begin PBXFrameworksBuildPhase section */
		1660095C297630C300E6A546 /* Frameworks */ = {
			isa = PBXFrameworksBuildPhase;
			buildActionMask = 2147483647;
			files = (
				16600978297630F600E6A546 /* FirebaseDatabaseSwift in Frameworks */,
				1660097E297630F600E6A546 /* FirebaseStorageCombine-Community in Frameworks */,
				16600976297630F600E6A546 /* FirebaseDatabase in Frameworks */,
				16573F022977D60B001176F6 /* FirebaseFirestore in Frameworks */,
				1660097A297630F600E6A546 /* FirebaseMessaging in Frameworks */,
				C025163129789952000E0219 /* GoogleSignIn in Frameworks */,
				16600972297630F600E6A546 /* FirebaseAuth in Frameworks */,
				16600974297630F600E6A546 /* FirebaseAuthCombine-Community in Frameworks */,
				1660097C297630F600E6A546 /* FirebaseStorage in Frameworks */,
				166009842976315700E6A546 /* KakaoSDK in Frameworks */,
				C025163329789952000E0219 /* GoogleSignInSwift in Frameworks */,
			);
			runOnlyForDeploymentPostprocessing = 0;
		};
/* End PBXFrameworksBuildPhase section */

/* Begin PBXGroup section */
		1606CB4C297697C3004DD13B /* FriendSetting */ = {
			isa = PBXGroup;
			children = (
				1660099629766FCC00E6A546 /* AlertView.swift */,
				166009922976685200E6A546 /* FriendSettingView.swift */,
				1660099429766FC000E6A546 /* FriendView.swift */,
				16FBE6C52976784D001EC518 /* FriendViewCell.swift */,
				634CE3F6297920D500358E32 /* SegementedControllView.swift */,
				161286B6297D227800BC3BDF /* FriendViewModel.swift */,
				367D709C2980C6890011E601 /* GameRequestAlertView.swift */,
			);
			path = FriendSetting;
			sourceTree = "<group>";
		};
		1606CB4D297697E2004DD13B /* GameSetting */ = {
			isa = PBXGroup;
			children = (
				36B093F82976694F0089E76A /* GameSettingView.swift */,
				3663DF3F29763C51004C1CA6 /* GameSettingViewModel.swift */,
			);
			path = GameSetting;
			sourceTree = "<group>";
		};
		1606CB4E297697F9004DD13B /* Home */ = {
			isa = PBXGroup;
			children = (
				4C930D6029763CD200EE046D /* AfterChallengeView.swift */,
				4C930D6229763CF000EE046D /* BeforeChallengeView.swift */,
				4C930D5E29763B4300EE046D /* HomeView.swift */,
				36B093FA29766FB30089E76A /* SpendingWritingView.swift */,
				4C65CFEB2978D02700BAD069 /* MultiGameProgressBar.swift */,
				63B99D30297E32640038BAB4 /* SingleGameProgressBar.swift */,
				161398FB2983F863002A6F16 /* SpendingWriteViewModel.swift */,
				632B7CD029825C8000A3D53C /* CountDownView.swift */,
			);
			path = Home;
			sourceTree = "<group>";
		};
		1606CB4F2976992C004DD13B /* ChallengeRecord */ = {
			isa = PBXGroup;
			children = (
				C0F5FFC3297669AA0021FF4F /* ChallengeRecordView.swift */,
				4C5B81822977750C00866E3F /* RecordDetailView.swift */,
			);
			path = ChallengeRecord;
			sourceTree = "<group>";
		};
		16573F002977D60B001176F6 /* Frameworks */ = {
			isa = PBXGroup;
			children = (
			);
			name = Frameworks;
			sourceTree = "<group>";
		};
		165E321A2977EAE600678A09 /* SettingView */ = {
			isa = PBXGroup;
			children = (
				165E321B2977EAF500678A09 /* SettingView.swift */,
			);
			path = SettingView;
			sourceTree = "<group>";
		};
		16600956297630C300E6A546 = {
			isa = PBXGroup;
			children = (
				16600961297630C300E6A546 /* MSG */,
				16600960297630C300E6A546 /* Products */,
				16573F002977D60B001176F6 /* Frameworks */,
			);
			sourceTree = "<group>";
		};
		16600960297630C300E6A546 /* Products */ = {
			isa = PBXGroup;
			children = (
				1660095F297630C300E6A546 /* MSG.app */,
			);
			name = Products;
			sourceTree = "<group>";
		};
		16600961297630C300E6A546 /* MSG */ = {
			isa = PBXGroup;
			children = (
				C0F5FFCE2977B7FF0021FF4F /* MSG.entitlements */,
				6342C2C42976446600C24D20 /* Info.plist */,
				166009872976335A00E6A546 /* Model */,
				166009852976334600E6A546 /* View */,
				166009862976334C00E6A546 /* ViewModel */,
				16600962297630C300E6A546 /* MSGApp.swift */,
				36DB97782976526900A0596F /* ViewModifier.swift */,
				16573EDA2977AA38001176F6 /* GoogleService-Info.plist */,
				16600966297630C400E6A546 /* Assets.xcassets */,
				16600968297630C400E6A546 /* Preview Content */,
			);
			path = MSG;
			sourceTree = "<group>";
		};
		16600968297630C400E6A546 /* Preview Content */ = {
			isa = PBXGroup;
			children = (
				16600969297630C400E6A546 /* Preview Assets.xcassets */,
			);
			path = "Preview Content";
			sourceTree = "<group>";
		};
		166009852976334600E6A546 /* View */ = {
			isa = PBXGroup;
			children = (
				165E321A2977EAE600678A09 /* SettingView */,
				36C7BB762977B37200A3F999 /* OnBoard */,
				36FA491629778F3200B26A24 /* Chart */,
				16600964297630C300E6A546 /* ContentView.swift */,
				1606CB4F2976992C004DD13B /* ChallengeRecord */,
				1606CB4E297697F9004DD13B /* Home */,
				1606CB4D297697E2004DD13B /* GameSetting */,
				1606CB4C297697C3004DD13B /* FriendSetting */,
				6342C2CE297672C000C24D20 /* Login */,
			);
			path = View;
			sourceTree = "<group>";
		};
		166009862976334C00E6A546 /* ViewModel */ = {
			isa = PBXGroup;
			children = (
				6342C2CA29764EDA00C24D20 /* KakaoViewModel.swift */,
				1660098E2976404400E6A546 /* RealtimeViewModel.swift */,
				16573EFE2977D429001176F6 /* FireStoreViewModel.swift */,
				C0F5FFE3297836D50021FF4F /* LoginVIewModel.swift */,
				631032482978273300F3A463 /* SystemThemeManager.swift */,
				6310324A2978322900F3A463 /* Extension+NavigationController.swift */,
				4C407A75297A5B4B00877360 /* NotificationManager.swift */,
				63EC446E297A8366008A7FDE /* Extension+String.swift */,
				16C6753529822E420028A608 /* Extension+Color.swift */,
			);
			path = ViewModel;
			sourceTree = "<group>";
		};
		166009872976335A00E6A546 /* Model */ = {
			isa = PBXGroup;
			children = (
				6342C2CF297672D900C24D20 /* KakaoLogin */,
				1660098C29763AD800E6A546 /* MSG.swift */,
				4C407A73297A5B1900877360 /* LocalNotification.swift */,
			);
			path = Model;
			sourceTree = "<group>";
		};
		36C7BB762977B37200A3F999 /* OnBoard */ = {
			isa = PBXGroup;
			children = (
				36C7BB782977B37200A3F999 /* OnBoardView4.swift */,
				36C7BB772977B37200A3F999 /* OnBoardView2.swift */,
				36C7BB792977B37200A3F999 /* OnBoardView1.swift */,
				36C7BB7A2977B37200A3F999 /* OnBoardView3.swift */,
				36C7BB7B2977B37200A3F999 /* OnBoardTapView.swift */,
				36C7BB7C2977B37200A3F999 /* OnBoardView5.swift */,
			);
			path = OnBoard;
			sourceTree = "<group>";
		};
		36FA491629778F3200B26A24 /* Chart */ = {
			isa = PBXGroup;
			children = (
				36FA4914297774C500B26A24 /* ProgressBar.swift */,
				36FA49122977746600B26A24 /* ChartView.swift */,
				36FA4917297791A100B26A24 /* ChartCellView.swift */,
			);
			path = Chart;
			sourceTree = "<group>";
		};
		6342C2CE297672C000C24D20 /* Login */ = {
			isa = PBXGroup;
			children = (
				6342C2C229763B0D00C24D20 /* LoginView.swift */,
				63BC0F8529767608003F2379 /* MakeProfileView.swift */,
				6342C2CC297665D600C24D20 /* PrivacyPolicyView.swift */,
			);
			path = Login;
			sourceTree = "<group>";
		};
		6342C2CF297672D900C24D20 /* KakaoLogin */ = {
			isa = PBXGroup;
			children = (
				6342C2C5297645F100C24D20 /* Config.xcconfig */,
				6342C2C6297648CB00C24D20 /* KakaoAppDelegate.swift */,
				6342C2C829764AA500C24D20 /* KakaoSceneDelegate.swift */,
			);
			path = KakaoLogin;
			sourceTree = "<group>";
		};
/* End PBXGroup section */

/* Begin PBXNativeTarget section */
		1660095E297630C300E6A546 /* MSG */ = {
			isa = PBXNativeTarget;
			buildConfigurationList = 1660096D297630C400E6A546 /* Build configuration list for PBXNativeTarget "MSG" */;
			buildPhases = (
				1660095B297630C300E6A546 /* Sources */,
				1660095C297630C300E6A546 /* Frameworks */,
				1660095D297630C300E6A546 /* Resources */,
			);
			buildRules = (
			);
			dependencies = (
			);
			name = MSG;
			packageProductDependencies = (
				16600971297630F600E6A546 /* FirebaseAuth */,
				16600973297630F600E6A546 /* FirebaseAuthCombine-Community */,
				16600975297630F600E6A546 /* FirebaseDatabase */,
				16600977297630F600E6A546 /* FirebaseDatabaseSwift */,
				16600979297630F600E6A546 /* FirebaseMessaging */,
				1660097B297630F600E6A546 /* FirebaseStorage */,
				1660097D297630F600E6A546 /* FirebaseStorageCombine-Community */,
				166009832976315700E6A546 /* KakaoSDK */,
				16573F012977D60B001176F6 /* FirebaseFirestore */,
				C025163029789952000E0219 /* GoogleSignIn */,
				C025163229789952000E0219 /* GoogleSignInSwift */,
			);
			productName = MSG;
			productReference = 1660095F297630C300E6A546 /* MSG.app */;
			productType = "com.apple.product-type.application";
		};
/* End PBXNativeTarget section */

/* Begin PBXProject section */
		16600957297630C300E6A546 /* Project object */ = {
			isa = PBXProject;
			attributes = {
				BuildIndependentTargetsInParallel = 1;
				LastSwiftUpdateCheck = 1410;
				LastUpgradeCheck = 1410;
				TargetAttributes = {
					1660095E297630C300E6A546 = {
						CreatedOnToolsVersion = 14.1;
					};
				};
			};
			buildConfigurationList = 1660095A297630C300E6A546 /* Build configuration list for PBXProject "MSG" */;
			compatibilityVersion = "Xcode 14.0";
			developmentRegion = en;
			hasScannedForEncodings = 0;
			knownRegions = (
				en,
				Base,
			);
			mainGroup = 16600956297630C300E6A546;
			packageReferences = (
				16600970297630F600E6A546 /* XCRemoteSwiftPackageReference "firebase-ios-sdk" */,
				166009822976315700E6A546 /* XCRemoteSwiftPackageReference "kakao-ios-sdk" */,
				C025162F29789952000E0219 /* XCRemoteSwiftPackageReference "GoogleSignIn-iOS" */,
			);
			productRefGroup = 16600960297630C300E6A546 /* Products */;
			projectDirPath = "";
			projectRoot = "";
			targets = (
				1660095E297630C300E6A546 /* MSG */,
			);
		};
/* End PBXProject section */

/* Begin PBXResourcesBuildPhase section */
		1660095D297630C300E6A546 /* Resources */ = {
			isa = PBXResourcesBuildPhase;
			buildActionMask = 2147483647;
			files = (
				1660096A297630C400E6A546 /* Preview Assets.xcassets in Resources */,
				16573EDB2977AA38001176F6 /* GoogleService-Info.plist in Resources */,
				16600967297630C400E6A546 /* Assets.xcassets in Resources */,
			);
			runOnlyForDeploymentPostprocessing = 0;
		};
/* End PBXResourcesBuildPhase section */

/* Begin PBXSourcesBuildPhase section */
		1660095B297630C300E6A546 /* Sources */ = {
			isa = PBXSourcesBuildPhase;
			buildActionMask = 2147483647;
			files = (
				63EC446F297A8366008A7FDE /* Extension+String.swift in Sources */,
				6342C2C7297648CB00C24D20 /* KakaoAppDelegate.swift in Sources */,
				36FA4918297791A100B26A24 /* ChartCellView.swift in Sources */,
				36C7BB822977B37200A3F999 /* OnBoardView5.swift in Sources */,
				631032492978273300F3A463 /* SystemThemeManager.swift in Sources */,
				6342C2CD297665D600C24D20 /* PrivacyPolicyView.swift in Sources */,
				63BC0F8629767608003F2379 /* MakeProfileView.swift in Sources */,
				16573EFF2977D429001176F6 /* FireStoreViewModel.swift in Sources */,
				6342C2C929764AA500C24D20 /* KakaoSceneDelegate.swift in Sources */,
				6342C2C329763B0D00C24D20 /* LoginView.swift in Sources */,
				161286B7297D227800BC3BDF /* FriendViewModel.swift in Sources */,
				63B99D31297E32640038BAB4 /* SingleGameProgressBar.swift in Sources */,
				16FBE6C62976784D001EC518 /* FriendViewCell.swift in Sources */,
				36FA49132977746600B26A24 /* ChartView.swift in Sources */,
				367D709D2980C6890011E601 /* GameRequestAlertView.swift in Sources */,
				632B7CD129825C8000A3D53C /* CountDownView.swift in Sources */,
				1660099729766FCC00E6A546 /* AlertView.swift in Sources */,
				4C930D5F29763B4300EE046D /* HomeView.swift in Sources */,
				36C7BB802977B37200A3F999 /* OnBoardView3.swift in Sources */,
				4C65CFEC2978D02700BAD069 /* MultiGameProgressBar.swift in Sources */,
				3663DF4029763C51004C1CA6 /* GameSettingViewModel.swift in Sources */,
				36B093F92976694F0089E76A /* GameSettingView.swift in Sources */,
				C0F5FFE4297836D50021FF4F /* LoginVIewModel.swift in Sources */,
				16600965297630C300E6A546 /* ContentView.swift in Sources */,
				36C7BB7E2977B37200A3F999 /* OnBoardView4.swift in Sources */,
				4C407A76297A5B4B00877360 /* NotificationManager.swift in Sources */,
				36C7BB7F2977B37200A3F999 /* OnBoardView1.swift in Sources */,
				6342C2CB29764EDA00C24D20 /* KakaoViewModel.swift in Sources */,
				1660098F2976404400E6A546 /* RealtimeViewModel.swift in Sources */,
				1660098D29763AD800E6A546 /* MSG.swift in Sources */,
				166009932976685200E6A546 /* FriendSettingView.swift in Sources */,
				4C5B81832977750C00866E3F /* RecordDetailView.swift in Sources */,
				1660099529766FC000E6A546 /* FriendView.swift in Sources */,
				36C7BB7D2977B37200A3F999 /* OnBoardView2.swift in Sources */,
				4C407A74297A5B1900877360 /* LocalNotification.swift in Sources */,
				165E321C2977EAF500678A09 /* SettingView.swift in Sources */,
				36B093FC29766FD80089E76A /* SpendingWritingView.swift in Sources */,
				4C930D6329763CF000EE046D /* BeforeChallengeView.swift in Sources */,
				16C6753629822E420028A608 /* Extension+Color.swift in Sources */,
				36C7BB812977B37200A3F999 /* OnBoardTapView.swift in Sources */,
				161398FC2983F863002A6F16 /* SpendingWriteViewModel.swift in Sources */,
				36DB97792976526900A0596F /* ViewModifier.swift in Sources */,
				6310324B2978322900F3A463 /* Extension+NavigationController.swift in Sources */,
				C0F5FFC4297669AA0021FF4F /* ChallengeRecordView.swift in Sources */,
				16600963297630C300E6A546 /* MSGApp.swift in Sources */,
				36FA4915297774C500B26A24 /* ProgressBar.swift in Sources */,
				4C930D6129763CD200EE046D /* AfterChallengeView.swift in Sources */,
				634CE3F7297920D500358E32 /* SegementedControllView.swift in Sources */,
			);
			runOnlyForDeploymentPostprocessing = 0;
		};
/* End PBXSourcesBuildPhase section */

/* Begin XCBuildConfiguration section */
		1660096B297630C400E6A546 /* Debug */ = {
			isa = XCBuildConfiguration;
			baseConfigurationReference = 6342C2C5297645F100C24D20 /* Config.xcconfig */;
			buildSettings = {
				ALWAYS_SEARCH_USER_PATHS = NO;
				CLANG_ANALYZER_NONNULL = YES;
				CLANG_ANALYZER_NUMBER_OBJECT_CONVERSION = YES_AGGRESSIVE;
				CLANG_CXX_LANGUAGE_STANDARD = "gnu++20";
				CLANG_ENABLE_MODULES = YES;
				CLANG_ENABLE_OBJC_ARC = YES;
				CLANG_ENABLE_OBJC_WEAK = YES;
				CLANG_WARN_BLOCK_CAPTURE_AUTORELEASING = YES;
				CLANG_WARN_BOOL_CONVERSION = YES;
				CLANG_WARN_COMMA = YES;
				CLANG_WARN_CONSTANT_CONVERSION = YES;
				CLANG_WARN_DEPRECATED_OBJC_IMPLEMENTATIONS = YES;
				CLANG_WARN_DIRECT_OBJC_ISA_USAGE = YES_ERROR;
				CLANG_WARN_DOCUMENTATION_COMMENTS = YES;
				CLANG_WARN_EMPTY_BODY = YES;
				CLANG_WARN_ENUM_CONVERSION = YES;
				CLANG_WARN_INFINITE_RECURSION = YES;
				CLANG_WARN_INT_CONVERSION = YES;
				CLANG_WARN_NON_LITERAL_NULL_CONVERSION = YES;
				CLANG_WARN_OBJC_IMPLICIT_RETAIN_SELF = YES;
				CLANG_WARN_OBJC_LITERAL_CONVERSION = YES;
				CLANG_WARN_OBJC_ROOT_CLASS = YES_ERROR;
				CLANG_WARN_QUOTED_INCLUDE_IN_FRAMEWORK_HEADER = YES;
				CLANG_WARN_RANGE_LOOP_ANALYSIS = YES;
				CLANG_WARN_STRICT_PROTOTYPES = YES;
				CLANG_WARN_SUSPICIOUS_MOVE = YES;
				CLANG_WARN_UNGUARDED_AVAILABILITY = YES_AGGRESSIVE;
				CLANG_WARN_UNREACHABLE_CODE = YES;
				CLANG_WARN__DUPLICATE_METHOD_MATCH = YES;
				COPY_PHASE_STRIP = NO;
				DEBUG_INFORMATION_FORMAT = dwarf;
				ENABLE_STRICT_OBJC_MSGSEND = YES;
				ENABLE_TESTABILITY = YES;
				GCC_C_LANGUAGE_STANDARD = gnu11;
				GCC_DYNAMIC_NO_PIC = NO;
				GCC_NO_COMMON_BLOCKS = YES;
				GCC_OPTIMIZATION_LEVEL = 0;
				GCC_PREPROCESSOR_DEFINITIONS = (
					"DEBUG=1",
					"$(inherited)",
				);
				GCC_WARN_64_TO_32_BIT_CONVERSION = YES;
				GCC_WARN_ABOUT_RETURN_TYPE = YES_ERROR;
				GCC_WARN_UNDECLARED_SELECTOR = YES;
				GCC_WARN_UNINITIALIZED_AUTOS = YES_AGGRESSIVE;
				GCC_WARN_UNUSED_FUNCTION = YES;
				GCC_WARN_UNUSED_VARIABLE = YES;
				IPHONEOS_DEPLOYMENT_TARGET = 16.1;
				MTL_ENABLE_DEBUG_INFO = INCLUDE_SOURCE;
				MTL_FAST_MATH = YES;
				ONLY_ACTIVE_ARCH = YES;
				SDKROOT = iphoneos;
				SWIFT_ACTIVE_COMPILATION_CONDITIONS = DEBUG;
				SWIFT_OPTIMIZATION_LEVEL = "-Onone";
			};
			name = Debug;
		};
		1660096C297630C400E6A546 /* Release */ = {
			isa = XCBuildConfiguration;
			baseConfigurationReference = 6342C2C5297645F100C24D20 /* Config.xcconfig */;
			buildSettings = {
				ALWAYS_SEARCH_USER_PATHS = NO;
				CLANG_ANALYZER_NONNULL = YES;
				CLANG_ANALYZER_NUMBER_OBJECT_CONVERSION = YES_AGGRESSIVE;
				CLANG_CXX_LANGUAGE_STANDARD = "gnu++20";
				CLANG_ENABLE_MODULES = YES;
				CLANG_ENABLE_OBJC_ARC = YES;
				CLANG_ENABLE_OBJC_WEAK = YES;
				CLANG_WARN_BLOCK_CAPTURE_AUTORELEASING = YES;
				CLANG_WARN_BOOL_CONVERSION = YES;
				CLANG_WARN_COMMA = YES;
				CLANG_WARN_CONSTANT_CONVERSION = YES;
				CLANG_WARN_DEPRECATED_OBJC_IMPLEMENTATIONS = YES;
				CLANG_WARN_DIRECT_OBJC_ISA_USAGE = YES_ERROR;
				CLANG_WARN_DOCUMENTATION_COMMENTS = YES;
				CLANG_WARN_EMPTY_BODY = YES;
				CLANG_WARN_ENUM_CONVERSION = YES;
				CLANG_WARN_INFINITE_RECURSION = YES;
				CLANG_WARN_INT_CONVERSION = YES;
				CLANG_WARN_NON_LITERAL_NULL_CONVERSION = YES;
				CLANG_WARN_OBJC_IMPLICIT_RETAIN_SELF = YES;
				CLANG_WARN_OBJC_LITERAL_CONVERSION = YES;
				CLANG_WARN_OBJC_ROOT_CLASS = YES_ERROR;
				CLANG_WARN_QUOTED_INCLUDE_IN_FRAMEWORK_HEADER = YES;
				CLANG_WARN_RANGE_LOOP_ANALYSIS = YES;
				CLANG_WARN_STRICT_PROTOTYPES = YES;
				CLANG_WARN_SUSPICIOUS_MOVE = YES;
				CLANG_WARN_UNGUARDED_AVAILABILITY = YES_AGGRESSIVE;
				CLANG_WARN_UNREACHABLE_CODE = YES;
				CLANG_WARN__DUPLICATE_METHOD_MATCH = YES;
				COPY_PHASE_STRIP = NO;
				DEBUG_INFORMATION_FORMAT = "dwarf-with-dsym";
				ENABLE_NS_ASSERTIONS = NO;
				ENABLE_STRICT_OBJC_MSGSEND = YES;
				GCC_C_LANGUAGE_STANDARD = gnu11;
				GCC_NO_COMMON_BLOCKS = YES;
				GCC_WARN_64_TO_32_BIT_CONVERSION = YES;
				GCC_WARN_ABOUT_RETURN_TYPE = YES_ERROR;
				GCC_WARN_UNDECLARED_SELECTOR = YES;
				GCC_WARN_UNINITIALIZED_AUTOS = YES_AGGRESSIVE;
				GCC_WARN_UNUSED_FUNCTION = YES;
				GCC_WARN_UNUSED_VARIABLE = YES;
				IPHONEOS_DEPLOYMENT_TARGET = 16.1;
				MTL_ENABLE_DEBUG_INFO = NO;
				MTL_FAST_MATH = YES;
				SDKROOT = iphoneos;
				SWIFT_COMPILATION_MODE = wholemodule;
				SWIFT_OPTIMIZATION_LEVEL = "-O";
				VALIDATE_PRODUCT = YES;
			};
			name = Release;
		};
		1660096E297630C400E6A546 /* Debug */ = {
			isa = XCBuildConfiguration;
			baseConfigurationReference = 6342C2C5297645F100C24D20 /* Config.xcconfig */;
			buildSettings = {
				ASSETCATALOG_COMPILER_APPICON_NAME = AppIcon;
				ASSETCATALOG_COMPILER_GLOBAL_ACCENT_COLOR_NAME = AccentColor;
				CODE_SIGN_ENTITLEMENTS = MSG/MSG.entitlements;
				CODE_SIGN_STYLE = Automatic;
				CURRENT_PROJECT_VERSION = 1;
				DEVELOPMENT_ASSET_PATHS = "\"MSG/Preview Content\"";
				DEVELOPMENT_TEAM = JY747KU2DH;
				ENABLE_PREVIEWS = YES;
				GENERATE_INFOPLIST_FILE = YES;
				INFOPLIST_FILE = MSG/Info.plist;
				INFOPLIST_KEY_UIApplicationSceneManifest_Generation = YES;
				INFOPLIST_KEY_UIApplicationSupportsIndirectInputEvents = YES;
				INFOPLIST_KEY_UILaunchScreen_Generation = YES;
				INFOPLIST_KEY_UISupportedInterfaceOrientations = "UIInterfaceOrientationLandscapeLeft UIInterfaceOrientationLandscapeRight UIInterfaceOrientationPortrait";
				INFOPLIST_KEY_UISupportedInterfaceOrientations_iPad = "UIInterfaceOrientationLandscapeLeft UIInterfaceOrientationLandscapeRight UIInterfaceOrientationPortrait UIInterfaceOrientationPortraitUpsideDown";
				LD_RUNPATH_SEARCH_PATHS = (
					"$(inherited)",
					"@executable_path/Frameworks",
				);
				MARKETING_VERSION = 1.0;
				PRODUCT_BUNDLE_IDENTIFIER = com.likelion.msg.MSG;
				PRODUCT_NAME = "$(TARGET_NAME)";
				SWIFT_EMIT_LOC_STRINGS = YES;
				SWIFT_VERSION = 5.0;
				TARGETED_DEVICE_FAMILY = "1,2";
			};
			name = Debug;
		};
		1660096F297630C400E6A546 /* Release */ = {
			isa = XCBuildConfiguration;
			baseConfigurationReference = 6342C2C5297645F100C24D20 /* Config.xcconfig */;
			buildSettings = {
				ASSETCATALOG_COMPILER_APPICON_NAME = AppIcon;
				ASSETCATALOG_COMPILER_GLOBAL_ACCENT_COLOR_NAME = AccentColor;
				CODE_SIGN_ENTITLEMENTS = MSG/MSG.entitlements;
				CODE_SIGN_IDENTITY = "Apple Development";
				CODE_SIGN_STYLE = Automatic;
				CURRENT_PROJECT_VERSION = 1;
				DEVELOPMENT_ASSET_PATHS = "\"MSG/Preview Content\"";
				DEVELOPMENT_TEAM = JY747KU2DH;
				ENABLE_PREVIEWS = YES;
				GENERATE_INFOPLIST_FILE = YES;
				INFOPLIST_FILE = MSG/Info.plist;
				INFOPLIST_KEY_UIApplicationSceneManifest_Generation = YES;
				INFOPLIST_KEY_UIApplicationSupportsIndirectInputEvents = YES;
				INFOPLIST_KEY_UILaunchScreen_Generation = YES;
				INFOPLIST_KEY_UISupportedInterfaceOrientations = "UIInterfaceOrientationLandscapeLeft UIInterfaceOrientationLandscapeRight UIInterfaceOrientationPortrait";
				INFOPLIST_KEY_UISupportedInterfaceOrientations_iPad = "UIInterfaceOrientationLandscapeLeft UIInterfaceOrientationLandscapeRight UIInterfaceOrientationPortrait UIInterfaceOrientationPortraitUpsideDown";
				LD_RUNPATH_SEARCH_PATHS = (
					"$(inherited)",
					"@executable_path/Frameworks",
				);
				MARKETING_VERSION = 1.0;
				PRODUCT_BUNDLE_IDENTIFIER = com.likelion.MSG;
				PRODUCT_NAME = "$(TARGET_NAME)";
				PROVISIONING_PROFILE_SPECIFIER = "";
				SWIFT_EMIT_LOC_STRINGS = YES;
				SWIFT_VERSION = 5.0;
				TARGETED_DEVICE_FAMILY = "1,2";
			};
			name = Release;
		};
/* End XCBuildConfiguration section */

/* Begin XCConfigurationList section */
		1660095A297630C300E6A546 /* Build configuration list for PBXProject "MSG" */ = {
			isa = XCConfigurationList;
			buildConfigurations = (
				1660096B297630C400E6A546 /* Debug */,
				1660096C297630C400E6A546 /* Release */,
			);
			defaultConfigurationIsVisible = 0;
			defaultConfigurationName = Release;
		};
		1660096D297630C400E6A546 /* Build configuration list for PBXNativeTarget "MSG" */ = {
			isa = XCConfigurationList;
			buildConfigurations = (
				1660096E297630C400E6A546 /* Debug */,
				1660096F297630C400E6A546 /* Release */,
			);
			defaultConfigurationIsVisible = 0;
			defaultConfigurationName = Release;
		};
/* End XCConfigurationList section */

/* Begin XCRemoteSwiftPackageReference section */
		16600970297630F600E6A546 /* XCRemoteSwiftPackageReference "firebase-ios-sdk" */ = {
			isa = XCRemoteSwiftPackageReference;
			repositoryURL = "https://github.com/firebase/firebase-ios-sdk";
			requirement = {
				kind = upToNextMajorVersion;
				minimumVersion = 9.0.0;
			};
		};
		166009822976315700E6A546 /* XCRemoteSwiftPackageReference "kakao-ios-sdk" */ = {
			isa = XCRemoteSwiftPackageReference;
			repositoryURL = "https://github.com/kakao/kakao-ios-sdk";
			requirement = {
				branch = master;
				kind = branch;
			};
		};
		C025162F29789952000E0219 /* XCRemoteSwiftPackageReference "GoogleSignIn-iOS" */ = {
			isa = XCRemoteSwiftPackageReference;
			repositoryURL = "https://github.com/google/GoogleSignIn-iOS/";
			requirement = {
				kind = exactVersion;
				version = 6.2.4;
			};
		};
/* End XCRemoteSwiftPackageReference section */

/* Begin XCSwiftPackageProductDependency section */
		16573F012977D60B001176F6 /* FirebaseFirestore */ = {
			isa = XCSwiftPackageProductDependency;
			package = 16600970297630F600E6A546 /* XCRemoteSwiftPackageReference "firebase-ios-sdk" */;
			productName = FirebaseFirestore;
		};
		16600971297630F600E6A546 /* FirebaseAuth */ = {
			isa = XCSwiftPackageProductDependency;
			package = 16600970297630F600E6A546 /* XCRemoteSwiftPackageReference "firebase-ios-sdk" */;
			productName = FirebaseAuth;
		};
		16600973297630F600E6A546 /* FirebaseAuthCombine-Community */ = {
			isa = XCSwiftPackageProductDependency;
			package = 16600970297630F600E6A546 /* XCRemoteSwiftPackageReference "firebase-ios-sdk" */;
			productName = "FirebaseAuthCombine-Community";
		};
		16600975297630F600E6A546 /* FirebaseDatabase */ = {
			isa = XCSwiftPackageProductDependency;
			package = 16600970297630F600E6A546 /* XCRemoteSwiftPackageReference "firebase-ios-sdk" */;
			productName = FirebaseDatabase;
		};
		16600977297630F600E6A546 /* FirebaseDatabaseSwift */ = {
			isa = XCSwiftPackageProductDependency;
			package = 16600970297630F600E6A546 /* XCRemoteSwiftPackageReference "firebase-ios-sdk" */;
			productName = FirebaseDatabaseSwift;
		};
		16600979297630F600E6A546 /* FirebaseMessaging */ = {
			isa = XCSwiftPackageProductDependency;
			package = 16600970297630F600E6A546 /* XCRemoteSwiftPackageReference "firebase-ios-sdk" */;
			productName = FirebaseMessaging;
		};
		1660097B297630F600E6A546 /* FirebaseStorage */ = {
			isa = XCSwiftPackageProductDependency;
			package = 16600970297630F600E6A546 /* XCRemoteSwiftPackageReference "firebase-ios-sdk" */;
			productName = FirebaseStorage;
		};
		1660097D297630F600E6A546 /* FirebaseStorageCombine-Community */ = {
			isa = XCSwiftPackageProductDependency;
			package = 16600970297630F600E6A546 /* XCRemoteSwiftPackageReference "firebase-ios-sdk" */;
			productName = "FirebaseStorageCombine-Community";
		};
		166009832976315700E6A546 /* KakaoSDK */ = {
			isa = XCSwiftPackageProductDependency;
			package = 166009822976315700E6A546 /* XCRemoteSwiftPackageReference "kakao-ios-sdk" */;
			productName = KakaoSDK;
		};
		C025163029789952000E0219 /* GoogleSignIn */ = {
			isa = XCSwiftPackageProductDependency;
			package = C025162F29789952000E0219 /* XCRemoteSwiftPackageReference "GoogleSignIn-iOS" */;
			productName = GoogleSignIn;
		};
		C025163229789952000E0219 /* GoogleSignInSwift */ = {
			isa = XCSwiftPackageProductDependency;
			package = C025162F29789952000E0219 /* XCRemoteSwiftPackageReference "GoogleSignIn-iOS" */;
			productName = GoogleSignInSwift;
		};
/* End XCSwiftPackageProductDependency section */
	};
	rootObject = 16600957297630C300E6A546 /* Project object */;
}
