// !$*UTF8*$!
{
	archiveVersion = 1;
	classes = {
	};
	objectVersion = 56;
	objects = {

/* Begin PBXBuildFile section */
		16111135299C92B90002AD92 /* GameRequestViewModel.swift in Sources */ = {isa = PBXBuildFile; fileRef = 16111134299C92B90002AD92 /* GameRequestViewModel.swift */; };
		16111137299C92F50002AD92 /* GameRequestUseCase.swift in Sources */ = {isa = PBXBuildFile; fileRef = 16111136299C92F50002AD92 /* GameRequestUseCase.swift */; };
		16111139299C956C0002AD92 /* GameRequestRepository.swift in Sources */ = {isa = PBXBuildFile; fileRef = 16111138299C956C0002AD92 /* GameRequestRepository.swift */; };
		1611113B299C95900002AD92 /* GameRequestRepositoryImpl.swift in Sources */ = {isa = PBXBuildFile; fileRef = 1611113A299C95900002AD92 /* GameRequestRepositoryImpl.swift */; };
		1611113D299C95B90002AD92 /* GameRequestDataSource.swift in Sources */ = {isa = PBXBuildFile; fileRef = 1611113C299C95B90002AD92 /* GameRequestDataSource.swift */; };
		161398FC2983F863002A6F16 /* SpendingWriteViewModel.swift in Sources */ = {isa = PBXBuildFile; fileRef = 161398FB2983F863002A6F16 /* SpendingWriteViewModel.swift */; };
		161716B52993857F00CC4901 /* WaitingCountView.swift in Sources */ = {isa = PBXBuildFile; fileRef = 161716B42993857F00CC4901 /* WaitingCountView.swift */; };
		163CB2CC299A27E4008506FD /* RealtimeService.swift in Sources */ = {isa = PBXBuildFile; fileRef = 163CB2CB299A27E4008506FD /* RealtimeService.swift */; };
		1642F3FC298E893D0085FF00 /* MultiProgressBar.swift in Sources */ = {isa = PBXBuildFile; fileRef = 1642F3FB298E893D0085FF00 /* MultiProgressBar.swift */; };
		16526E87298BA74000ED023A /* GameRequestAlertViewCell.swift in Sources */ = {isa = PBXBuildFile; fileRef = 16526E86298BA74000ED023A /* GameRequestAlertViewCell.swift */; };
		165541EA298CC47900500895 /* ProgressBar2.swift in Sources */ = {isa = PBXBuildFile; fileRef = 165541E9298CC47900500895 /* ProgressBar2.swift */; };
		16573EDB2977AA38001176F6 /* GoogleService-Info.plist in Resources */ = {isa = PBXBuildFile; fileRef = 16573EDA2977AA38001176F6 /* GoogleService-Info.plist */; };
		16573EFF2977D429001176F6 /* FireStoreViewModel.swift in Sources */ = {isa = PBXBuildFile; fileRef = 16573EFE2977D429001176F6 /* FireStoreViewModel.swift */; };
		16573F022977D60B001176F6 /* FirebaseFirestore in Frameworks */ = {isa = PBXBuildFile; productRef = 16573F012977D60B001176F6 /* FirebaseFirestore */; };
		165B151C29A2873500F44274 /* ExpenditureDataSource.swift in Sources */ = {isa = PBXBuildFile; fileRef = 165B151B29A2873500F44274 /* ExpenditureDataSource.swift */; };
		165B151E29A28EE800F44274 /* ExpenditureRepository.swift in Sources */ = {isa = PBXBuildFile; fileRef = 165B151D29A28EE800F44274 /* ExpenditureRepository.swift */; };
		165B152029A28F0200F44274 /* ExpenditureRepositoryImpl.swift in Sources */ = {isa = PBXBuildFile; fileRef = 165B151F29A28F0200F44274 /* ExpenditureRepositoryImpl.swift */; };
		165B152229A28F5A00F44274 /* ExpenditureUseCase.swift in Sources */ = {isa = PBXBuildFile; fileRef = 165B152129A28F5A00F44274 /* ExpenditureUseCase.swift */; };
		165B152929A2991600F44274 /* ProgressViewModel.swift in Sources */ = {isa = PBXBuildFile; fileRef = 165B152829A2991600F44274 /* ProgressViewModel.swift */; };
		165E321C2977EAF500678A09 /* SettingView.swift in Sources */ = {isa = PBXBuildFile; fileRef = 165E321B2977EAF500678A09 /* SettingView.swift */; };
		16600963297630C300E6A546 /* MSGApp.swift in Sources */ = {isa = PBXBuildFile; fileRef = 16600962297630C300E6A546 /* MSGApp.swift */; };
		16600965297630C300E6A546 /* ContentView.swift in Sources */ = {isa = PBXBuildFile; fileRef = 16600964297630C300E6A546 /* ContentView.swift */; };
		16600967297630C400E6A546 /* Assets.xcassets in Resources */ = {isa = PBXBuildFile; fileRef = 16600966297630C400E6A546 /* Assets.xcassets */; };
		1660096A297630C400E6A546 /* Preview Assets.xcassets in Resources */ = {isa = PBXBuildFile; fileRef = 16600969297630C400E6A546 /* Preview Assets.xcassets */; };
		16600972297630F600E6A546 /* FirebaseAuth in Frameworks */ = {isa = PBXBuildFile; productRef = 16600971297630F600E6A546 /* FirebaseAuth */; };
		16600974297630F600E6A546 /* FirebaseAuthCombine-Community in Frameworks */ = {isa = PBXBuildFile; productRef = 16600973297630F600E6A546 /* FirebaseAuthCombine-Community */; };
		16600976297630F600E6A546 /* FirebaseDatabase in Frameworks */ = {isa = PBXBuildFile; productRef = 16600975297630F600E6A546 /* FirebaseDatabase */; };
		16600978297630F600E6A546 /* FirebaseDatabaseSwift in Frameworks */ = {isa = PBXBuildFile; productRef = 16600977297630F600E6A546 /* FirebaseDatabaseSwift */; };
		1660097A297630F600E6A546 /* FirebaseMessaging in Frameworks */ = {isa = PBXBuildFile; productRef = 16600979297630F600E6A546 /* FirebaseMessaging */; };
		1660097C297630F600E6A546 /* FirebaseStorage in Frameworks */ = {isa = PBXBuildFile; productRef = 1660097B297630F600E6A546 /* FirebaseStorage */; };
		1660097E297630F600E6A546 /* FirebaseStorageCombine-Community in Frameworks */ = {isa = PBXBuildFile; productRef = 1660097D297630F600E6A546 /* FirebaseStorageCombine-Community */; };
		166009842976315700E6A546 /* KakaoSDK in Frameworks */ = {isa = PBXBuildFile; productRef = 166009832976315700E6A546 /* KakaoSDK */; };
		1660098D29763AD800E6A546 /* MSG.swift in Sources */ = {isa = PBXBuildFile; fileRef = 1660098C29763AD800E6A546 /* MSG.swift */; };
		1660098F2976404400E6A546 /* RealtimeViewModel.swift in Sources */ = {isa = PBXBuildFile; fileRef = 1660098E2976404400E6A546 /* RealtimeViewModel.swift */; };
		166009932976685200E6A546 /* FriendSettingView.swift in Sources */ = {isa = PBXBuildFile; fileRef = 166009922976685200E6A546 /* FriendSettingView.swift */; };
		1660099529766FC000E6A546 /* FriendView.swift in Sources */ = {isa = PBXBuildFile; fileRef = 1660099429766FC000E6A546 /* FriendView.swift */; };
		1660099729766FCC00E6A546 /* AlertView.swift in Sources */ = {isa = PBXBuildFile; fileRef = 1660099629766FCC00E6A546 /* AlertView.swift */; };
		168AE7A629875EA400D68C1C /* WaitingView.swift in Sources */ = {isa = PBXBuildFile; fileRef = 168AE7A529875EA400D68C1C /* WaitingView.swift */; };
		168AE7A829875EB600D68C1C /* WaitingViewModel.swift in Sources */ = {isa = PBXBuildFile; fileRef = 168AE7A729875EB600D68C1C /* WaitingViewModel.swift */; };
		168CDEF1298CD12200FAA3F4 /* LottieView.swift in Sources */ = {isa = PBXBuildFile; fileRef = 168CDEF0298CD12200FAA3F4 /* LottieView.swift */; };
		168CDEF4298CD15D00FAA3F4 /* Lottie in Frameworks */ = {isa = PBXBuildFile; productRef = 168CDEF3298CD15D00FAA3F4 /* Lottie */; };
		168CDEF6298CD1C200FAA3F4 /* ambulance.json in Resources */ = {isa = PBXBuildFile; fileRef = 168CDEF5298CD1C200FAA3F4 /* ambulance.json */; };
		168CDEF9298CD53900FAA3F4 /* flyingMoney.json in Resources */ = {isa = PBXBuildFile; fileRef = 168CDEF7298CD53900FAA3F4 /* flyingMoney.json */; };
		168CDEFA298CD53900FAA3F4 /* run.json in Resources */ = {isa = PBXBuildFile; fileRef = 168CDEF8298CD53900FAA3F4 /* run.json */; };
		1691C0A52991E830009D75EF /* DeleteUserView.swift in Sources */ = {isa = PBXBuildFile; fileRef = 1691C0A42991E830009D75EF /* DeleteUserView.swift */; };
		16941F9D299A6EEF003C06C6 /* AddFriendUseCase.swift in Sources */ = {isa = PBXBuildFile; fileRef = 16941F9C299A6EEF003C06C6 /* AddFriendUseCase.swift */; };
		16941F9F299A6FED003C06C6 /* AddFriendRepository.swift in Sources */ = {isa = PBXBuildFile; fileRef = 16941F9E299A6FED003C06C6 /* AddFriendRepository.swift */; };
		16941FA1299A700B003C06C6 /* AddFriendRepositoryImpl.swift in Sources */ = {isa = PBXBuildFile; fileRef = 16941FA0299A700B003C06C6 /* AddFriendRepositoryImpl.swift */; };
		16941FA3299A70BC003C06C6 /* AddFriendDataSource.swift in Sources */ = {isa = PBXBuildFile; fileRef = 16941FA2299A70BC003C06C6 /* AddFriendDataSource.swift */; };
		16941FA8299A7B31003C06C6 /* CheckAddFriendViewModel.swift in Sources */ = {isa = PBXBuildFile; fileRef = 16941FA7299A7B31003C06C6 /* CheckAddFriendViewModel.swift */; };
		16AE425C29A2355800317072 /* WaitingUseCase.swift in Sources */ = {isa = PBXBuildFile; fileRef = 16AE425B29A2355800317072 /* WaitingUseCase.swift */; };
		16AE425E29A235E200317072 /* WaitingRepository.swift in Sources */ = {isa = PBXBuildFile; fileRef = 16AE425D29A235E200317072 /* WaitingRepository.swift */; };
		16AE426029A2362700317072 /* WaitingRepositoryImpl.swift in Sources */ = {isa = PBXBuildFile; fileRef = 16AE425F29A2362700317072 /* WaitingRepositoryImpl.swift */; };
		16AE426229A2363600317072 /* WaitingDataSource.swift in Sources */ = {isa = PBXBuildFile; fileRef = 16AE426129A2363600317072 /* WaitingDataSource.swift */; };
		16C6753629822E420028A608 /* Extension+Color.swift in Sources */ = {isa = PBXBuildFile; fileRef = 16C6753529822E420028A608 /* Extension+Color.swift */; };
		16DB66D22988A98C009BF8B7 /* Maplestory OTF Light.otf in Resources */ = {isa = PBXBuildFile; fileRef = 16DB66D02988A98C009BF8B7 /* Maplestory OTF Light.otf */; };
		16DB66D32988A98C009BF8B7 /* Maplestory OTF Bold.otf in Resources */ = {isa = PBXBuildFile; fileRef = 16DB66D12988A98C009BF8B7 /* Maplestory OTF Bold.otf */; };
		16DB66D52989282B009BF8B7 /* ListBackgroundModifier.swift in Sources */ = {isa = PBXBuildFile; fileRef = 16DB66D42989282B009BF8B7 /* ListBackgroundModifier.swift */; };
		16FBE6C62976784D001EC518 /* FriendViewCell.swift in Sources */ = {isa = PBXBuildFile; fileRef = 16FBE6C52976784D001EC518 /* FriendViewCell.swift */; };
		3602CBC22999FD88007D1034 /* FriendUseCase.swift in Sources */ = {isa = PBXBuildFile; fileRef = 3602CBC12999FD88007D1034 /* FriendUseCase.swift */; };
		3602CBC52999FF16007D1034 /* FriendRepositoryImpl.swift in Sources */ = {isa = PBXBuildFile; fileRef = 3602CBC42999FF16007D1034 /* FriendRepositoryImpl.swift */; };
		3602CBC82999FF49007D1034 /* FriendRepository.swift in Sources */ = {isa = PBXBuildFile; fileRef = 3602CBC72999FF49007D1034 /* FriendRepository.swift */; };
		3602CBCB2999FF99007D1034 /* FriendDataSource.swift in Sources */ = {isa = PBXBuildFile; fileRef = 3602CBCA2999FF99007D1034 /* FriendDataSource.swift */; };
		3602CBCD2999FFC3007D1034 /* FirebaseService.swift in Sources */ = {isa = PBXBuildFile; fileRef = 3602CBCC2999FFC3007D1034 /* FirebaseService.swift */; };
		3602CBCF299A0099007D1034 /* FriendViewModel.swift in Sources */ = {isa = PBXBuildFile; fileRef = 3602CBCE299A0099007D1034 /* FriendViewModel.swift */; };
		360A1471298360A70058BB9B /* Utils.swift in Sources */ = {isa = PBXBuildFile; fileRef = 360A1470298360A70058BB9B /* Utils.swift */; };
		362DB5EB299A057C00510314 /* ChallengeUseCase.swift in Sources */ = {isa = PBXBuildFile; fileRef = 362DB5EA299A057C00510314 /* ChallengeUseCase.swift */; };
		362DB5ED299A05CA00510314 /* ChallengeRepository.swift in Sources */ = {isa = PBXBuildFile; fileRef = 362DB5EC299A05CA00510314 /* ChallengeRepository.swift */; };
		362DB5EF299A064800510314 /* ChallengeDataSource.swift in Sources */ = {isa = PBXBuildFile; fileRef = 362DB5EE299A064800510314 /* ChallengeDataSource.swift */; };
		362DB5F1299A066A00510314 /* ChallengeRepositoryImpl.swift in Sources */ = {isa = PBXBuildFile; fileRef = 362DB5F0299A066A00510314 /* ChallengeRepositoryImpl.swift */; };
		36338AF9298B595A009ABB77 /* DivideFriendView.swift in Sources */ = {isa = PBXBuildFile; fileRef = 36338AF8298B595A009ABB77 /* DivideFriendView.swift */; };
		36338AFB298B5A5D009ABB77 /* DivideFriendViewModel.swift in Sources */ = {isa = PBXBuildFile; fileRef = 36338AFA298B5A5D009ABB77 /* DivideFriendViewModel.swift */; };
		36338AFD298B5B22009ABB77 /* DivideFriendCell.swift in Sources */ = {isa = PBXBuildFile; fileRef = 36338AFC298B5B22009ABB77 /* DivideFriendCell.swift */; };
		36352762298299F80037BD1B /* CustomAlertView.swift in Sources */ = {isa = PBXBuildFile; fileRef = 36352761298299F80037BD1B /* CustomAlertView.swift */; };
		3635276429829C6E0037BD1B /* CustomAlertButton.swift in Sources */ = {isa = PBXBuildFile; fileRef = 3635276329829C6E0037BD1B /* CustomAlertButton.swift */; };
		3663DF4029763C51004C1CA6 /* GameSettingViewModel.swift in Sources */ = {isa = PBXBuildFile; fileRef = 3663DF3F29763C51004C1CA6 /* GameSettingViewModel.swift */; };
		367D709D2980C6890011E601 /* GameRequestAlertView.swift in Sources */ = {isa = PBXBuildFile; fileRef = 367D709C2980C6890011E601 /* GameRequestAlertView.swift */; };
		368FC46C299B736A00C68275 /* DateSheetView.swift in Sources */ = {isa = PBXBuildFile; fileRef = 368FC46B299B736A00C68275 /* DateSheetView.swift */; };
		368FC46E299B737900C68275 /* ChallengeFriendCellView.swift in Sources */ = {isa = PBXBuildFile; fileRef = 368FC46D299B737900C68275 /* ChallengeFriendCellView.swift */; };
		3699A3C8298762FE00C650FD /* SoloGameSettingView.swift in Sources */ = {isa = PBXBuildFile; fileRef = 3699A3C7298762FE00C650FD /* SoloGameSettingView.swift */; };
		36B093F92976694F0089E76A /* GameSettingView.swift in Sources */ = {isa = PBXBuildFile; fileRef = 36B093F82976694F0089E76A /* GameSettingView.swift */; };
		36B093FC29766FD80089E76A /* SpendingWritingView.swift in Sources */ = {isa = PBXBuildFile; fileRef = 36B093FA29766FB30089E76A /* SpendingWritingView.swift */; };
		36C7BB7D2977B37200A3F999 /* OnBoardView2.swift in Sources */ = {isa = PBXBuildFile; fileRef = 36C7BB772977B37200A3F999 /* OnBoardView2.swift */; };
		36C7BB7E2977B37200A3F999 /* OnBoardView4.swift in Sources */ = {isa = PBXBuildFile; fileRef = 36C7BB782977B37200A3F999 /* OnBoardView4.swift */; };
		36C7BB7F2977B37200A3F999 /* OnBoardView1.swift in Sources */ = {isa = PBXBuildFile; fileRef = 36C7BB792977B37200A3F999 /* OnBoardView1.swift */; };
		36C7BB802977B37200A3F999 /* OnBoardView3.swift in Sources */ = {isa = PBXBuildFile; fileRef = 36C7BB7A2977B37200A3F999 /* OnBoardView3.swift */; };
		36C7BB812977B37200A3F999 /* OnBoardTapView.swift in Sources */ = {isa = PBXBuildFile; fileRef = 36C7BB7B2977B37200A3F999 /* OnBoardTapView.swift */; };
		36C7BB822977B37200A3F999 /* OnBoardView5.swift in Sources */ = {isa = PBXBuildFile; fileRef = 36C7BB7C2977B37200A3F999 /* OnBoardView5.swift */; };
		36DB97792976526900A0596F /* ViewModifier.swift in Sources */ = {isa = PBXBuildFile; fileRef = 36DB97782976526900A0596F /* ViewModifier.swift */; };
		36FA49132977746600B26A24 /* ChartView.swift in Sources */ = {isa = PBXBuildFile; fileRef = 36FA49122977746600B26A24 /* ChartView.swift */; };
		36FA4915297774C500B26A24 /* ProgressBar.swift in Sources */ = {isa = PBXBuildFile; fileRef = 36FA4914297774C500B26A24 /* ProgressBar.swift */; };
		36FA4918297791A100B26A24 /* ChartCellView.swift in Sources */ = {isa = PBXBuildFile; fileRef = 36FA4917297791A100B26A24 /* ChartCellView.swift */; };
		4C407A74297A5B1900877360 /* LocalNotification.swift in Sources */ = {isa = PBXBuildFile; fileRef = 4C407A73297A5B1900877360 /* LocalNotification.swift */; };
		4C407A76297A5B4B00877360 /* NotificationManager.swift in Sources */ = {isa = PBXBuildFile; fileRef = 4C407A75297A5B4B00877360 /* NotificationManager.swift */; };
		4C5B81832977750C00866E3F /* RecordDetailView.swift in Sources */ = {isa = PBXBuildFile; fileRef = 4C5B81822977750C00866E3F /* RecordDetailView.swift */; };
		4C8CA574299C91EC004A1F9C /* ChallengeViewModel.swift in Sources */ = {isa = PBXBuildFile; fileRef = 4C8CA573299C91EC004A1F9C /* ChallengeViewModel.swift */; };
		4C8CA578299C9914004A1F9C /* ChallengeViewUseCase.swift in Sources */ = {isa = PBXBuildFile; fileRef = 4C8CA577299C9914004A1F9C /* ChallengeViewUseCase.swift */; };
		4C8CA57A299C99CF004A1F9C /* ChallengeViewRepository.swift in Sources */ = {isa = PBXBuildFile; fileRef = 4C8CA579299C99CF004A1F9C /* ChallengeViewRepository.swift */; };
		4C8CA57C299C9BCE004A1F9C /* ChallengeViewDataSource.swift in Sources */ = {isa = PBXBuildFile; fileRef = 4C8CA57B299C9BCE004A1F9C /* ChallengeViewDataSource.swift */; };
		4C8CA57E299C9F7D004A1F9C /* ChallengeViewRepositoryImpl.swift in Sources */ = {isa = PBXBuildFile; fileRef = 4C8CA57D299C9F7D004A1F9C /* ChallengeViewRepositoryImpl.swift */; };
		4C8CA580299CCCA9004A1F9C /* AppDI.swift in Sources */ = {isa = PBXBuildFile; fileRef = 4C8CA57F299CCCA9004A1F9C /* AppDI.swift */; };
		4C930D5F29763B4300EE046D /* HomeView.swift in Sources */ = {isa = PBXBuildFile; fileRef = 4C930D5E29763B4300EE046D /* HomeView.swift */; };
		4C930D6129763CD200EE046D /* AfterChallengeView.swift in Sources */ = {isa = PBXBuildFile; fileRef = 4C930D6029763CD200EE046D /* AfterChallengeView.swift */; };
		4C930D6329763CF000EE046D /* BeforeChallengeView.swift in Sources */ = {isa = PBXBuildFile; fileRef = 4C930D6229763CF000EE046D /* BeforeChallengeView.swift */; };
		631032492978273300F3A463 /* SystemThemeManager.swift in Sources */ = {isa = PBXBuildFile; fileRef = 631032482978273300F3A463 /* SystemThemeManager.swift */; };
		6310324B2978322900F3A463 /* Extension+NavigationController.swift in Sources */ = {isa = PBXBuildFile; fileRef = 6310324A2978322900F3A463 /* Extension+NavigationController.swift */; };
		63200F7D29A73927003D705A /* Crop.swift in Sources */ = {isa = PBXBuildFile; fileRef = 63200F7C29A73927003D705A /* Crop.swift */; };
		63200F8129A743D3003D705A /* CustomImagePicker.swift in Sources */ = {isa = PBXBuildFile; fileRef = 63200F8029A743D3003D705A /* CustomImagePicker.swift */; };
		63200F8329A75109003D705A /* CropView.swift in Sources */ = {isa = PBXBuildFile; fileRef = 63200F8229A75109003D705A /* CropView.swift */; };
		63200F8729A754F8003D705A /* GoogleService-Info.plist in Resources */ = {isa = PBXBuildFile; fileRef = 63200F8629A754F8003D705A /* GoogleService-Info.plist */; };
		632B7CD129825C8000A3D53C /* CountDownView.swift in Sources */ = {isa = PBXBuildFile; fileRef = 632B7CD029825C8000A3D53C /* CountDownView.swift */; };
		6342C2C329763B0D00C24D20 /* LoginView.swift in Sources */ = {isa = PBXBuildFile; fileRef = 6342C2C229763B0D00C24D20 /* LoginView.swift */; };
		6342C2C7297648CB00C24D20 /* KakaoAppDelegate.swift in Sources */ = {isa = PBXBuildFile; fileRef = 6342C2C6297648CB00C24D20 /* KakaoAppDelegate.swift */; };
		6342C2C929764AA500C24D20 /* KakaoSceneDelegate.swift in Sources */ = {isa = PBXBuildFile; fileRef = 6342C2C829764AA500C24D20 /* KakaoSceneDelegate.swift */; };
		6342C2CB29764EDA00C24D20 /* KakaoViewModel.swift in Sources */ = {isa = PBXBuildFile; fileRef = 6342C2CA29764EDA00C24D20 /* KakaoViewModel.swift */; };
		6342C2CD297665D600C24D20 /* PrivacyPolicyView.swift in Sources */ = {isa = PBXBuildFile; fileRef = 6342C2CC297665D600C24D20 /* PrivacyPolicyView.swift */; };
		634CE3F7297920D500358E32 /* SegementedControllView.swift in Sources */ = {isa = PBXBuildFile; fileRef = 634CE3F6297920D500358E32 /* SegementedControllView.swift */; };
		635A3D32299A5ACC007F174D /* ChallengeRecordListCell.swift in Sources */ = {isa = PBXBuildFile; fileRef = 635A3D31299A5ACC007F174D /* ChallengeRecordListCell.swift */; };
		635A3D34299A5BE9007F174D /* ChallengeRecordViewModel.swift in Sources */ = {isa = PBXBuildFile; fileRef = 635A3D33299A5BE9007F174D /* ChallengeRecordViewModel.swift */; };
		635A3D36299A5C8A007F174D /* ChallengeRecordUseCase.swift in Sources */ = {isa = PBXBuildFile; fileRef = 635A3D35299A5C8A007F174D /* ChallengeRecordUseCase.swift */; };
		635A3D38299A5D06007F174D /* ChallengeRecordRepository.swift in Sources */ = {isa = PBXBuildFile; fileRef = 635A3D37299A5D06007F174D /* ChallengeRecordRepository.swift */; };
		635A3D3A299A5D66007F174D /* ChallengeRecordRepositoryImpl.swift in Sources */ = {isa = PBXBuildFile; fileRef = 635A3D39299A5D66007F174D /* ChallengeRecordRepositoryImpl.swift */; };
		635A3D3C299A5DBB007F174D /* ChallengeRecordDataSource.swift in Sources */ = {isa = PBXBuildFile; fileRef = 635A3D3B299A5DBB007F174D /* ChallengeRecordDataSource.swift */; };
		635D1127298DFD3000C4EDEC /* ShallowConcaveView.swift in Sources */ = {isa = PBXBuildFile; fileRef = 635D1126298DFD3000C4EDEC /* ShallowConcaveView.swift */; };
		635D1129298DFDB000C4EDEC /* DeepConcaveView.swift in Sources */ = {isa = PBXBuildFile; fileRef = 635D1128298DFDB000C4EDEC /* DeepConcaveView.swift */; };
		635D112B298DFE7000C4EDEC /* DarkModeToggle.swift in Sources */ = {isa = PBXBuildFile; fileRef = 635D112A298DFE7000C4EDEC /* DarkModeToggle.swift */; };
		6362E8CB2989574B0052C488 /* TabBarView.swift in Sources */ = {isa = PBXBuildFile; fileRef = 6362E8CA2989574B0052C488 /* TabBarView.swift */; };
		63690D3C298CCF0400B48DA4 /* Extension+View.swift in Sources */ = {isa = PBXBuildFile; fileRef = 63690D3B298CCF0400B48DA4 /* Extension+View.swift */; };
		63691A3929920D73007CC706 /* LicenseView.swift in Sources */ = {isa = PBXBuildFile; fileRef = 63691A3829920D73007CC706 /* LicenseView.swift */; };
		63691A3D299210E4007CC706 /* LicenseItem.swift in Sources */ = {isa = PBXBuildFile; fileRef = 63691A3C299210E4007CC706 /* LicenseItem.swift */; };
		63691A4929921274007CC706 /* LicenseDetailView.swift in Sources */ = {isa = PBXBuildFile; fileRef = 63691A4829921274007CC706 /* LicenseDetailView.swift */; };
		63AC1FE8298FC8A4004E24F1 /* NotificationToggle.swift in Sources */ = {isa = PBXBuildFile; fileRef = 63AC1FE7298FC8A4004E24F1 /* NotificationToggle.swift */; };
		63BC0F8629767608003F2379 /* MakeProfileView.swift in Sources */ = {isa = PBXBuildFile; fileRef = 63BC0F8529767608003F2379 /* MakeProfileView.swift */; };
		63C9872A299B21DE008B1DE7 /* notebook.json in Resources */ = {isa = PBXBuildFile; fileRef = 63C98727299B21DD008B1DE7 /* notebook.json */; };
		63C9872B299B21DE008B1DE7 /* winner.json in Resources */ = {isa = PBXBuildFile; fileRef = 63C98728299B21DD008B1DE7 /* winner.json */; };
		63C9872E299B21E5008B1DE7 /* videoGames.json in Resources */ = {isa = PBXBuildFile; fileRef = 63C9872C299B21E5008B1DE7 /* videoGames.json */; };
		63C98731299B2209008B1DE7 /* moneyChart.json in Resources */ = {isa = PBXBuildFile; fileRef = 63C98730299B2209008B1DE7 /* moneyChart.json */; };
		63C98735299B25E3008B1DE7 /* finance.json in Resources */ = {isa = PBXBuildFile; fileRef = 63C98734299B25E3008B1DE7 /* finance.json */; };
		63EC446F297A8366008A7FDE /* Extension+String.swift in Sources */ = {isa = PBXBuildFile; fileRef = 63EC446E297A8366008A7FDE /* Extension+String.swift */; };
		C025163129789952000E0219 /* GoogleSignIn in Frameworks */ = {isa = PBXBuildFile; productRef = C025163029789952000E0219 /* GoogleSignIn */; };
		C025163329789952000E0219 /* GoogleSignInSwift in Frameworks */ = {isa = PBXBuildFile; productRef = C025163229789952000E0219 /* GoogleSignInSwift */; };
		C0F5FFC4297669AA0021FF4F /* ChallengeRecordView.swift in Sources */ = {isa = PBXBuildFile; fileRef = C0F5FFC3297669AA0021FF4F /* ChallengeRecordView.swift */; };
		C0F5FFE4297836D50021FF4F /* LoginVIewModel.swift in Sources */ = {isa = PBXBuildFile; fileRef = C0F5FFE3297836D50021FF4F /* LoginVIewModel.swift */; };
/* End PBXBuildFile section */

/* Begin PBXFileReference section */
		16111134299C92B90002AD92 /* GameRequestViewModel.swift */ = {isa = PBXFileReference; lastKnownFileType = sourcecode.swift; path = GameRequestViewModel.swift; sourceTree = "<group>"; };
		16111136299C92F50002AD92 /* GameRequestUseCase.swift */ = {isa = PBXFileReference; lastKnownFileType = sourcecode.swift; path = GameRequestUseCase.swift; sourceTree = "<group>"; };
		16111138299C956C0002AD92 /* GameRequestRepository.swift */ = {isa = PBXFileReference; lastKnownFileType = sourcecode.swift; path = GameRequestRepository.swift; sourceTree = "<group>"; };
		1611113A299C95900002AD92 /* GameRequestRepositoryImpl.swift */ = {isa = PBXFileReference; lastKnownFileType = sourcecode.swift; path = GameRequestRepositoryImpl.swift; sourceTree = "<group>"; };
		1611113C299C95B90002AD92 /* GameRequestDataSource.swift */ = {isa = PBXFileReference; lastKnownFileType = sourcecode.swift; path = GameRequestDataSource.swift; sourceTree = "<group>"; };
		161398FB2983F863002A6F16 /* SpendingWriteViewModel.swift */ = {isa = PBXFileReference; lastKnownFileType = sourcecode.swift; path = SpendingWriteViewModel.swift; sourceTree = "<group>"; };
		161716B42993857F00CC4901 /* WaitingCountView.swift */ = {isa = PBXFileReference; lastKnownFileType = sourcecode.swift; path = WaitingCountView.swift; sourceTree = "<group>"; };
		163CB2CB299A27E4008506FD /* RealtimeService.swift */ = {isa = PBXFileReference; lastKnownFileType = sourcecode.swift; path = RealtimeService.swift; sourceTree = "<group>"; };
		1642F3FB298E893D0085FF00 /* MultiProgressBar.swift */ = {isa = PBXFileReference; lastKnownFileType = sourcecode.swift; path = MultiProgressBar.swift; sourceTree = "<group>"; };
		16526E86298BA74000ED023A /* GameRequestAlertViewCell.swift */ = {isa = PBXFileReference; lastKnownFileType = sourcecode.swift; path = GameRequestAlertViewCell.swift; sourceTree = "<group>"; };
		165541E9298CC47900500895 /* ProgressBar2.swift */ = {isa = PBXFileReference; lastKnownFileType = sourcecode.swift; path = ProgressBar2.swift; sourceTree = "<group>"; };
		16573EDA2977AA38001176F6 /* GoogleService-Info.plist */ = {isa = PBXFileReference; fileEncoding = 4; lastKnownFileType = text.plist.xml; path = "GoogleService-Info.plist"; sourceTree = "<group>"; };
		16573EFE2977D429001176F6 /* FireStoreViewModel.swift */ = {isa = PBXFileReference; lastKnownFileType = sourcecode.swift; path = FireStoreViewModel.swift; sourceTree = "<group>"; };
		165B151B29A2873500F44274 /* ExpenditureDataSource.swift */ = {isa = PBXFileReference; lastKnownFileType = sourcecode.swift; path = ExpenditureDataSource.swift; sourceTree = "<group>"; };
		165B151D29A28EE800F44274 /* ExpenditureRepository.swift */ = {isa = PBXFileReference; lastKnownFileType = sourcecode.swift; path = ExpenditureRepository.swift; sourceTree = "<group>"; };
		165B151F29A28F0200F44274 /* ExpenditureRepositoryImpl.swift */ = {isa = PBXFileReference; lastKnownFileType = sourcecode.swift; path = ExpenditureRepositoryImpl.swift; sourceTree = "<group>"; };
		165B152129A28F5A00F44274 /* ExpenditureUseCase.swift */ = {isa = PBXFileReference; lastKnownFileType = sourcecode.swift; path = ExpenditureUseCase.swift; sourceTree = "<group>"; };
		165B152829A2991600F44274 /* ProgressViewModel.swift */ = {isa = PBXFileReference; lastKnownFileType = sourcecode.swift; name = ProgressViewModel.swift; path = MSG/Presentation/View/Chart/ViewModel/ProgressViewModel.swift; sourceTree = SOURCE_ROOT; };
		165E321B2977EAF500678A09 /* SettingView.swift */ = {isa = PBXFileReference; lastKnownFileType = sourcecode.swift; path = SettingView.swift; sourceTree = "<group>"; };
		1660095F297630C300E6A546 /* MSG.app */ = {isa = PBXFileReference; explicitFileType = wrapper.application; includeInIndex = 0; path = MSG.app; sourceTree = BUILT_PRODUCTS_DIR; };
		16600962297630C300E6A546 /* MSGApp.swift */ = {isa = PBXFileReference; lastKnownFileType = sourcecode.swift; path = MSGApp.swift; sourceTree = "<group>"; };
		16600964297630C300E6A546 /* ContentView.swift */ = {isa = PBXFileReference; lastKnownFileType = sourcecode.swift; path = ContentView.swift; sourceTree = "<group>"; };
		16600966297630C400E6A546 /* Assets.xcassets */ = {isa = PBXFileReference; lastKnownFileType = folder.assetcatalog; path = Assets.xcassets; sourceTree = "<group>"; };
		16600969297630C400E6A546 /* Preview Assets.xcassets */ = {isa = PBXFileReference; lastKnownFileType = folder.assetcatalog; path = "Preview Assets.xcassets"; sourceTree = "<group>"; };
		1660098C29763AD800E6A546 /* MSG.swift */ = {isa = PBXFileReference; lastKnownFileType = sourcecode.swift; name = MSG.swift; path = MSG/MSG.swift; sourceTree = SOURCE_ROOT; };
		1660098E2976404400E6A546 /* RealtimeViewModel.swift */ = {isa = PBXFileReference; lastKnownFileType = sourcecode.swift; name = RealtimeViewModel.swift; path = MSG/RealtimeViewModel.swift; sourceTree = SOURCE_ROOT; };
		166009922976685200E6A546 /* FriendSettingView.swift */ = {isa = PBXFileReference; lastKnownFileType = sourcecode.swift; path = FriendSettingView.swift; sourceTree = "<group>"; };
		1660099429766FC000E6A546 /* FriendView.swift */ = {isa = PBXFileReference; lastKnownFileType = sourcecode.swift; path = FriendView.swift; sourceTree = "<group>"; };
		1660099629766FCC00E6A546 /* AlertView.swift */ = {isa = PBXFileReference; lastKnownFileType = sourcecode.swift; path = AlertView.swift; sourceTree = "<group>"; };
		168AE7A529875EA400D68C1C /* WaitingView.swift */ = {isa = PBXFileReference; lastKnownFileType = sourcecode.swift; path = WaitingView.swift; sourceTree = "<group>"; };
		168AE7A729875EB600D68C1C /* WaitingViewModel.swift */ = {isa = PBXFileReference; lastKnownFileType = sourcecode.swift; path = WaitingViewModel.swift; sourceTree = "<group>"; };
		168CDEF0298CD12200FAA3F4 /* LottieView.swift */ = {isa = PBXFileReference; lastKnownFileType = sourcecode.swift; path = LottieView.swift; sourceTree = "<group>"; };
		168CDEF5298CD1C200FAA3F4 /* ambulance.json */ = {isa = PBXFileReference; fileEncoding = 4; lastKnownFileType = text.json; path = ambulance.json; sourceTree = "<group>"; };
		168CDEF7298CD53900FAA3F4 /* flyingMoney.json */ = {isa = PBXFileReference; fileEncoding = 4; lastKnownFileType = text.json; path = flyingMoney.json; sourceTree = "<group>"; };
		168CDEF8298CD53900FAA3F4 /* run.json */ = {isa = PBXFileReference; fileEncoding = 4; lastKnownFileType = text.json; path = run.json; sourceTree = "<group>"; };
		1691C0A42991E830009D75EF /* DeleteUserView.swift */ = {isa = PBXFileReference; lastKnownFileType = sourcecode.swift; path = DeleteUserView.swift; sourceTree = "<group>"; };
		16941F9C299A6EEF003C06C6 /* AddFriendUseCase.swift */ = {isa = PBXFileReference; lastKnownFileType = sourcecode.swift; path = AddFriendUseCase.swift; sourceTree = "<group>"; };
		16941F9E299A6FED003C06C6 /* AddFriendRepository.swift */ = {isa = PBXFileReference; lastKnownFileType = sourcecode.swift; path = AddFriendRepository.swift; sourceTree = "<group>"; };
		16941FA0299A700B003C06C6 /* AddFriendRepositoryImpl.swift */ = {isa = PBXFileReference; lastKnownFileType = sourcecode.swift; path = AddFriendRepositoryImpl.swift; sourceTree = "<group>"; };
		16941FA2299A70BC003C06C6 /* AddFriendDataSource.swift */ = {isa = PBXFileReference; lastKnownFileType = sourcecode.swift; path = AddFriendDataSource.swift; sourceTree = "<group>"; };
		16941FA7299A7B31003C06C6 /* CheckAddFriendViewModel.swift */ = {isa = PBXFileReference; lastKnownFileType = sourcecode.swift; path = CheckAddFriendViewModel.swift; sourceTree = "<group>"; };
		16AE425B29A2355800317072 /* WaitingUseCase.swift */ = {isa = PBXFileReference; lastKnownFileType = sourcecode.swift; path = WaitingUseCase.swift; sourceTree = "<group>"; };
		16AE425D29A235E200317072 /* WaitingRepository.swift */ = {isa = PBXFileReference; lastKnownFileType = sourcecode.swift; path = WaitingRepository.swift; sourceTree = "<group>"; };
		16AE425F29A2362700317072 /* WaitingRepositoryImpl.swift */ = {isa = PBXFileReference; lastKnownFileType = sourcecode.swift; path = WaitingRepositoryImpl.swift; sourceTree = "<group>"; };
		16AE426129A2363600317072 /* WaitingDataSource.swift */ = {isa = PBXFileReference; lastKnownFileType = sourcecode.swift; path = WaitingDataSource.swift; sourceTree = "<group>"; };
		16C6753529822E420028A608 /* Extension+Color.swift */ = {isa = PBXFileReference; lastKnownFileType = sourcecode.swift; path = "Extension+Color.swift"; sourceTree = "<group>"; };
		16DB66D02988A98C009BF8B7 /* Maplestory OTF Light.otf */ = {isa = PBXFileReference; lastKnownFileType = file; path = "Maplestory OTF Light.otf"; sourceTree = "<group>"; };
		16DB66D12988A98C009BF8B7 /* Maplestory OTF Bold.otf */ = {isa = PBXFileReference; lastKnownFileType = file; path = "Maplestory OTF Bold.otf"; sourceTree = "<group>"; };
		16DB66D42989282B009BF8B7 /* ListBackgroundModifier.swift */ = {isa = PBXFileReference; lastKnownFileType = sourcecode.swift; path = ListBackgroundModifier.swift; sourceTree = "<group>"; };
		16FBE6C52976784D001EC518 /* FriendViewCell.swift */ = {isa = PBXFileReference; lastKnownFileType = sourcecode.swift; path = FriendViewCell.swift; sourceTree = "<group>"; };
		3602CBC12999FD88007D1034 /* FriendUseCase.swift */ = {isa = PBXFileReference; lastKnownFileType = sourcecode.swift; path = FriendUseCase.swift; sourceTree = "<group>"; };
		3602CBC42999FF16007D1034 /* FriendRepositoryImpl.swift */ = {isa = PBXFileReference; lastKnownFileType = sourcecode.swift; path = FriendRepositoryImpl.swift; sourceTree = "<group>"; };
		3602CBC72999FF49007D1034 /* FriendRepository.swift */ = {isa = PBXFileReference; lastKnownFileType = sourcecode.swift; path = FriendRepository.swift; sourceTree = "<group>"; };
		3602CBCA2999FF99007D1034 /* FriendDataSource.swift */ = {isa = PBXFileReference; lastKnownFileType = sourcecode.swift; path = FriendDataSource.swift; sourceTree = "<group>"; };
		3602CBCC2999FFC3007D1034 /* FirebaseService.swift */ = {isa = PBXFileReference; lastKnownFileType = sourcecode.swift; path = FirebaseService.swift; sourceTree = "<group>"; };
		3602CBCE299A0099007D1034 /* FriendViewModel.swift */ = {isa = PBXFileReference; lastKnownFileType = sourcecode.swift; path = FriendViewModel.swift; sourceTree = "<group>"; };
		360A1470298360A70058BB9B /* Utils.swift */ = {isa = PBXFileReference; lastKnownFileType = sourcecode.swift; path = Utils.swift; sourceTree = "<group>"; };
		362DB5EA299A057C00510314 /* ChallengeUseCase.swift */ = {isa = PBXFileReference; lastKnownFileType = sourcecode.swift; path = ChallengeUseCase.swift; sourceTree = "<group>"; };
		362DB5EC299A05CA00510314 /* ChallengeRepository.swift */ = {isa = PBXFileReference; lastKnownFileType = sourcecode.swift; path = ChallengeRepository.swift; sourceTree = "<group>"; };
		362DB5EE299A064800510314 /* ChallengeDataSource.swift */ = {isa = PBXFileReference; lastKnownFileType = sourcecode.swift; path = ChallengeDataSource.swift; sourceTree = "<group>"; };
		362DB5F0299A066A00510314 /* ChallengeRepositoryImpl.swift */ = {isa = PBXFileReference; lastKnownFileType = sourcecode.swift; path = ChallengeRepositoryImpl.swift; sourceTree = "<group>"; };
		36338AF8298B595A009ABB77 /* DivideFriendView.swift */ = {isa = PBXFileReference; lastKnownFileType = sourcecode.swift; path = DivideFriendView.swift; sourceTree = "<group>"; };
		36338AFA298B5A5D009ABB77 /* DivideFriendViewModel.swift */ = {isa = PBXFileReference; lastKnownFileType = sourcecode.swift; path = DivideFriendViewModel.swift; sourceTree = "<group>"; };
		36338AFC298B5B22009ABB77 /* DivideFriendCell.swift */ = {isa = PBXFileReference; lastKnownFileType = sourcecode.swift; path = DivideFriendCell.swift; sourceTree = "<group>"; };
		36352761298299F80037BD1B /* CustomAlertView.swift */ = {isa = PBXFileReference; lastKnownFileType = sourcecode.swift; path = CustomAlertView.swift; sourceTree = "<group>"; };
		3635276329829C6E0037BD1B /* CustomAlertButton.swift */ = {isa = PBXFileReference; lastKnownFileType = sourcecode.swift; path = CustomAlertButton.swift; sourceTree = "<group>"; };
		3663DF3F29763C51004C1CA6 /* GameSettingViewModel.swift */ = {isa = PBXFileReference; lastKnownFileType = sourcecode.swift; path = GameSettingViewModel.swift; sourceTree = "<group>"; };
		367D709C2980C6890011E601 /* GameRequestAlertView.swift */ = {isa = PBXFileReference; lastKnownFileType = sourcecode.swift; path = GameRequestAlertView.swift; sourceTree = "<group>"; };
		368FC46B299B736A00C68275 /* DateSheetView.swift */ = {isa = PBXFileReference; lastKnownFileType = sourcecode.swift; path = DateSheetView.swift; sourceTree = "<group>"; };
		368FC46D299B737900C68275 /* ChallengeFriendCellView.swift */ = {isa = PBXFileReference; lastKnownFileType = sourcecode.swift; path = ChallengeFriendCellView.swift; sourceTree = "<group>"; };
		3699A3C7298762FE00C650FD /* SoloGameSettingView.swift */ = {isa = PBXFileReference; lastKnownFileType = sourcecode.swift; path = SoloGameSettingView.swift; sourceTree = "<group>"; };
		36B093F82976694F0089E76A /* GameSettingView.swift */ = {isa = PBXFileReference; fileEncoding = 4; lastKnownFileType = sourcecode.swift; path = GameSettingView.swift; sourceTree = "<group>"; };
		36B093FA29766FB30089E76A /* SpendingWritingView.swift */ = {isa = PBXFileReference; lastKnownFileType = sourcecode.swift; path = SpendingWritingView.swift; sourceTree = "<group>"; };
		36C7BB772977B37200A3F999 /* OnBoardView2.swift */ = {isa = PBXFileReference; fileEncoding = 4; lastKnownFileType = sourcecode.swift; path = OnBoardView2.swift; sourceTree = "<group>"; };
		36C7BB782977B37200A3F999 /* OnBoardView4.swift */ = {isa = PBXFileReference; fileEncoding = 4; lastKnownFileType = sourcecode.swift; path = OnBoardView4.swift; sourceTree = "<group>"; };
		36C7BB792977B37200A3F999 /* OnBoardView1.swift */ = {isa = PBXFileReference; fileEncoding = 4; lastKnownFileType = sourcecode.swift; path = OnBoardView1.swift; sourceTree = "<group>"; };
		36C7BB7A2977B37200A3F999 /* OnBoardView3.swift */ = {isa = PBXFileReference; fileEncoding = 4; lastKnownFileType = sourcecode.swift; path = OnBoardView3.swift; sourceTree = "<group>"; };
		36C7BB7B2977B37200A3F999 /* OnBoardTapView.swift */ = {isa = PBXFileReference; fileEncoding = 4; lastKnownFileType = sourcecode.swift; path = OnBoardTapView.swift; sourceTree = "<group>"; };
		36C7BB7C2977B37200A3F999 /* OnBoardView5.swift */ = {isa = PBXFileReference; fileEncoding = 4; lastKnownFileType = sourcecode.swift; path = OnBoardView5.swift; sourceTree = "<group>"; };
		36DB97782976526900A0596F /* ViewModifier.swift */ = {isa = PBXFileReference; lastKnownFileType = sourcecode.swift; path = ViewModifier.swift; sourceTree = "<group>"; };
		36FA49122977746600B26A24 /* ChartView.swift */ = {isa = PBXFileReference; lastKnownFileType = sourcecode.swift; path = ChartView.swift; sourceTree = "<group>"; };
		36FA4914297774C500B26A24 /* ProgressBar.swift */ = {isa = PBXFileReference; lastKnownFileType = sourcecode.swift; path = ProgressBar.swift; sourceTree = "<group>"; };
		36FA4917297791A100B26A24 /* ChartCellView.swift */ = {isa = PBXFileReference; lastKnownFileType = sourcecode.swift; path = ChartCellView.swift; sourceTree = "<group>"; };
		4C407A73297A5B1900877360 /* LocalNotification.swift */ = {isa = PBXFileReference; lastKnownFileType = sourcecode.swift; path = LocalNotification.swift; sourceTree = "<group>"; };
		4C407A75297A5B4B00877360 /* NotificationManager.swift */ = {isa = PBXFileReference; lastKnownFileType = sourcecode.swift; path = NotificationManager.swift; sourceTree = "<group>"; };
		4C5B81822977750C00866E3F /* RecordDetailView.swift */ = {isa = PBXFileReference; lastKnownFileType = sourcecode.swift; path = RecordDetailView.swift; sourceTree = "<group>"; };
		4C8CA573299C91EC004A1F9C /* ChallengeViewModel.swift */ = {isa = PBXFileReference; lastKnownFileType = sourcecode.swift; path = ChallengeViewModel.swift; sourceTree = "<group>"; };
		4C8CA577299C9914004A1F9C /* ChallengeViewUseCase.swift */ = {isa = PBXFileReference; lastKnownFileType = sourcecode.swift; path = ChallengeViewUseCase.swift; sourceTree = "<group>"; };
		4C8CA579299C99CF004A1F9C /* ChallengeViewRepository.swift */ = {isa = PBXFileReference; lastKnownFileType = sourcecode.swift; path = ChallengeViewRepository.swift; sourceTree = "<group>"; };
		4C8CA57B299C9BCE004A1F9C /* ChallengeViewDataSource.swift */ = {isa = PBXFileReference; lastKnownFileType = sourcecode.swift; path = ChallengeViewDataSource.swift; sourceTree = "<group>"; };
		4C8CA57D299C9F7D004A1F9C /* ChallengeViewRepositoryImpl.swift */ = {isa = PBXFileReference; lastKnownFileType = sourcecode.swift; path = ChallengeViewRepositoryImpl.swift; sourceTree = "<group>"; };
		4C8CA57F299CCCA9004A1F9C /* AppDI.swift */ = {isa = PBXFileReference; lastKnownFileType = sourcecode.swift; path = AppDI.swift; sourceTree = "<group>"; };
		4C930D5E29763B4300EE046D /* HomeView.swift */ = {isa = PBXFileReference; lastKnownFileType = sourcecode.swift; path = HomeView.swift; sourceTree = "<group>"; };
		4C930D6029763CD200EE046D /* AfterChallengeView.swift */ = {isa = PBXFileReference; lastKnownFileType = sourcecode.swift; path = AfterChallengeView.swift; sourceTree = "<group>"; };
		4C930D6229763CF000EE046D /* BeforeChallengeView.swift */ = {isa = PBXFileReference; lastKnownFileType = sourcecode.swift; path = BeforeChallengeView.swift; sourceTree = "<group>"; };
		631032482978273300F3A463 /* SystemThemeManager.swift */ = {isa = PBXFileReference; lastKnownFileType = sourcecode.swift; path = SystemThemeManager.swift; sourceTree = "<group>"; };
		6310324A2978322900F3A463 /* Extension+NavigationController.swift */ = {isa = PBXFileReference; lastKnownFileType = sourcecode.swift; path = "Extension+NavigationController.swift"; sourceTree = "<group>"; };
		63200F7C29A73927003D705A /* Crop.swift */ = {isa = PBXFileReference; lastKnownFileType = sourcecode.swift; path = Crop.swift; sourceTree = "<group>"; };
		63200F8029A743D3003D705A /* CustomImagePicker.swift */ = {isa = PBXFileReference; lastKnownFileType = sourcecode.swift; path = CustomImagePicker.swift; sourceTree = "<group>"; };
		63200F8229A75109003D705A /* CropView.swift */ = {isa = PBXFileReference; lastKnownFileType = sourcecode.swift; path = CropView.swift; sourceTree = "<group>"; };
		63200F8629A754F8003D705A /* GoogleService-Info.plist */ = {isa = PBXFileReference; fileEncoding = 4; lastKnownFileType = text.plist.xml; path = "GoogleService-Info.plist"; sourceTree = "<group>"; };
		632B7CD029825C8000A3D53C /* CountDownView.swift */ = {isa = PBXFileReference; lastKnownFileType = sourcecode.swift; path = CountDownView.swift; sourceTree = "<group>"; };
		6342C2C229763B0D00C24D20 /* LoginView.swift */ = {isa = PBXFileReference; lastKnownFileType = sourcecode.swift; path = LoginView.swift; sourceTree = "<group>"; };
		6342C2C42976446600C24D20 /* Info.plist */ = {isa = PBXFileReference; lastKnownFileType = text.plist.xml; path = Info.plist; sourceTree = "<group>"; };
		6342C2C5297645F100C24D20 /* Config.xcconfig */ = {isa = PBXFileReference; lastKnownFileType = text.xcconfig; path = Config.xcconfig; sourceTree = "<group>"; };
		6342C2C6297648CB00C24D20 /* KakaoAppDelegate.swift */ = {isa = PBXFileReference; lastKnownFileType = sourcecode.swift; path = KakaoAppDelegate.swift; sourceTree = "<group>"; };
		6342C2C829764AA500C24D20 /* KakaoSceneDelegate.swift */ = {isa = PBXFileReference; lastKnownFileType = sourcecode.swift; path = KakaoSceneDelegate.swift; sourceTree = "<group>"; };
		6342C2CA29764EDA00C24D20 /* KakaoViewModel.swift */ = {isa = PBXFileReference; lastKnownFileType = sourcecode.swift; path = KakaoViewModel.swift; sourceTree = "<group>"; };
		6342C2CC297665D600C24D20 /* PrivacyPolicyView.swift */ = {isa = PBXFileReference; lastKnownFileType = sourcecode.swift; path = PrivacyPolicyView.swift; sourceTree = "<group>"; };
		634CE3F6297920D500358E32 /* SegementedControllView.swift */ = {isa = PBXFileReference; lastKnownFileType = sourcecode.swift; path = SegementedControllView.swift; sourceTree = "<group>"; };
		635A3D31299A5ACC007F174D /* ChallengeRecordListCell.swift */ = {isa = PBXFileReference; lastKnownFileType = sourcecode.swift; path = ChallengeRecordListCell.swift; sourceTree = "<group>"; };
		635A3D33299A5BE9007F174D /* ChallengeRecordViewModel.swift */ = {isa = PBXFileReference; lastKnownFileType = sourcecode.swift; path = ChallengeRecordViewModel.swift; sourceTree = "<group>"; };
		635A3D35299A5C8A007F174D /* ChallengeRecordUseCase.swift */ = {isa = PBXFileReference; lastKnownFileType = sourcecode.swift; path = ChallengeRecordUseCase.swift; sourceTree = "<group>"; };
		635A3D37299A5D06007F174D /* ChallengeRecordRepository.swift */ = {isa = PBXFileReference; lastKnownFileType = sourcecode.swift; path = ChallengeRecordRepository.swift; sourceTree = "<group>"; };
		635A3D39299A5D66007F174D /* ChallengeRecordRepositoryImpl.swift */ = {isa = PBXFileReference; lastKnownFileType = sourcecode.swift; path = ChallengeRecordRepositoryImpl.swift; sourceTree = "<group>"; };
		635A3D3B299A5DBB007F174D /* ChallengeRecordDataSource.swift */ = {isa = PBXFileReference; lastKnownFileType = sourcecode.swift; path = ChallengeRecordDataSource.swift; sourceTree = "<group>"; };
		635D1126298DFD3000C4EDEC /* ShallowConcaveView.swift */ = {isa = PBXFileReference; lastKnownFileType = sourcecode.swift; path = ShallowConcaveView.swift; sourceTree = "<group>"; };
		635D1128298DFDB000C4EDEC /* DeepConcaveView.swift */ = {isa = PBXFileReference; lastKnownFileType = sourcecode.swift; path = DeepConcaveView.swift; sourceTree = "<group>"; };
		635D112A298DFE7000C4EDEC /* DarkModeToggle.swift */ = {isa = PBXFileReference; lastKnownFileType = sourcecode.swift; path = DarkModeToggle.swift; sourceTree = "<group>"; };
		6362E8CA2989574B0052C488 /* TabBarView.swift */ = {isa = PBXFileReference; fileEncoding = 4; lastKnownFileType = sourcecode.swift; path = TabBarView.swift; sourceTree = "<group>"; };
		63690D3B298CCF0400B48DA4 /* Extension+View.swift */ = {isa = PBXFileReference; lastKnownFileType = sourcecode.swift; path = "Extension+View.swift"; sourceTree = "<group>"; };
		63691A3829920D73007CC706 /* LicenseView.swift */ = {isa = PBXFileReference; lastKnownFileType = sourcecode.swift; path = LicenseView.swift; sourceTree = "<group>"; };
		63691A3C299210E4007CC706 /* LicenseItem.swift */ = {isa = PBXFileReference; lastKnownFileType = sourcecode.swift; path = LicenseItem.swift; sourceTree = "<group>"; };
		63691A4829921274007CC706 /* LicenseDetailView.swift */ = {isa = PBXFileReference; lastKnownFileType = sourcecode.swift; path = LicenseDetailView.swift; sourceTree = "<group>"; };
		63AC1FE7298FC8A4004E24F1 /* NotificationToggle.swift */ = {isa = PBXFileReference; lastKnownFileType = sourcecode.swift; path = NotificationToggle.swift; sourceTree = "<group>"; };
		63BC0F8529767608003F2379 /* MakeProfileView.swift */ = {isa = PBXFileReference; lastKnownFileType = sourcecode.swift; path = MakeProfileView.swift; sourceTree = "<group>"; };
		63C98727299B21DD008B1DE7 /* notebook.json */ = {isa = PBXFileReference; fileEncoding = 4; lastKnownFileType = text.json; path = notebook.json; sourceTree = "<group>"; };
		63C98728299B21DD008B1DE7 /* winner.json */ = {isa = PBXFileReference; fileEncoding = 4; lastKnownFileType = text.json; path = winner.json; sourceTree = "<group>"; };
		63C9872C299B21E5008B1DE7 /* videoGames.json */ = {isa = PBXFileReference; fileEncoding = 4; lastKnownFileType = text.json; path = videoGames.json; sourceTree = "<group>"; };
		63C98730299B2209008B1DE7 /* moneyChart.json */ = {isa = PBXFileReference; fileEncoding = 4; lastKnownFileType = text.json; path = moneyChart.json; sourceTree = "<group>"; };
		63C98734299B25E3008B1DE7 /* finance.json */ = {isa = PBXFileReference; fileEncoding = 4; lastKnownFileType = text.json; path = finance.json; sourceTree = "<group>"; };
		63EC446E297A8366008A7FDE /* Extension+String.swift */ = {isa = PBXFileReference; lastKnownFileType = sourcecode.swift; path = "Extension+String.swift"; sourceTree = "<group>"; };
		C0F5FFC3297669AA0021FF4F /* ChallengeRecordView.swift */ = {isa = PBXFileReference; lastKnownFileType = sourcecode.swift; path = ChallengeRecordView.swift; sourceTree = "<group>"; };
		C0F5FFCE2977B7FF0021FF4F /* MSG.entitlements */ = {isa = PBXFileReference; lastKnownFileType = text.plist.entitlements; path = MSG.entitlements; sourceTree = "<group>"; };
		C0F5FFE3297836D50021FF4F /* LoginVIewModel.swift */ = {isa = PBXFileReference; lastKnownFileType = sourcecode.swift; path = LoginVIewModel.swift; sourceTree = "<group>"; };
/* End PBXFileReference section */

/* Begin PBXFrameworksBuildPhase section */
		1660095C297630C300E6A546 /* Frameworks */ = {
			isa = PBXFrameworksBuildPhase;
			buildActionMask = 2147483647;
			files = (
				16600978297630F600E6A546 /* FirebaseDatabaseSwift in Frameworks */,
				1660097E297630F600E6A546 /* FirebaseStorageCombine-Community in Frameworks */,
				16600976297630F600E6A546 /* FirebaseDatabase in Frameworks */,
				16573F022977D60B001176F6 /* FirebaseFirestore in Frameworks */,
				1660097A297630F600E6A546 /* FirebaseMessaging in Frameworks */,
				C025163129789952000E0219 /* GoogleSignIn in Frameworks */,
				16600972297630F600E6A546 /* FirebaseAuth in Frameworks */,
				16600974297630F600E6A546 /* FirebaseAuthCombine-Community in Frameworks */,
				1660097C297630F600E6A546 /* FirebaseStorage in Frameworks */,
				166009842976315700E6A546 /* KakaoSDK in Frameworks */,
				C025163329789952000E0219 /* GoogleSignInSwift in Frameworks */,
				168CDEF4298CD15D00FAA3F4 /* Lottie in Frameworks */,
			);
			runOnlyForDeploymentPostprocessing = 0;
		};
/* End PBXFrameworksBuildPhase section */

/* Begin PBXGroup section */
		1606CB4C297697C3004DD13B /* FriendSetting */ = {
			isa = PBXGroup;
			children = (
				16AE425829A22ED700317072 /* Friend */,
				16111130299C921E0002AD92 /* GameRequest */,
				16941FA4299A73DE003C06C6 /* CheckAddFriend */,
				16941F99299A6E48003C06C6 /* ChallengeFriendSheet */,
				3602CBBE2999FC58007D1034 /* ViewModel */,
				166009922976685200E6A546 /* FriendSettingView.swift */,
				634CE3F6297920D500358E32 /* SegementedControllView.swift */,
				36352761298299F80037BD1B /* CustomAlertView.swift */,
				3635276329829C6E0037BD1B /* CustomAlertButton.swift */,
			);
			path = FriendSetting;
			sourceTree = "<group>";
		};
		1606CB4D297697E2004DD13B /* GameSetting */ = {
			isa = PBXGroup;
			children = (
				3602CBBD2999FC53007D1034 /* ViewModel */,
				36B093F82976694F0089E76A /* GameSettingView.swift */,
				3699A3C7298762FE00C650FD /* SoloGameSettingView.swift */,
				368FC46B299B736A00C68275 /* DateSheetView.swift */,
				368FC46D299B737900C68275 /* ChallengeFriendCellView.swift */,
			);
			path = GameSetting;
			sourceTree = "<group>";
		};
		1606CB4E297697F9004DD13B /* Home */ = {
			isa = PBXGroup;
			children = (
				165B152529A291F000F44274 /* Home+Game */,
				1621CD4C299DC183003224C0 /* Waiting */,
				3602CBBC2999FC4C007D1034 /* ViewModel */,
			);
			path = Home;
			sourceTree = "<group>";
		};
		1606CB4F2976992C004DD13B /* ChallengeRecord */ = {
			isa = PBXGroup;
			children = (
				3602CBBB2999FC46007D1034 /* ViewModel */,
				C0F5FFC3297669AA0021FF4F /* ChallengeRecordView.swift */,
				635A3D31299A5ACC007F174D /* ChallengeRecordListCell.swift */,
				4C5B81822977750C00866E3F /* RecordDetailView.swift */,
			);
			path = ChallengeRecord;
			sourceTree = "<group>";
		};
		16111130299C921E0002AD92 /* GameRequest */ = {
			isa = PBXGroup;
			children = (
				16111132299C92340002AD92 /* ViewModel */,
				16111131299C92300002AD92 /* View */,
				367D709C2980C6890011E601 /* GameRequestAlertView.swift */,
				16526E86298BA74000ED023A /* GameRequestAlertViewCell.swift */,
			);
			path = GameRequest;
			sourceTree = "<group>";
		};
		16111131299C92300002AD92 /* View */ = {
			isa = PBXGroup;
			children = (
			);
			path = View;
			sourceTree = "<group>";
		};
		16111132299C92340002AD92 /* ViewModel */ = {
			isa = PBXGroup;
			children = (
				16111134299C92B90002AD92 /* GameRequestViewModel.swift */,
			);
			path = ViewModel;
			sourceTree = "<group>";
		};
		1621CD4C299DC183003224C0 /* Waiting */ = {
			isa = PBXGroup;
			children = (
				1621CD4E299DC193003224C0 /* ViewModel */,
				1621CD4D299DC18F003224C0 /* View */,
			);
			path = Waiting;
			sourceTree = "<group>";
		};
		1621CD4D299DC18F003224C0 /* View */ = {
			isa = PBXGroup;
			children = (
				161716B42993857F00CC4901 /* WaitingCountView.swift */,
				168AE7A529875EA400D68C1C /* WaitingView.swift */,
			);
			path = View;
			sourceTree = "<group>";
		};
		1621CD4E299DC193003224C0 /* ViewModel */ = {
			isa = PBXGroup;
			children = (
				168AE7A729875EB600D68C1C /* WaitingViewModel.swift */,
			);
			path = ViewModel;
			sourceTree = "<group>";
		};
		16573F002977D60B001176F6 /* Frameworks */ = {
			isa = PBXGroup;
			children = (
			);
			name = Frameworks;
			sourceTree = "<group>";
		};
		1659E1C22990932F0051AB9D /* Main */ = {
			isa = PBXGroup;
			children = (
				3602CBB82999FC23007D1034 /* ViewModel */,
				16600964297630C300E6A546 /* ContentView.swift */,
				6362E8CA2989574B0052C488 /* TabBarView.swift */,
			);
			path = Main;
			sourceTree = "<group>";
		};
		165B152529A291F000F44274 /* Home+Game */ = {
			isa = PBXGroup;
			children = (
				165B152729A2920000F44274 /* View */,
				165B152629A291FA00F44274 /* ViewModel */,
			);
			path = "Home+Game";
			sourceTree = "<group>";
		};
		165B152629A291FA00F44274 /* ViewModel */ = {
			isa = PBXGroup;
			children = (
				161398FB2983F863002A6F16 /* SpendingWriteViewModel.swift */,
				4C8CA573299C91EC004A1F9C /* ChallengeViewModel.swift */,
			);
			path = ViewModel;
			sourceTree = "<group>";
		};
		165B152729A2920000F44274 /* View */ = {
			isa = PBXGroup;
			children = (
				36B093FA29766FB30089E76A /* SpendingWritingView.swift */,
				4C930D6029763CD200EE046D /* AfterChallengeView.swift */,
				4C930D6229763CF000EE046D /* BeforeChallengeView.swift */,
				4C930D5E29763B4300EE046D /* HomeView.swift */,
				632B7CD029825C8000A3D53C /* CountDownView.swift */,
			);
			path = View;
			sourceTree = "<group>";
		};
		165B152A29A2991F00F44274 /* View */ = {
			isa = PBXGroup;
			children = (
				165541E9298CC47900500895 /* ProgressBar2.swift */,
				1642F3FB298E893D0085FF00 /* MultiProgressBar.swift */,
			);
			path = View;
			sourceTree = "<group>";
		};
		165E321A2977EAE600678A09 /* SettingView */ = {
			isa = PBXGroup;
			children = (
				3602CBB92999FC2F007D1034 /* ViewModel */,
				165E321B2977EAF500678A09 /* SettingView.swift */,
				635D1126298DFD3000C4EDEC /* ShallowConcaveView.swift */,
				635D1128298DFDB000C4EDEC /* DeepConcaveView.swift */,
				635D112A298DFE7000C4EDEC /* DarkModeToggle.swift */,
				63AC1FE7298FC8A4004E24F1 /* NotificationToggle.swift */,
				63691A3829920D73007CC706 /* LicenseView.swift */,
				63691A4829921274007CC706 /* LicenseDetailView.swift */,
				63691A3C299210E4007CC706 /* LicenseItem.swift */,
			);
			path = SettingView;
			sourceTree = "<group>";
		};
		16600956297630C300E6A546 = {
			isa = PBXGroup;
			children = (
				16573F002977D60B001176F6 /* Frameworks */,
				16600961297630C300E6A546 /* MSG */,
				16600960297630C300E6A546 /* Products */,
			);
			sourceTree = "<group>";
		};
		16600960297630C300E6A546 /* Products */ = {
			isa = PBXGroup;
			children = (
				1660095F297630C300E6A546 /* MSG.app */,
			);
			name = Products;
			sourceTree = "<group>";
		};
		16600961297630C300E6A546 /* MSG */ = {
			isa = PBXGroup;
			children = (
				3602CBB52999FA20007D1034 /* Applicatin */,
				3602CBAF2999F9C1007D1034 /* Data */,
				3602CBB22999F9F9007D1034 /* Domain */,
				3602CBB32999F9FE007D1034 /* Presentation */,
				3602CBAE2999F994007D1034 /* Resource */,
				3602CBB62999FA34007D1034 /* Util */,
			);
			path = MSG;
			sourceTree = "<group>";
		};
		16600968297630C400E6A546 /* Preview Content */ = {
			isa = PBXGroup;
			children = (
				16600969297630C400E6A546 /* Preview Assets.xcassets */,
			);
			path = "Preview Content";
			sourceTree = "<group>";
		};
		166009852976334600E6A546 /* View */ = {
			isa = PBXGroup;
			children = (
				3602CBB72999FA8E007D1034 /* LottieView */,
				1659E1C22990932F0051AB9D /* Main */,
				165E321A2977EAE600678A09 /* SettingView */,
				36C7BB762977B37200A3F999 /* OnBoard */,
				36FA491629778F3200B26A24 /* Chart */,
				1606CB4F2976992C004DD13B /* ChallengeRecord */,
				1606CB4E297697F9004DD13B /* Home */,
				1606CB4D297697E2004DD13B /* GameSetting */,
				1606CB4C297697C3004DD13B /* FriendSetting */,
				6342C2CE297672C000C24D20 /* Login */,
			);
			path = View;
			sourceTree = "<group>";
		};
		166009862976334C00E6A546 /* ViewModel */ = {
			isa = PBXGroup;
			children = (
				6342C2CA29764EDA00C24D20 /* KakaoViewModel.swift */,
				1660098E2976404400E6A546 /* RealtimeViewModel.swift */,
				16573EFE2977D429001176F6 /* FireStoreViewModel.swift */,
				C0F5FFE3297836D50021FF4F /* LoginVIewModel.swift */,
				631032482978273300F3A463 /* SystemThemeManager.swift */,
				4C407A75297A5B4B00877360 /* NotificationManager.swift */,
			);
			path = ViewModel;
			sourceTree = "<group>";
		};
		166009872976335A00E6A546 /* Model */ = {
			isa = PBXGroup;
			children = (
				6342C2CF297672D900C24D20 /* KakaoLogin */,
				1660098C29763AD800E6A546 /* MSG.swift */,
				4C407A73297A5B1900877360 /* LocalNotification.swift */,
			);
			path = Model;
			sourceTree = "<group>";
		};
		16941F99299A6E48003C06C6 /* ChallengeFriendSheet */ = {
			isa = PBXGroup;
			children = (
				16941F9B299A6E7C003C06C6 /* ViewModel */,
				16941F9A299A6E77003C06C6 /* View */,
			);
			path = ChallengeFriendSheet;
			sourceTree = "<group>";
		};
		16941F9A299A6E77003C06C6 /* View */ = {
			isa = PBXGroup;
			children = (
				1660099429766FC000E6A546 /* FriendView.swift */,
				16FBE6C52976784D001EC518 /* FriendViewCell.swift */,
			);
			path = View;
			sourceTree = "<group>";
		};
		16941F9B299A6E7C003C06C6 /* ViewModel */ = {
			isa = PBXGroup;
			children = (
				3602CBCE299A0099007D1034 /* FriendViewModel.swift */,
			);
			path = ViewModel;
			sourceTree = "<group>";
		};
		16941FA4299A73DE003C06C6 /* CheckAddFriend */ = {
			isa = PBXGroup;
			children = (
				16941FA6299A73F8003C06C6 /* ViewModel */,
				16941FA5299A73F3003C06C6 /* View */,
			);
			path = CheckAddFriend;
			sourceTree = "<group>";
		};
		16941FA5299A73F3003C06C6 /* View */ = {
			isa = PBXGroup;
			children = (
				1660099629766FCC00E6A546 /* AlertView.swift */,
			);
			path = View;
			sourceTree = "<group>";
		};
		16941FA6299A73F8003C06C6 /* ViewModel */ = {
			isa = PBXGroup;
			children = (
				16941FA7299A7B31003C06C6 /* CheckAddFriendViewModel.swift */,
			);
			path = ViewModel;
			sourceTree = "<group>";
		};
		16AE425829A22ED700317072 /* Friend */ = {
			isa = PBXGroup;
			children = (
				16AE425A29A22EE000317072 /* View */,
				16AE425929A22EDE00317072 /* ViewModel */,
			);
			path = Friend;
			sourceTree = "<group>";
		};
		16AE425929A22EDE00317072 /* ViewModel */ = {
			isa = PBXGroup;
			children = (
				36338AFA298B5A5D009ABB77 /* DivideFriendViewModel.swift */,
			);
			path = ViewModel;
			sourceTree = "<group>";
		};
		16AE425A29A22EE000317072 /* View */ = {
			isa = PBXGroup;
			children = (
				36338AF8298B595A009ABB77 /* DivideFriendView.swift */,
				36338AFC298B5B22009ABB77 /* DivideFriendCell.swift */,
			);
			path = View;
			sourceTree = "<group>";
		};
		16DB66CF2988A951009BF8B7 /* Fonts */ = {
			isa = PBXGroup;
			children = (
				16DB66D12988A98C009BF8B7 /* Maplestory OTF Bold.otf */,
				16DB66D02988A98C009BF8B7 /* Maplestory OTF Light.otf */,
			);
			path = Fonts;
			sourceTree = "<group>";
		};
		3602CBAE2999F994007D1034 /* Resource */ = {
			isa = PBXGroup;
			children = (
				C0F5FFCE2977B7FF0021FF4F /* MSG.entitlements */,
				63C98734299B25E3008B1DE7 /* finance.json */,
				63C98730299B2209008B1DE7 /* moneyChart.json */,
				63C9872C299B21E5008B1DE7 /* videoGames.json */,
				63C98728299B21DD008B1DE7 /* winner.json */,
				63C98727299B21DD008B1DE7 /* notebook.json */,
				168CDEF5298CD1C200FAA3F4 /* ambulance.json */,
				168CDEF7298CD53900FAA3F4 /* flyingMoney.json */,
				168CDEF8298CD53900FAA3F4 /* run.json */,
				6342C2C42976446600C24D20 /* Info.plist */,
				16573EDA2977AA38001176F6 /* GoogleService-Info.plist */,
				63200F8629A754F8003D705A /* GoogleService-Info.plist */,
				16600968297630C400E6A546 /* Preview Content */,
				16DB66CF2988A951009BF8B7 /* Fonts */,
				16600966297630C400E6A546 /* Assets.xcassets */,
			);
			path = Resource;
			sourceTree = "<group>";
		};
		3602CBAF2999F9C1007D1034 /* Data */ = {
			isa = PBXGroup;
			children = (
				3602CBC92999FF88007D1034 /* DataSource */,
				3602CBC32999FEE5007D1034 /* Repository */,
			);
			path = Data;
			sourceTree = "<group>";
		};
		3602CBB22999F9F9007D1034 /* Domain */ = {
			isa = PBXGroup;
			children = (
				3602CBC62999FF28007D1034 /* RepositoryInterface */,
				3602CBB42999FA13007D1034 /* UseCase */,
			);
			path = Domain;
			sourceTree = "<group>";
		};
		3602CBB32999F9FE007D1034 /* Presentation */ = {
			isa = PBXGroup;
			children = (
				166009862976334C00E6A546 /* ViewModel */,
				166009852976334600E6A546 /* View */,
			);
			path = Presentation;
			sourceTree = "<group>";
		};
		3602CBB42999FA13007D1034 /* UseCase */ = {
			isa = PBXGroup;
			children = (
				362DB5EA299A057C00510314 /* ChallengeUseCase.swift */,
				4C8CA577299C9914004A1F9C /* ChallengeViewUseCase.swift */,
				635A3D35299A5C8A007F174D /* ChallengeRecordUseCase.swift */,
				3602CBC12999FD88007D1034 /* FriendUseCase.swift */,
				16941F9C299A6EEF003C06C6 /* AddFriendUseCase.swift */,
				16111136299C92F50002AD92 /* GameRequestUseCase.swift */,
				16AE425B29A2355800317072 /* WaitingUseCase.swift */,
				165B152129A28F5A00F44274 /* ExpenditureUseCase.swift */,
				166009872976335A00E6A546 /* Model */,
			);
			path = UseCase;
			sourceTree = "<group>";
		};
		3602CBB52999FA20007D1034 /* Applicatin */ = {
			isa = PBXGroup;
			children = (
				16600962297630C300E6A546 /* MSGApp.swift */,
				4C8CA57F299CCCA9004A1F9C /* AppDI.swift */,
			);
			path = Applicatin;
			sourceTree = "<group>";
		};
		3602CBB62999FA34007D1034 /* Util */ = {
			isa = PBXGroup;
			children = (
				16DB66D42989282B009BF8B7 /* ListBackgroundModifier.swift */,
				63EC446E297A8366008A7FDE /* Extension+String.swift */,
				16C6753529822E420028A608 /* Extension+Color.swift */,
				63690D3B298CCF0400B48DA4 /* Extension+View.swift */,
				6310324A2978322900F3A463 /* Extension+NavigationController.swift */,
				36DB97782976526900A0596F /* ViewModifier.swift */,
				360A1470298360A70058BB9B /* Utils.swift */,
			);
			path = Util;
			sourceTree = "<group>";
		};
		3602CBB72999FA8E007D1034 /* LottieView */ = {
			isa = PBXGroup;
			children = (
				168CDEF0298CD12200FAA3F4 /* LottieView.swift */,
			);
			path = LottieView;
			sourceTree = "<group>";
		};
		3602CBB82999FC23007D1034 /* ViewModel */ = {
			isa = PBXGroup;
			children = (
			);
			path = ViewModel;
			sourceTree = "<group>";
		};
		3602CBB92999FC2F007D1034 /* ViewModel */ = {
			isa = PBXGroup;
			children = (
			);
			path = ViewModel;
			sourceTree = "<group>";
		};
		3602CBBA2999FC3C007D1034 /* ViewModel */ = {
			isa = PBXGroup;
			children = (
				165B152829A2991600F44274 /* ProgressViewModel.swift */,
			);
			path = ViewModel;
			sourceTree = "<group>";
		};
		3602CBBB2999FC46007D1034 /* ViewModel */ = {
			isa = PBXGroup;
			children = (
				635A3D33299A5BE9007F174D /* ChallengeRecordViewModel.swift */,
			);
			path = ViewModel;
			sourceTree = "<group>";
		};
		3602CBBC2999FC4C007D1034 /* ViewModel */ = {
			isa = PBXGroup;
			children = (
			);
			path = ViewModel;
			sourceTree = "<group>";
		};
		3602CBBD2999FC53007D1034 /* ViewModel */ = {
			isa = PBXGroup;
			children = (
				3663DF3F29763C51004C1CA6 /* GameSettingViewModel.swift */,
			);
			path = ViewModel;
			sourceTree = "<group>";
		};
		3602CBBE2999FC58007D1034 /* ViewModel */ = {
			isa = PBXGroup;
			children = (
			);
			path = ViewModel;
			sourceTree = "<group>";
		};
		3602CBBF2999FC5E007D1034 /* ViewModel */ = {
			isa = PBXGroup;
			children = (
				63200F7C29A73927003D705A /* Crop.swift */,
			);
			path = ViewModel;
			sourceTree = "<group>";
		};
		3602CBC32999FEE5007D1034 /* Repository */ = {
			isa = PBXGroup;
			children = (
				3602CBC42999FF16007D1034 /* FriendRepositoryImpl.swift */,
				362DB5F0299A066A00510314 /* ChallengeRepositoryImpl.swift */,
				4C8CA57D299C9F7D004A1F9C /* ChallengeViewRepositoryImpl.swift */,
				16941FA0299A700B003C06C6 /* AddFriendRepositoryImpl.swift */,
				635A3D39299A5D66007F174D /* ChallengeRecordRepositoryImpl.swift */,
				1611113A299C95900002AD92 /* GameRequestRepositoryImpl.swift */,
				16AE425F29A2362700317072 /* WaitingRepositoryImpl.swift */,
				165B151F29A28F0200F44274 /* ExpenditureRepositoryImpl.swift */,
			);
			path = Repository;
			sourceTree = "<group>";
		};
		3602CBC62999FF28007D1034 /* RepositoryInterface */ = {
			isa = PBXGroup;
			children = (
				3602CBC72999FF49007D1034 /* FriendRepository.swift */,
				362DB5EC299A05CA00510314 /* ChallengeRepository.swift */,
				4C8CA579299C99CF004A1F9C /* ChallengeViewRepository.swift */,
				16941F9E299A6FED003C06C6 /* AddFriendRepository.swift */,
				635A3D37299A5D06007F174D /* ChallengeRecordRepository.swift */,
				16111138299C956C0002AD92 /* GameRequestRepository.swift */,
				16AE425D29A235E200317072 /* WaitingRepository.swift */,
				165B151D29A28EE800F44274 /* ExpenditureRepository.swift */,
			);
			path = RepositoryInterface;
			sourceTree = "<group>";
		};
		3602CBC92999FF88007D1034 /* DataSource */ = {
			isa = PBXGroup;
			children = (
				3602CBCA2999FF99007D1034 /* FriendDataSource.swift */,
				3602CBCC2999FFC3007D1034 /* FirebaseService.swift */,
				362DB5EE299A064800510314 /* ChallengeDataSource.swift */,
				4C8CA57B299C9BCE004A1F9C /* ChallengeViewDataSource.swift */,
				163CB2CB299A27E4008506FD /* RealtimeService.swift */,
				16941FA2299A70BC003C06C6 /* AddFriendDataSource.swift */,
				635A3D3B299A5DBB007F174D /* ChallengeRecordDataSource.swift */,
				1611113C299C95B90002AD92 /* GameRequestDataSource.swift */,
				16AE426129A2363600317072 /* WaitingDataSource.swift */,
				165B151B29A2873500F44274 /* ExpenditureDataSource.swift */,
			);
			path = DataSource;
			sourceTree = "<group>";
		};
		36C7BB762977B37200A3F999 /* OnBoard */ = {
			isa = PBXGroup;
			children = (
				36C7BB782977B37200A3F999 /* OnBoardView4.swift */,
				36C7BB772977B37200A3F999 /* OnBoardView2.swift */,
				36C7BB792977B37200A3F999 /* OnBoardView1.swift */,
				36C7BB7A2977B37200A3F999 /* OnBoardView3.swift */,
				36C7BB7B2977B37200A3F999 /* OnBoardTapView.swift */,
				36C7BB7C2977B37200A3F999 /* OnBoardView5.swift */,
			);
			path = OnBoard;
			sourceTree = "<group>";
		};
		36FA491629778F3200B26A24 /* Chart */ = {
			isa = PBXGroup;
			children = (
				165B152A29A2991F00F44274 /* View */,
				3602CBBA2999FC3C007D1034 /* ViewModel */,
				36FA4914297774C500B26A24 /* ProgressBar.swift */,
				36FA49122977746600B26A24 /* ChartView.swift */,
				36FA4917297791A100B26A24 /* ChartCellView.swift */,
			);
			path = Chart;
			sourceTree = "<group>";
		};
		6342C2CE297672C000C24D20 /* Login */ = {
			isa = PBXGroup;
			children = (
				3602CBBF2999FC5E007D1034 /* ViewModel */,
				63200F8029A743D3003D705A /* CustomImagePicker.swift */,
				63200F8229A75109003D705A /* CropView.swift */,
				6342C2C229763B0D00C24D20 /* LoginView.swift */,
				63BC0F8529767608003F2379 /* MakeProfileView.swift */,
				6342C2CC297665D600C24D20 /* PrivacyPolicyView.swift */,
				1691C0A42991E830009D75EF /* DeleteUserView.swift */,
			);
			path = Login;
			sourceTree = "<group>";
		};
		6342C2CF297672D900C24D20 /* KakaoLogin */ = {
			isa = PBXGroup;
			children = (
				6342C2C5297645F100C24D20 /* Config.xcconfig */,
				6342C2C6297648CB00C24D20 /* KakaoAppDelegate.swift */,
				6342C2C829764AA500C24D20 /* KakaoSceneDelegate.swift */,
			);
			path = KakaoLogin;
			sourceTree = "<group>";
		};
/* End PBXGroup section */

/* Begin PBXNativeTarget section */
		1660095E297630C300E6A546 /* MSG */ = {
			isa = PBXNativeTarget;
			buildConfigurationList = 1660096D297630C400E6A546 /* Build configuration list for PBXNativeTarget "MSG" */;
			buildPhases = (
				1660095B297630C300E6A546 /* Sources */,
				1660095C297630C300E6A546 /* Frameworks */,
				1660095D297630C300E6A546 /* Resources */,
			);
			buildRules = (
			);
			dependencies = (
			);
			name = MSG;
			packageProductDependencies = (
				16600971297630F600E6A546 /* FirebaseAuth */,
				16600973297630F600E6A546 /* FirebaseAuthCombine-Community */,
				16600975297630F600E6A546 /* FirebaseDatabase */,
				16600977297630F600E6A546 /* FirebaseDatabaseSwift */,
				16600979297630F600E6A546 /* FirebaseMessaging */,
				1660097B297630F600E6A546 /* FirebaseStorage */,
				1660097D297630F600E6A546 /* FirebaseStorageCombine-Community */,
				166009832976315700E6A546 /* KakaoSDK */,
				16573F012977D60B001176F6 /* FirebaseFirestore */,
				C025163029789952000E0219 /* GoogleSignIn */,
				C025163229789952000E0219 /* GoogleSignInSwift */,
				168CDEF3298CD15D00FAA3F4 /* Lottie */,
			);
			productName = MSG;
			productReference = 1660095F297630C300E6A546 /* MSG.app */;
			productType = "com.apple.product-type.application";
		};
/* End PBXNativeTarget section */

/* Begin PBXProject section */
		16600957297630C300E6A546 /* Project object */ = {
			isa = PBXProject;
			attributes = {
				BuildIndependentTargetsInParallel = 1;
				LastSwiftUpdateCheck = 1410;
				LastUpgradeCheck = 1410;
				TargetAttributes = {
					1660095E297630C300E6A546 = {
						CreatedOnToolsVersion = 14.1;
					};
				};
			};
			buildConfigurationList = 1660095A297630C300E6A546 /* Build configuration list for PBXProject "MSG" */;
			compatibilityVersion = "Xcode 14.0";
			developmentRegion = en;
			hasScannedForEncodings = 0;
			knownRegions = (
				en,
				Base,
			);
			mainGroup = 16600956297630C300E6A546;
			packageReferences = (
				16600970297630F600E6A546 /* XCRemoteSwiftPackageReference "firebase-ios-sdk" */,
				166009822976315700E6A546 /* XCRemoteSwiftPackageReference "kakao-ios-sdk" */,
				C025162F29789952000E0219 /* XCRemoteSwiftPackageReference "GoogleSignIn-iOS" */,
				168CDEF2298CD15D00FAA3F4 /* XCRemoteSwiftPackageReference "lottie-ios" */,
			);
			productRefGroup = 16600960297630C300E6A546 /* Products */;
			projectDirPath = "";
			projectRoot = "";
			targets = (
				1660095E297630C300E6A546 /* MSG */,
			);
		};
/* End PBXProject section */

/* Begin PBXResourcesBuildPhase section */
		1660095D297630C300E6A546 /* Resources */ = {
			isa = PBXResourcesBuildPhase;
			buildActionMask = 2147483647;
			files = (
				16DB66D22988A98C009BF8B7 /* Maplestory OTF Light.otf in Resources */,
				16DB66D32988A98C009BF8B7 /* Maplestory OTF Bold.otf in Resources */,
				1660096A297630C400E6A546 /* Preview Assets.xcassets in Resources */,
				63C9872E299B21E5008B1DE7 /* videoGames.json in Resources */,
				63C9872A299B21DE008B1DE7 /* notebook.json in Resources */,
				63C98731299B2209008B1DE7 /* moneyChart.json in Resources */,
				168CDEF9298CD53900FAA3F4 /* flyingMoney.json in Resources */,
				16573EDB2977AA38001176F6 /* GoogleService-Info.plist in Resources */,
				63C98735299B25E3008B1DE7 /* finance.json in Resources */,
				63C9872B299B21DE008B1DE7 /* winner.json in Resources */,
				168CDEFA298CD53900FAA3F4 /* run.json in Resources */,
				168CDEF6298CD1C200FAA3F4 /* ambulance.json in Resources */,
				16600967297630C400E6A546 /* Assets.xcassets in Resources */,
				63200F8729A754F8003D705A /* GoogleService-Info.plist in Resources */,
			);
			runOnlyForDeploymentPostprocessing = 0;
		};
/* End PBXResourcesBuildPhase section */

/* Begin PBXSourcesBuildPhase section */
		1660095B297630C300E6A546 /* Sources */ = {
			isa = PBXSourcesBuildPhase;
			buildActionMask = 2147483647;
			files = (
				4C8CA57E299C9F7D004A1F9C /* ChallengeViewRepositoryImpl.swift in Sources */,
				63690D3C298CCF0400B48DA4 /* Extension+View.swift in Sources */,
				63EC446F297A8366008A7FDE /* Extension+String.swift in Sources */,
				635A3D3A299A5D66007F174D /* ChallengeRecordRepositoryImpl.swift in Sources */,
				3602CBC82999FF49007D1034 /* FriendRepository.swift in Sources */,
				635D1129298DFDB000C4EDEC /* DeepConcaveView.swift in Sources */,
				165B152029A28F0200F44274 /* ExpenditureRepositoryImpl.swift in Sources */,
				163CB2CC299A27E4008506FD /* RealtimeService.swift in Sources */,
				36338AF9298B595A009ABB77 /* DivideFriendView.swift in Sources */,
				6342C2C7297648CB00C24D20 /* KakaoAppDelegate.swift in Sources */,
				165B151E29A28EE800F44274 /* ExpenditureRepository.swift in Sources */,
				6362E8CB2989574B0052C488 /* TabBarView.swift in Sources */,
				63691A3D299210E4007CC706 /* LicenseItem.swift in Sources */,
				16AE425C29A2355800317072 /* WaitingUseCase.swift in Sources */,
				4C8CA574299C91EC004A1F9C /* ChallengeViewModel.swift in Sources */,
				368FC46C299B736A00C68275 /* DateSheetView.swift in Sources */,
				36FA4918297791A100B26A24 /* ChartCellView.swift in Sources */,
				36C7BB822977B37200A3F999 /* OnBoardView5.swift in Sources */,
				3699A3C8298762FE00C650FD /* SoloGameSettingView.swift in Sources */,
				63200F7D29A73927003D705A /* Crop.swift in Sources */,
				631032492978273300F3A463 /* SystemThemeManager.swift in Sources */,
				6342C2CD297665D600C24D20 /* PrivacyPolicyView.swift in Sources */,
				63BC0F8629767608003F2379 /* MakeProfileView.swift in Sources */,
				16AE426029A2362700317072 /* WaitingRepositoryImpl.swift in Sources */,
				4C8CA57A299C99CF004A1F9C /* ChallengeViewRepository.swift in Sources */,
				16573EFF2977D429001176F6 /* FireStoreViewModel.swift in Sources */,
				168CDEF1298CD12200FAA3F4 /* LottieView.swift in Sources */,
				635A3D34299A5BE9007F174D /* ChallengeRecordViewModel.swift in Sources */,
				6342C2C929764AA500C24D20 /* KakaoSceneDelegate.swift in Sources */,
				6342C2C329763B0D00C24D20 /* LoginView.swift in Sources */,
				1611113D299C95B90002AD92 /* GameRequestDataSource.swift in Sources */,
				635A3D38299A5D06007F174D /* ChallengeRecordRepository.swift in Sources */,
				3602CBCF299A0099007D1034 /* FriendViewModel.swift in Sources */,
				16111139299C956C0002AD92 /* GameRequestRepository.swift in Sources */,
				635D1127298DFD3000C4EDEC /* ShallowConcaveView.swift in Sources */,
				16FBE6C62976784D001EC518 /* FriendViewCell.swift in Sources */,
				36FA49132977746600B26A24 /* ChartView.swift in Sources */,
				16111137299C92F50002AD92 /* GameRequestUseCase.swift in Sources */,
				16941FA3299A70BC003C06C6 /* AddFriendDataSource.swift in Sources */,
				367D709D2980C6890011E601 /* GameRequestAlertView.swift in Sources */,
				632B7CD129825C8000A3D53C /* CountDownView.swift in Sources */,
				635A3D3C299A5DBB007F174D /* ChallengeRecordDataSource.swift in Sources */,
				635D112B298DFE7000C4EDEC /* DarkModeToggle.swift in Sources */,
				1660099729766FCC00E6A546 /* AlertView.swift in Sources */,
				4C930D5F29763B4300EE046D /* HomeView.swift in Sources */,
				3602CBCD2999FFC3007D1034 /* FirebaseService.swift in Sources */,
				16941F9D299A6EEF003C06C6 /* AddFriendUseCase.swift in Sources */,
				362DB5F1299A066A00510314 /* ChallengeRepositoryImpl.swift in Sources */,
				362DB5EB299A057C00510314 /* ChallengeUseCase.swift in Sources */,
				3602CBC52999FF16007D1034 /* FriendRepositoryImpl.swift in Sources */,
				63200F8329A75109003D705A /* CropView.swift in Sources */,
				63200F8129A743D3003D705A /* CustomImagePicker.swift in Sources */,
				3635276429829C6E0037BD1B /* CustomAlertButton.swift in Sources */,
				36C7BB802977B37200A3F999 /* OnBoardView3.swift in Sources */,
				168AE7A829875EB600D68C1C /* WaitingViewModel.swift in Sources */,
				1691C0A52991E830009D75EF /* DeleteUserView.swift in Sources */,
				1611113B299C95900002AD92 /* GameRequestRepositoryImpl.swift in Sources */,
				3663DF4029763C51004C1CA6 /* GameSettingViewModel.swift in Sources */,
				36B093F92976694F0089E76A /* GameSettingView.swift in Sources */,
				C0F5FFE4297836D50021FF4F /* LoginVIewModel.swift in Sources */,
				165B152929A2991600F44274 /* ProgressViewModel.swift in Sources */,
				16600965297630C300E6A546 /* ContentView.swift in Sources */,
				360A1471298360A70058BB9B /* Utils.swift in Sources */,
				368FC46E299B737900C68275 /* ChallengeFriendCellView.swift in Sources */,
				16941FA8299A7B31003C06C6 /* CheckAddFriendViewModel.swift in Sources */,
				16111135299C92B90002AD92 /* GameRequestViewModel.swift in Sources */,
				36C7BB7E2977B37200A3F999 /* OnBoardView4.swift in Sources */,
				4C407A76297A5B4B00877360 /* NotificationManager.swift in Sources */,
				16AE426229A2363600317072 /* WaitingDataSource.swift in Sources */,
				36C7BB7F2977B37200A3F999 /* OnBoardView1.swift in Sources */,
				63691A3929920D73007CC706 /* LicenseView.swift in Sources */,
				161716B52993857F00CC4901 /* WaitingCountView.swift in Sources */,
				63691A4929921274007CC706 /* LicenseDetailView.swift in Sources */,
				165541EA298CC47900500895 /* ProgressBar2.swift in Sources */,
				6342C2CB29764EDA00C24D20 /* KakaoViewModel.swift in Sources */,
				1660098F2976404400E6A546 /* RealtimeViewModel.swift in Sources */,
				3602CBCB2999FF99007D1034 /* FriendDataSource.swift in Sources */,
				1660098D29763AD800E6A546 /* MSG.swift in Sources */,
				166009932976685200E6A546 /* FriendSettingView.swift in Sources */,
				3602CBC22999FD88007D1034 /* FriendUseCase.swift in Sources */,
				4C5B81832977750C00866E3F /* RecordDetailView.swift in Sources */,
				635A3D32299A5ACC007F174D /* ChallengeRecordListCell.swift in Sources */,
				168AE7A629875EA400D68C1C /* WaitingView.swift in Sources */,
				1660099529766FC000E6A546 /* FriendView.swift in Sources */,
				36C7BB7D2977B37200A3F999 /* OnBoardView2.swift in Sources */,
				36338AFD298B5B22009ABB77 /* DivideFriendCell.swift in Sources */,
				362DB5ED299A05CA00510314 /* ChallengeRepository.swift in Sources */,
				4C407A74297A5B1900877360 /* LocalNotification.swift in Sources */,
				16526E87298BA74000ED023A /* GameRequestAlertViewCell.swift in Sources */,
				1642F3FC298E893D0085FF00 /* MultiProgressBar.swift in Sources */,
				36352762298299F80037BD1B /* CustomAlertView.swift in Sources */,
				16DB66D52989282B009BF8B7 /* ListBackgroundModifier.swift in Sources */,
				165E321C2977EAF500678A09 /* SettingView.swift in Sources */,
				36B093FC29766FD80089E76A /* SpendingWritingView.swift in Sources */,
				4C930D6329763CF000EE046D /* BeforeChallengeView.swift in Sources */,
				16AE425E29A235E200317072 /* WaitingRepository.swift in Sources */,
				16941F9F299A6FED003C06C6 /* AddFriendRepository.swift in Sources */,
				16C6753629822E420028A608 /* Extension+Color.swift in Sources */,
				36C7BB812977B37200A3F999 /* OnBoardTapView.swift in Sources */,
				161398FC2983F863002A6F16 /* SpendingWriteViewModel.swift in Sources */,
				4C8CA578299C9914004A1F9C /* ChallengeViewUseCase.swift in Sources */,
				36DB97792976526900A0596F /* ViewModifier.swift in Sources */,
				63AC1FE8298FC8A4004E24F1 /* NotificationToggle.swift in Sources */,
				6310324B2978322900F3A463 /* Extension+NavigationController.swift in Sources */,
				C0F5FFC4297669AA0021FF4F /* ChallengeRecordView.swift in Sources */,
				16600963297630C300E6A546 /* MSGApp.swift in Sources */,
				165B152229A28F5A00F44274 /* ExpenditureUseCase.swift in Sources */,
				36FA4915297774C500B26A24 /* ProgressBar.swift in Sources */,
				165B151C29A2873500F44274 /* ExpenditureDataSource.swift in Sources */,
				16941FA1299A700B003C06C6 /* AddFriendRepositoryImpl.swift in Sources */,
				362DB5EF299A064800510314 /* ChallengeDataSource.swift in Sources */,
				4C8CA580299CCCA9004A1F9C /* AppDI.swift in Sources */,
				36338AFB298B5A5D009ABB77 /* DivideFriendViewModel.swift in Sources */,
				4C930D6129763CD200EE046D /* AfterChallengeView.swift in Sources */,
				4C8CA57C299C9BCE004A1F9C /* ChallengeViewDataSource.swift in Sources */,
				635A3D36299A5C8A007F174D /* ChallengeRecordUseCase.swift in Sources */,
				634CE3F7297920D500358E32 /* SegementedControllView.swift in Sources */,
			);
			runOnlyForDeploymentPostprocessing = 0;
		};
/* End PBXSourcesBuildPhase section */

/* Begin XCBuildConfiguration section */
		1660096B297630C400E6A546 /* Debug */ = {
			isa = XCBuildConfiguration;
			baseConfigurationReference = 6342C2C5297645F100C24D20 /* Config.xcconfig */;
			buildSettings = {
				ALWAYS_SEARCH_USER_PATHS = NO;
				CLANG_ANALYZER_NONNULL = YES;
				CLANG_ANALYZER_NUMBER_OBJECT_CONVERSION = YES_AGGRESSIVE;
				CLANG_CXX_LANGUAGE_STANDARD = "gnu++20";
				CLANG_ENABLE_MODULES = YES;
				CLANG_ENABLE_OBJC_ARC = YES;
				CLANG_ENABLE_OBJC_WEAK = YES;
				CLANG_WARN_BLOCK_CAPTURE_AUTORELEASING = YES;
				CLANG_WARN_BOOL_CONVERSION = YES;
				CLANG_WARN_COMMA = YES;
				CLANG_WARN_CONSTANT_CONVERSION = YES;
				CLANG_WARN_DEPRECATED_OBJC_IMPLEMENTATIONS = YES;
				CLANG_WARN_DIRECT_OBJC_ISA_USAGE = YES_ERROR;
				CLANG_WARN_DOCUMENTATION_COMMENTS = YES;
				CLANG_WARN_EMPTY_BODY = YES;
				CLANG_WARN_ENUM_CONVERSION = YES;
				CLANG_WARN_INFINITE_RECURSION = YES;
				CLANG_WARN_INT_CONVERSION = YES;
				CLANG_WARN_NON_LITERAL_NULL_CONVERSION = YES;
				CLANG_WARN_OBJC_IMPLICIT_RETAIN_SELF = YES;
				CLANG_WARN_OBJC_LITERAL_CONVERSION = YES;
				CLANG_WARN_OBJC_ROOT_CLASS = YES_ERROR;
				CLANG_WARN_QUOTED_INCLUDE_IN_FRAMEWORK_HEADER = YES;
				CLANG_WARN_RANGE_LOOP_ANALYSIS = YES;
				CLANG_WARN_STRICT_PROTOTYPES = YES;
				CLANG_WARN_SUSPICIOUS_MOVE = YES;
				CLANG_WARN_UNGUARDED_AVAILABILITY = YES_AGGRESSIVE;
				CLANG_WARN_UNREACHABLE_CODE = YES;
				CLANG_WARN__DUPLICATE_METHOD_MATCH = YES;
				COPY_PHASE_STRIP = NO;
				DEBUG_INFORMATION_FORMAT = dwarf;
				ENABLE_STRICT_OBJC_MSGSEND = YES;
				ENABLE_TESTABILITY = YES;
				GCC_C_LANGUAGE_STANDARD = gnu11;
				GCC_DYNAMIC_NO_PIC = NO;
				GCC_NO_COMMON_BLOCKS = YES;
				GCC_OPTIMIZATION_LEVEL = 0;
				GCC_PREPROCESSOR_DEFINITIONS = (
					"DEBUG=1",
					"$(inherited)",
				);
				GCC_WARN_64_TO_32_BIT_CONVERSION = YES;
				GCC_WARN_ABOUT_RETURN_TYPE = YES_ERROR;
				GCC_WARN_UNDECLARED_SELECTOR = YES;
				GCC_WARN_UNINITIALIZED_AUTOS = YES_AGGRESSIVE;
				GCC_WARN_UNUSED_FUNCTION = YES;
				GCC_WARN_UNUSED_VARIABLE = YES;
				IPHONEOS_DEPLOYMENT_TARGET = 16.0;
				MTL_ENABLE_DEBUG_INFO = INCLUDE_SOURCE;
				MTL_FAST_MATH = YES;
				ONLY_ACTIVE_ARCH = YES;
				SDKROOT = iphoneos;
				SWIFT_ACTIVE_COMPILATION_CONDITIONS = DEBUG;
				SWIFT_OPTIMIZATION_LEVEL = "-Onone";
			};
			name = Debug;
		};
		1660096C297630C400E6A546 /* Release */ = {
			isa = XCBuildConfiguration;
			baseConfigurationReference = 6342C2C5297645F100C24D20 /* Config.xcconfig */;
			buildSettings = {
				ALWAYS_SEARCH_USER_PATHS = NO;
				CLANG_ANALYZER_NONNULL = YES;
				CLANG_ANALYZER_NUMBER_OBJECT_CONVERSION = YES_AGGRESSIVE;
				CLANG_CXX_LANGUAGE_STANDARD = "gnu++20";
				CLANG_ENABLE_MODULES = YES;
				CLANG_ENABLE_OBJC_ARC = YES;
				CLANG_ENABLE_OBJC_WEAK = YES;
				CLANG_WARN_BLOCK_CAPTURE_AUTORELEASING = YES;
				CLANG_WARN_BOOL_CONVERSION = YES;
				CLANG_WARN_COMMA = YES;
				CLANG_WARN_CONSTANT_CONVERSION = YES;
				CLANG_WARN_DEPRECATED_OBJC_IMPLEMENTATIONS = YES;
				CLANG_WARN_DIRECT_OBJC_ISA_USAGE = YES_ERROR;
				CLANG_WARN_DOCUMENTATION_COMMENTS = YES;
				CLANG_WARN_EMPTY_BODY = YES;
				CLANG_WARN_ENUM_CONVERSION = YES;
				CLANG_WARN_INFINITE_RECURSION = YES;
				CLANG_WARN_INT_CONVERSION = YES;
				CLANG_WARN_NON_LITERAL_NULL_CONVERSION = YES;
				CLANG_WARN_OBJC_IMPLICIT_RETAIN_SELF = YES;
				CLANG_WARN_OBJC_LITERAL_CONVERSION = YES;
				CLANG_WARN_OBJC_ROOT_CLASS = YES_ERROR;
				CLANG_WARN_QUOTED_INCLUDE_IN_FRAMEWORK_HEADER = YES;
				CLANG_WARN_RANGE_LOOP_ANALYSIS = YES;
				CLANG_WARN_STRICT_PROTOTYPES = YES;
				CLANG_WARN_SUSPICIOUS_MOVE = YES;
				CLANG_WARN_UNGUARDED_AVAILABILITY = YES_AGGRESSIVE;
				CLANG_WARN_UNREACHABLE_CODE = YES;
				CLANG_WARN__DUPLICATE_METHOD_MATCH = YES;
				COPY_PHASE_STRIP = NO;
				DEBUG_INFORMATION_FORMAT = "dwarf-with-dsym";
				ENABLE_NS_ASSERTIONS = NO;
				ENABLE_STRICT_OBJC_MSGSEND = YES;
				GCC_C_LANGUAGE_STANDARD = gnu11;
				GCC_NO_COMMON_BLOCKS = YES;
				GCC_WARN_64_TO_32_BIT_CONVERSION = YES;
				GCC_WARN_ABOUT_RETURN_TYPE = YES_ERROR;
				GCC_WARN_UNDECLARED_SELECTOR = YES;
				GCC_WARN_UNINITIALIZED_AUTOS = YES_AGGRESSIVE;
				GCC_WARN_UNUSED_FUNCTION = YES;
				GCC_WARN_UNUSED_VARIABLE = YES;
				IPHONEOS_DEPLOYMENT_TARGET = 16.0;
				MTL_ENABLE_DEBUG_INFO = NO;
				MTL_FAST_MATH = YES;
				SDKROOT = iphoneos;
				SWIFT_COMPILATION_MODE = wholemodule;
				SWIFT_OPTIMIZATION_LEVEL = "-O";
				VALIDATE_PRODUCT = YES;
			};
			name = Release;
		};
		1660096E297630C400E6A546 /* Debug */ = {
			isa = XCBuildConfiguration;
			baseConfigurationReference = 6342C2C5297645F100C24D20 /* Config.xcconfig */;
			buildSettings = {
				ASSETCATALOG_COMPILER_APPICON_NAME = AppIcon;
				ASSETCATALOG_COMPILER_GLOBAL_ACCENT_COLOR_NAME = AccentColor;
				CODE_SIGN_ENTITLEMENTS = MSG/Resource/MSG.entitlements;
				CODE_SIGN_STYLE = Automatic;
				CURRENT_PROJECT_VERSION = 1;
				DEVELOPMENT_ASSET_PATHS = "\"MSG/Resource/Preview Content\"";
				DEVELOPMENT_TEAM = JY747KU2DH;
				ENABLE_PREVIEWS = YES;
				GENERATE_INFOPLIST_FILE = YES;
				INFOPLIST_FILE = MSG/Resource/Info.plist;
				INFOPLIST_KEY_CFBundleDisplayName = MSG;
				INFOPLIST_KEY_LSApplicationCategoryType = "public.app-category.finance";
				INFOPLIST_KEY_UIApplicationSceneManifest_Generation = YES;
				INFOPLIST_KEY_UIApplicationSupportsIndirectInputEvents = YES;
				INFOPLIST_KEY_UILaunchScreen_Generation = YES;
				INFOPLIST_KEY_UISupportedInterfaceOrientations = UIInterfaceOrientationPortrait;
				INFOPLIST_KEY_UISupportedInterfaceOrientations_iPad = "UIInterfaceOrientationLandscapeLeft UIInterfaceOrientationLandscapeRight UIInterfaceOrientationPortrait UIInterfaceOrientationPortraitUpsideDown";
				IPHONEOS_DEPLOYMENT_TARGET = 16.0;
				LD_RUNPATH_SEARCH_PATHS = (
					"$(inherited)",
					"@executable_path/Frameworks",
				);
				MARKETING_VERSION = 1.0;
				PRODUCT_BUNDLE_IDENTIFIER = com.likelion.msg.MSG;
				PRODUCT_NAME = "$(TARGET_NAME)";
				SUPPORTED_PLATFORMS = "iphoneos iphonesimulator";
				SUPPORTS_MACCATALYST = NO;
				SUPPORTS_MAC_DESIGNED_FOR_IPHONE_IPAD = NO;
				SWIFT_EMIT_LOC_STRINGS = YES;
				SWIFT_VERSION = 5.0;
				TARGETED_DEVICE_FAMILY = 1;
			};
			name = Debug;
		};
		1660096F297630C400E6A546 /* Release */ = {
			isa = XCBuildConfiguration;
			baseConfigurationReference = 6342C2C5297645F100C24D20 /* Config.xcconfig */;
			buildSettings = {
				ASSETCATALOG_COMPILER_APPICON_NAME = AppIcon;
				ASSETCATALOG_COMPILER_GLOBAL_ACCENT_COLOR_NAME = AccentColor;
				CODE_SIGN_ENTITLEMENTS = MSG/Resource/MSG.entitlements;
				CODE_SIGN_IDENTITY = "Apple Development";
				CODE_SIGN_STYLE = Automatic;
				CURRENT_PROJECT_VERSION = 1;
				DEVELOPMENT_ASSET_PATHS = "\"MSG/Resource/Preview Content\"";
				DEVELOPMENT_TEAM = JY747KU2DH;
				ENABLE_PREVIEWS = YES;
				GENERATE_INFOPLIST_FILE = YES;
				INFOPLIST_FILE = MSG/Resource/Info.plist;
				INFOPLIST_KEY_CFBundleDisplayName = MSG;
				INFOPLIST_KEY_LSApplicationCategoryType = "public.app-category.finance";
				INFOPLIST_KEY_UIApplicationSceneManifest_Generation = YES;
				INFOPLIST_KEY_UIApplicationSupportsIndirectInputEvents = YES;
				INFOPLIST_KEY_UILaunchScreen_Generation = YES;
				INFOPLIST_KEY_UISupportedInterfaceOrientations = UIInterfaceOrientationPortrait;
				INFOPLIST_KEY_UISupportedInterfaceOrientations_iPad = "UIInterfaceOrientationLandscapeLeft UIInterfaceOrientationLandscapeRight UIInterfaceOrientationPortrait UIInterfaceOrientationPortraitUpsideDown";
				IPHONEOS_DEPLOYMENT_TARGET = 16.0;
				LD_RUNPATH_SEARCH_PATHS = (
					"$(inherited)",
					"@executable_path/Frameworks",
				);
				MARKETING_VERSION = 1.0;
				PRODUCT_BUNDLE_IDENTIFIER = com.likelion.msg.MSG;
				PRODUCT_NAME = "$(TARGET_NAME)";
				PROVISIONING_PROFILE_SPECIFIER = "";
				SUPPORTED_PLATFORMS = "iphoneos iphonesimulator";
				SUPPORTS_MACCATALYST = NO;
				SUPPORTS_MAC_DESIGNED_FOR_IPHONE_IPAD = NO;
				SWIFT_EMIT_LOC_STRINGS = YES;
				SWIFT_VERSION = 5.0;
				TARGETED_DEVICE_FAMILY = 1;
			};
			name = Release;
		};
/* End XCBuildConfiguration section */

/* Begin XCConfigurationList section */
		1660095A297630C300E6A546 /* Build configuration list for PBXProject "MSG" */ = {
			isa = XCConfigurationList;
			buildConfigurations = (
				1660096B297630C400E6A546 /* Debug */,
				1660096C297630C400E6A546 /* Release */,
			);
			defaultConfigurationIsVisible = 0;
			defaultConfigurationName = Release;
		};
		1660096D297630C400E6A546 /* Build configuration list for PBXNativeTarget "MSG" */ = {
			isa = XCConfigurationList;
			buildConfigurations = (
				1660096E297630C400E6A546 /* Debug */,
				1660096F297630C400E6A546 /* Release */,
			);
			defaultConfigurationIsVisible = 0;
			defaultConfigurationName = Release;
		};
/* End XCConfigurationList section */

/* Begin XCRemoteSwiftPackageReference section */
		16600970297630F600E6A546 /* XCRemoteSwiftPackageReference "firebase-ios-sdk" */ = {
			isa = XCRemoteSwiftPackageReference;
			repositoryURL = "https://github.com/firebase/firebase-ios-sdk";
			requirement = {
				kind = upToNextMajorVersion;
				minimumVersion = 9.0.0;
			};
		};
		166009822976315700E6A546 /* XCRemoteSwiftPackageReference "kakao-ios-sdk" */ = {
			isa = XCRemoteSwiftPackageReference;
			repositoryURL = "https://github.com/kakao/kakao-ios-sdk";
			requirement = {
				branch = master;
				kind = branch;
			};
		};
		168CDEF2298CD15D00FAA3F4 /* XCRemoteSwiftPackageReference "lottie-ios" */ = {
			isa = XCRemoteSwiftPackageReference;
			repositoryURL = "https://github.com/airbnb/lottie-ios.git";
			requirement = {
				branch = master;
				kind = branch;
			};
		};
		C025162F29789952000E0219 /* XCRemoteSwiftPackageReference "GoogleSignIn-iOS" */ = {
			isa = XCRemoteSwiftPackageReference;
			repositoryURL = "https://github.com/google/GoogleSignIn-iOS/";
			requirement = {
				kind = exactVersion;
				version = 6.2.4;
			};
		};
/* End XCRemoteSwiftPackageReference section */

/* Begin XCSwiftPackageProductDependency section */
		16573F012977D60B001176F6 /* FirebaseFirestore */ = {
			isa = XCSwiftPackageProductDependency;
			package = 16600970297630F600E6A546 /* XCRemoteSwiftPackageReference "firebase-ios-sdk" */;
			productName = FirebaseFirestore;
		};
		16600971297630F600E6A546 /* FirebaseAuth */ = {
			isa = XCSwiftPackageProductDependency;
			package = 16600970297630F600E6A546 /* XCRemoteSwiftPackageReference "firebase-ios-sdk" */;
			productName = FirebaseAuth;
		};
		16600973297630F600E6A546 /* FirebaseAuthCombine-Community */ = {
			isa = XCSwiftPackageProductDependency;
			package = 16600970297630F600E6A546 /* XCRemoteSwiftPackageReference "firebase-ios-sdk" */;
			productName = "FirebaseAuthCombine-Community";
		};
		16600975297630F600E6A546 /* FirebaseDatabase */ = {
			isa = XCSwiftPackageProductDependency;
			package = 16600970297630F600E6A546 /* XCRemoteSwiftPackageReference "firebase-ios-sdk" */;
			productName = FirebaseDatabase;
		};
		16600977297630F600E6A546 /* FirebaseDatabaseSwift */ = {
			isa = XCSwiftPackageProductDependency;
			package = 16600970297630F600E6A546 /* XCRemoteSwiftPackageReference "firebase-ios-sdk" */;
			productName = FirebaseDatabaseSwift;
		};
		16600979297630F600E6A546 /* FirebaseMessaging */ = {
			isa = XCSwiftPackageProductDependency;
			package = 16600970297630F600E6A546 /* XCRemoteSwiftPackageReference "firebase-ios-sdk" */;
			productName = FirebaseMessaging;
		};
		1660097B297630F600E6A546 /* FirebaseStorage */ = {
			isa = XCSwiftPackageProductDependency;
			package = 16600970297630F600E6A546 /* XCRemoteSwiftPackageReference "firebase-ios-sdk" */;
			productName = FirebaseStorage;
		};
		1660097D297630F600E6A546 /* FirebaseStorageCombine-Community */ = {
			isa = XCSwiftPackageProductDependency;
			package = 16600970297630F600E6A546 /* XCRemoteSwiftPackageReference "firebase-ios-sdk" */;
			productName = "FirebaseStorageCombine-Community";
		};
		166009832976315700E6A546 /* KakaoSDK */ = {
			isa = XCSwiftPackageProductDependency;
			package = 166009822976315700E6A546 /* XCRemoteSwiftPackageReference "kakao-ios-sdk" */;
			productName = KakaoSDK;
		};
		168CDEF3298CD15D00FAA3F4 /* Lottie */ = {
			isa = XCSwiftPackageProductDependency;
			package = 168CDEF2298CD15D00FAA3F4 /* XCRemoteSwiftPackageReference "lottie-ios" */;
			productName = Lottie;
		};
		C025163029789952000E0219 /* GoogleSignIn */ = {
			isa = XCSwiftPackageProductDependency;
			package = C025162F29789952000E0219 /* XCRemoteSwiftPackageReference "GoogleSignIn-iOS" */;
			productName = GoogleSignIn;
		};
		C025163229789952000E0219 /* GoogleSignInSwift */ = {
			isa = XCSwiftPackageProductDependency;
			package = C025162F29789952000E0219 /* XCRemoteSwiftPackageReference "GoogleSignIn-iOS" */;
			productName = GoogleSignInSwift;
		};
/* End XCSwiftPackageProductDependency section */
	};
	rootObject = 16600957297630C300E6A546 /* Project object */;
}
