// !$*UTF8*$!
{
	archiveVersion = 1;
	classes = {
	};
	objectVersion = 56;
	objects = {

/* Begin PBXBuildFile section */
		16600963297630C300E6A546 /* MSGApp.swift in Sources */ = {isa = PBXBuildFile; fileRef = 16600962297630C300E6A546 /* MSGApp.swift */; };
		16600965297630C300E6A546 /* ContentView.swift in Sources */ = {isa = PBXBuildFile; fileRef = 16600964297630C300E6A546 /* ContentView.swift */; };
		16600967297630C400E6A546 /* Assets.xcassets in Resources */ = {isa = PBXBuildFile; fileRef = 16600966297630C400E6A546 /* Assets.xcassets */; };
		1660096A297630C400E6A546 /* Preview Assets.xcassets in Resources */ = {isa = PBXBuildFile; fileRef = 16600969297630C400E6A546 /* Preview Assets.xcassets */; };
		16600972297630F600E6A546 /* FirebaseAuth in Frameworks */ = {isa = PBXBuildFile; productRef = 16600971297630F600E6A546 /* FirebaseAuth */; };
		16600974297630F600E6A546 /* FirebaseAuthCombine-Community in Frameworks */ = {isa = PBXBuildFile; productRef = 16600973297630F600E6A546 /* FirebaseAuthCombine-Community */; };
		16600976297630F600E6A546 /* FirebaseDatabase in Frameworks */ = {isa = PBXBuildFile; productRef = 16600975297630F600E6A546 /* FirebaseDatabase */; };
		16600978297630F600E6A546 /* FirebaseDatabaseSwift in Frameworks */ = {isa = PBXBuildFile; productRef = 16600977297630F600E6A546 /* FirebaseDatabaseSwift */; };
		1660097A297630F600E6A546 /* FirebaseMessaging in Frameworks */ = {isa = PBXBuildFile; productRef = 16600979297630F600E6A546 /* FirebaseMessaging */; };
		1660097C297630F600E6A546 /* FirebaseStorage in Frameworks */ = {isa = PBXBuildFile; productRef = 1660097B297630F600E6A546 /* FirebaseStorage */; };
		1660097E297630F600E6A546 /* FirebaseStorageCombine-Community in Frameworks */ = {isa = PBXBuildFile; productRef = 1660097D297630F600E6A546 /* FirebaseStorageCombine-Community */; };
		166009812976313800E6A546 /* GoogleSignInSwift in Frameworks */ = {isa = PBXBuildFile; productRef = 166009802976313800E6A546 /* GoogleSignInSwift */; };
		166009842976315700E6A546 /* KakaoSDK in Frameworks */ = {isa = PBXBuildFile; productRef = 166009832976315700E6A546 /* KakaoSDK */; };
		1660098B29763A9F00E6A546 /* GoogleService-Info.plist in Resources */ = {isa = PBXBuildFile; fileRef = 1660098A29763A9E00E6A546 /* GoogleService-Info.plist */; };
		166009932976685200E6A546 /* FriendSettingView.swift in Sources */ = {isa = PBXBuildFile; fileRef = 166009922976685200E6A546 /* FriendSettingView.swift */; };
		1660099529766FC000E6A546 /* FriendView.swift in Sources */ = {isa = PBXBuildFile; fileRef = 1660099429766FC000E6A546 /* FriendView.swift */; };
		1660099729766FCC00E6A546 /* AlertView.swift in Sources */ = {isa = PBXBuildFile; fileRef = 1660099629766FCC00E6A546 /* AlertView.swift */; };
		16FBE6C62976784D001EC518 /* FriendViewCell.swift in Sources */ = {isa = PBXBuildFile; fileRef = 16FBE6C52976784D001EC518 /* FriendViewCell.swift */; };
/* End PBXBuildFile section */

/* Begin PBXFileReference section */
		1660095F297630C300E6A546 /* MSG.app */ = {isa = PBXFileReference; explicitFileType = wrapper.application; includeInIndex = 0; path = MSG.app; sourceTree = BUILT_PRODUCTS_DIR; };
		16600962297630C300E6A546 /* MSGApp.swift */ = {isa = PBXFileReference; lastKnownFileType = sourcecode.swift; path = MSGApp.swift; sourceTree = "<group>"; };
		16600964297630C300E6A546 /* ContentView.swift */ = {isa = PBXFileReference; lastKnownFileType = sourcecode.swift; path = ContentView.swift; sourceTree = "<group>"; };
		16600966297630C400E6A546 /* Assets.xcassets */ = {isa = PBXFileReference; lastKnownFileType = folder.assetcatalog; path = Assets.xcassets; sourceTree = "<group>"; };
		16600969297630C400E6A546 /* Preview Assets.xcassets */ = {isa = PBXFileReference; lastKnownFileType = folder.assetcatalog; path = "Preview Assets.xcassets"; sourceTree = "<group>"; };
		1660098A29763A9E00E6A546 /* GoogleService-Info.plist */ = {isa = PBXFileReference; fileEncoding = 4; lastKnownFileType = text.plist.xml; path = "GoogleService-Info.plist"; sourceTree = "<group>"; };
		166009922976685200E6A546 /* FriendSettingView.swift */ = {isa = PBXFileReference; lastKnownFileType = sourcecode.swift; path = FriendSettingView.swift; sourceTree = "<group>"; };
		1660099429766FC000E6A546 /* FriendView.swift */ = {isa = PBXFileReference; lastKnownFileType = sourcecode.swift; path = FriendView.swift; sourceTree = "<group>"; };
		1660099629766FCC00E6A546 /* AlertView.swift */ = {isa = PBXFileReference; lastKnownFileType = sourcecode.swift; path = AlertView.swift; sourceTree = "<group>"; };
		16FBE6C52976784D001EC518 /* FriendViewCell.swift */ = {isa = PBXFileReference; lastKnownFileType = sourcecode.swift; path = FriendViewCell.swift; sourceTree = "<group>"; };
/* End PBXFileReference section */

/* Begin PBXFrameworksBuildPhase section */
		1660095C297630C300E6A546 /* Frameworks */ = {
			isa = PBXFrameworksBuildPhase;
			buildActionMask = 2147483647;
			files = (
				16600978297630F600E6A546 /* FirebaseDatabaseSwift in Frameworks */,
				1660097E297630F600E6A546 /* FirebaseStorageCombine-Community in Frameworks */,
				16600976297630F600E6A546 /* FirebaseDatabase in Frameworks */,
				166009812976313800E6A546 /* GoogleSignInSwift in Frameworks */,
				1660097A297630F600E6A546 /* FirebaseMessaging in Frameworks */,
				16600972297630F600E6A546 /* FirebaseAuth in Frameworks */,
				16600974297630F600E6A546 /* FirebaseAuthCombine-Community in Frameworks */,
				1660097C297630F600E6A546 /* FirebaseStorage in Frameworks */,
				166009842976315700E6A546 /* KakaoSDK in Frameworks */,
			);
			runOnlyForDeploymentPostprocessing = 0;
		};
/* End PBXFrameworksBuildPhase section */

/* Begin PBXGroup section */
		16600956297630C300E6A546 = {
			isa = PBXGroup;
			children = (
				16600961297630C300E6A546 /* MSG */,
				16600960297630C300E6A546 /* Products */,
			);
			sourceTree = "<group>";
		};
		16600960297630C300E6A546 /* Products */ = {
			isa = PBXGroup;
			children = (
				1660095F297630C300E6A546 /* MSG.app */,
			);
			name = Products;
			sourceTree = "<group>";
		};
		16600961297630C300E6A546 /* MSG */ = {
			isa = PBXGroup;
			children = (
				166009872976335A00E6A546 /* Model */,
				166009852976334600E6A546 /* View */,
				166009862976334C00E6A546 /* ViewModel */,
				16600962297630C300E6A546 /* MSGApp.swift */,
				16600964297630C300E6A546 /* ContentView.swift */,
				16600966297630C400E6A546 /* Assets.xcassets */,
				1660098A29763A9E00E6A546 /* GoogleService-Info.plist */,
				16600968297630C400E6A546 /* Preview Content */,
			);
			path = MSG;
			sourceTree = "<group>";
		};
		16600968297630C400E6A546 /* Preview Content */ = {
			isa = PBXGroup;
			children = (
				16600969297630C400E6A546 /* Preview Assets.xcassets */,
			);
			path = "Preview Content";
			sourceTree = "<group>";
		};
		166009852976334600E6A546 /* View */ = {
			isa = PBXGroup;
			children = (
				166009922976685200E6A546 /* FriendSettingView.swift */,
				1660099429766FC000E6A546 /* FriendView.swift */,
				16FBE6C52976784D001EC518 /* FriendViewCell.swift */,
				1660099629766FCC00E6A546 /* AlertView.swift */,
			);
			path = View;
			sourceTree = "<group>";
		};
		166009862976334C00E6A546 /* ViewModel */ = {
			isa = PBXGroup;
			children = (
			);
			path = ViewModel;
			sourceTree = "<group>";
		};
		166009872976335A00E6A546 /* Model */ = {
			isa = PBXGroup;
			children = (
			);
			path = Model;
			sourceTree = "<group>";
		};
/* End PBXGroup section */

/* Begin PBXNativeTarget section */
		1660095E297630C300E6A546 /* MSG */ = {
			isa = PBXNativeTarget;
			buildConfigurationList = 1660096D297630C400E6A546 /* Build configuration list for PBXNativeTarget "MSG" */;
			buildPhases = (
				1660095B297630C300E6A546 /* Sources */,
				1660095C297630C300E6A546 /* Frameworks */,
				1660095D297630C300E6A546 /* Resources */,
			);
			buildRules = (
			);
			dependencies = (
			);
			name = MSG;
			packageProductDependencies = (
				16600971297630F600E6A546 /* FirebaseAuth */,
				16600973297630F600E6A546 /* FirebaseAuthCombine-Community */,
				16600975297630F600E6A546 /* FirebaseDatabase */,
				16600977297630F600E6A546 /* FirebaseDatabaseSwift */,
				16600979297630F600E6A546 /* FirebaseMessaging */,
				1660097B297630F600E6A546 /* FirebaseStorage */,
				1660097D297630F600E6A546 /* FirebaseStorageCombine-Community */,
				166009802976313800E6A546 /* GoogleSignInSwift */,
				166009832976315700E6A546 /* KakaoSDK */,
			);
			productName = MSG;
			productReference = 1660095F297630C300E6A546 /* MSG.app */;
			productType = "com.apple.product-type.application";
		};
/* End PBXNativeTarget section */

/* Begin PBXProject section */
		16600957297630C300E6A546 /* Project object */ = {
			isa = PBXProject;
			attributes = {
				BuildIndependentTargetsInParallel = 1;
				LastSwiftUpdateCheck = 1410;
				LastUpgradeCheck = 1410;
				TargetAttributes = {
					1660095E297630C300E6A546 = {
						CreatedOnToolsVersion = 14.1;
					};
				};
			};
			buildConfigurationList = 1660095A297630C300E6A546 /* Build configuration list for PBXProject "MSG" */;
			compatibilityVersion = "Xcode 14.0";
			developmentRegion = en;
			hasScannedForEncodings = 0;
			knownRegions = (
				en,
				Base,
			);
			mainGroup = 16600956297630C300E6A546;
			packageReferences = (
				16600970297630F600E6A546 /* XCRemoteSwiftPackageReference "firebase-ios-sdk" */,
				1660097F2976313800E6A546 /* XCRemoteSwiftPackageReference "GoogleSignIn-iOS" */,
				166009822976315700E6A546 /* XCRemoteSwiftPackageReference "kakao-ios-sdk" */,
			);
			productRefGroup = 16600960297630C300E6A546 /* Products */;
			projectDirPath = "";
			projectRoot = "";
			targets = (
				1660095E297630C300E6A546 /* MSG */,
			);
		};
/* End PBXProject section */

/* Begin PBXResourcesBuildPhase section */
		1660095D297630C300E6A546 /* Resources */ = {
			isa = PBXResourcesBuildPhase;
			buildActionMask = 2147483647;
			files = (
				1660096A297630C400E6A546 /* Preview Assets.xcassets in Resources */,
				1660098B29763A9F00E6A546 /* GoogleService-Info.plist in Resources */,
				16600967297630C400E6A546 /* Assets.xcassets in Resources */,
			);
			runOnlyForDeploymentPostprocessing = 0;
		};
/* End PBXResourcesBuildPhase section */

/* Begin PBXSourcesBuildPhase section */
		1660095B297630C300E6A546 /* Sources */ = {
			isa = PBXSourcesBuildPhase;
			buildActionMask = 2147483647;
			files = (
				16FBE6C62976784D001EC518 /* FriendViewCell.swift in Sources */,
				1660099729766FCC00E6A546 /* AlertView.swift in Sources */,
				16600965297630C300E6A546 /* ContentView.swift in Sources */,
				166009932976685200E6A546 /* FriendSettingView.swift in Sources */,
				1660099529766FC000E6A546 /* FriendView.swift in Sources */,
				16600963297630C300E6A546 /* MSGApp.swift in Sources */,
			);
			runOnlyForDeploymentPostprocessing = 0;
		};
/* End PBXSourcesBuildPhase section */

/* Begin XCBuildConfiguration section */
		1660096B297630C400E6A546 /* Debug */ = {
			isa = XCBuildConfiguration;
			buildSettings = {
				ALWAYS_SEARCH_USER_PATHS = NO;
				CLANG_ANALYZER_NONNULL = YES;
				CLANG_ANALYZER_NUMBER_OBJECT_CONVERSION = YES_AGGRESSIVE;
				CLANG_CXX_LANGUAGE_STANDARD = "gnu++20";
				CLANG_ENABLE_MODULES = YES;
				CLANG_ENABLE_OBJC_ARC = YES;
				CLANG_ENABLE_OBJC_WEAK = YES;
				CLANG_WARN_BLOCK_CAPTURE_AUTORELEASING = YES;
				CLANG_WARN_BOOL_CONVERSION = YES;
				CLANG_WARN_COMMA = YES;
				CLANG_WARN_CONSTANT_CONVERSION = YES;
				CLANG_WARN_DEPRECATED_OBJC_IMPLEMENTATIONS = YES;
				CLANG_WARN_DIRECT_OBJC_ISA_USAGE = YES_ERROR;
				CLANG_WARN_DOCUMENTATION_COMMENTS = YES;
				CLANG_WARN_EMPTY_BODY = YES;
				CLANG_WARN_ENUM_CONVERSION = YES;
				CLANG_WARN_INFINITE_RECURSION = YES;
				CLANG_WARN_INT_CONVERSION = YES;
				CLANG_WARN_NON_LITERAL_NULL_CONVERSION = YES;
				CLANG_WARN_OBJC_IMPLICIT_RETAIN_SELF = YES;
				CLANG_WARN_OBJC_LITERAL_CONVERSION = YES;
				CLANG_WARN_OBJC_ROOT_CLASS = YES_ERROR;
				CLANG_WARN_QUOTED_INCLUDE_IN_FRAMEWORK_HEADER = YES;
				CLANG_WARN_RANGE_LOOP_ANALYSIS = YES;
				CLANG_WARN_STRICT_PROTOTYPES = YES;
				CLANG_WARN_SUSPICIOUS_MOVE = YES;
				CLANG_WARN_UNGUARDED_AVAILABILITY = YES_AGGRESSIVE;
				CLANG_WARN_UNREACHABLE_CODE = YES;
				CLANG_WARN__DUPLICATE_METHOD_MATCH = YES;
				COPY_PHASE_STRIP = NO;
				DEBUG_INFORMATION_FORMAT = dwarf;
				ENABLE_STRICT_OBJC_MSGSEND = YES;
				ENABLE_TESTABILITY = YES;
				GCC_C_LANGUAGE_STANDARD = gnu11;
				GCC_DYNAMIC_NO_PIC = NO;
				GCC_NO_COMMON_BLOCKS = YES;
				GCC_OPTIMIZATION_LEVEL = 0;
				GCC_PREPROCESSOR_DEFINITIONS = (
					"DEBUG=1",
					"$(inherited)",
				);
				GCC_WARN_64_TO_32_BIT_CONVERSION = YES;
				GCC_WARN_ABOUT_RETURN_TYPE = YES_ERROR;
				GCC_WARN_UNDECLARED_SELECTOR = YES;
				GCC_WARN_UNINITIALIZED_AUTOS = YES_AGGRESSIVE;
				GCC_WARN_UNUSED_FUNCTION = YES;
				GCC_WARN_UNUSED_VARIABLE = YES;
				IPHONEOS_DEPLOYMENT_TARGET = 16.1;
				MTL_ENABLE_DEBUG_INFO = INCLUDE_SOURCE;
				MTL_FAST_MATH = YES;
				ONLY_ACTIVE_ARCH = YES;
				SDKROOT = iphoneos;
				SWIFT_ACTIVE_COMPILATION_CONDITIONS = DEBUG;
				SWIFT_OPTIMIZATION_LEVEL = "-Onone";
			};
			name = Debug;
		};
		1660096C297630C400E6A546 /* Release */ = {
			isa = XCBuildConfiguration;
			buildSettings = {
				ALWAYS_SEARCH_USER_PATHS = NO;
				CLANG_ANALYZER_NONNULL = YES;
				CLANG_ANALYZER_NUMBER_OBJECT_CONVERSION = YES_AGGRESSIVE;
				CLANG_CXX_LANGUAGE_STANDARD = "gnu++20";
				CLANG_ENABLE_MODULES = YES;
				CLANG_ENABLE_OBJC_ARC = YES;
				CLANG_ENABLE_OBJC_WEAK = YES;
				CLANG_WARN_BLOCK_CAPTURE_AUTORELEASING = YES;
				CLANG_WARN_BOOL_CONVERSION = YES;
				CLANG_WARN_COMMA = YES;
				CLANG_WARN_CONSTANT_CONVERSION = YES;
				CLANG_WARN_DEPRECATED_OBJC_IMPLEMENTATIONS = YES;
				CLANG_WARN_DIRECT_OBJC_ISA_USAGE = YES_ERROR;
				CLANG_WARN_DOCUMENTATION_COMMENTS = YES;
				CLANG_WARN_EMPTY_BODY = YES;
				CLANG_WARN_ENUM_CONVERSION = YES;
				CLANG_WARN_INFINITE_RECURSION = YES;
				CLANG_WARN_INT_CONVERSION = YES;
				CLANG_WARN_NON_LITERAL_NULL_CONVERSION = YES;
				CLANG_WARN_OBJC_IMPLICIT_RETAIN_SELF = YES;
				CLANG_WARN_OBJC_LITERAL_CONVERSION = YES;
				CLANG_WARN_OBJC_ROOT_CLASS = YES_ERROR;
				CLANG_WARN_QUOTED_INCLUDE_IN_FRAMEWORK_HEADER = YES;
				CLANG_WARN_RANGE_LOOP_ANALYSIS = YES;
				CLANG_WARN_STRICT_PROTOTYPES = YES;
				CLANG_WARN_SUSPICIOUS_MOVE = YES;
				CLANG_WARN_UNGUARDED_AVAILABILITY = YES_AGGRESSIVE;
				CLANG_WARN_UNREACHABLE_CODE = YES;
				CLANG_WARN__DUPLICATE_METHOD_MATCH = YES;
				COPY_PHASE_STRIP = NO;
				DEBUG_INFORMATION_FORMAT = "dwarf-with-dsym";
				ENABLE_NS_ASSERTIONS = NO;
				ENABLE_STRICT_OBJC_MSGSEND = YES;
				GCC_C_LANGUAGE_STANDARD = gnu11;
				GCC_NO_COMMON_BLOCKS = YES;
				GCC_WARN_64_TO_32_BIT_CONVERSION = YES;
				GCC_WARN_ABOUT_RETURN_TYPE = YES_ERROR;
				GCC_WARN_UNDECLARED_SELECTOR = YES;
				GCC_WARN_UNINITIALIZED_AUTOS = YES_AGGRESSIVE;
				GCC_WARN_UNUSED_FUNCTION = YES;
				GCC_WARN_UNUSED_VARIABLE = YES;
				IPHONEOS_DEPLOYMENT_TARGET = 16.1;
				MTL_ENABLE_DEBUG_INFO = NO;
				MTL_FAST_MATH = YES;
				SDKROOT = iphoneos;
				SWIFT_COMPILATION_MODE = wholemodule;
				SWIFT_OPTIMIZATION_LEVEL = "-O";
				VALIDATE_PRODUCT = YES;
			};
			name = Release;
		};
		1660096E297630C400E6A546 /* Debug */ = {
			isa = XCBuildConfiguration;
			buildSettings = {
				ASSETCATALOG_COMPILER_APPICON_NAME = AppIcon;
				ASSETCATALOG_COMPILER_GLOBAL_ACCENT_COLOR_NAME = AccentColor;
				CODE_SIGN_STYLE = Automatic;
				CURRENT_PROJECT_VERSION = 1;
				DEVELOPMENT_ASSET_PATHS = "\"MSG/Preview Content\"";
				DEVELOPMENT_TEAM = 69AX92X75M;
				ENABLE_PREVIEWS = YES;
				GENERATE_INFOPLIST_FILE = YES;
				INFOPLIST_KEY_UIApplicationSceneManifest_Generation = YES;
				INFOPLIST_KEY_UIApplicationSupportsIndirectInputEvents = YES;
				INFOPLIST_KEY_UILaunchScreen_Generation = YES;
				INFOPLIST_KEY_UISupportedInterfaceOrientations_iPad = "UIInterfaceOrientationPortrait UIInterfaceOrientationPortraitUpsideDown UIInterfaceOrientationLandscapeLeft UIInterfaceOrientationLandscapeRight";
				INFOPLIST_KEY_UISupportedInterfaceOrientations_iPhone = "UIInterfaceOrientationPortrait UIInterfaceOrientationLandscapeLeft UIInterfaceOrientationLandscapeRight";
				LD_RUNPATH_SEARCH_PATHS = (
					"$(inherited)",
					"@executable_path/Frameworks",
				);
				MARKETING_VERSION = 1.0;
				PRODUCT_BUNDLE_IDENTIFIER = likelion.msg.MSG;
				PRODUCT_NAME = "$(TARGET_NAME)";
				SWIFT_EMIT_LOC_STRINGS = YES;
				SWIFT_VERSION = 5.0;
				TARGETED_DEVICE_FAMILY = "1,2";
			};
			name = Debug;
		};
		1660096F297630C400E6A546 /* Release */ = {
			isa = XCBuildConfiguration;
			buildSettings = {
				ASSETCATALOG_COMPILER_APPICON_NAME = AppIcon;
				ASSETCATALOG_COMPILER_GLOBAL_ACCENT_COLOR_NAME = AccentColor;
				CODE_SIGN_STYLE = Automatic;
				CURRENT_PROJECT_VERSION = 1;
				DEVELOPMENT_ASSET_PATHS = "\"MSG/Preview Content\"";
				DEVELOPMENT_TEAM = 69AX92X75M;
				ENABLE_PREVIEWS = YES;
				GENERATE_INFOPLIST_FILE = YES;
				INFOPLIST_KEY_UIApplicationSceneManifest_Generation = YES;
				INFOPLIST_KEY_UIApplicationSupportsIndirectInputEvents = YES;
				INFOPLIST_KEY_UILaunchScreen_Generation = YES;
				INFOPLIST_KEY_UISupportedInterfaceOrientations_iPad = "UIInterfaceOrientationPortrait UIInterfaceOrientationPortraitUpsideDown UIInterfaceOrientationLandscapeLeft UIInterfaceOrientationLandscapeRight";
				INFOPLIST_KEY_UISupportedInterfaceOrientations_iPhone = "UIInterfaceOrientationPortrait UIInterfaceOrientationLandscapeLeft UIInterfaceOrientationLandscapeRight";
				LD_RUNPATH_SEARCH_PATHS = (
					"$(inherited)",
					"@executable_path/Frameworks",
				);
				MARKETING_VERSION = 1.0;
				PRODUCT_BUNDLE_IDENTIFIER = likelion.msg.MSG;
				PRODUCT_NAME = "$(TARGET_NAME)";
				SWIFT_EMIT_LOC_STRINGS = YES;
				SWIFT_VERSION = 5.0;
				TARGETED_DEVICE_FAMILY = "1,2";
			};
			name = Release;
		};
/* End XCBuildConfiguration section */

/* Begin XCConfigurationList section */
		1660095A297630C300E6A546 /* Build configuration list for PBXProject "MSG" */ = {
			isa = XCConfigurationList;
			buildConfigurations = (
				1660096B297630C400E6A546 /* Debug */,
				1660096C297630C400E6A546 /* Release */,
			);
			defaultConfigurationIsVisible = 0;
			defaultConfigurationName = Release;
		};
		1660096D297630C400E6A546 /* Build configuration list for PBXNativeTarget "MSG" */ = {
			isa = XCConfigurationList;
			buildConfigurations = (
				1660096E297630C400E6A546 /* Debug */,
				1660096F297630C400E6A546 /* Release */,
			);
			defaultConfigurationIsVisible = 0;
			defaultConfigurationName = Release;
		};
/* End XCConfigurationList section */

/* Begin XCRemoteSwiftPackageReference section */
		16600970297630F600E6A546 /* XCRemoteSwiftPackageReference "firebase-ios-sdk" */ = {
			isa = XCRemoteSwiftPackageReference;
			repositoryURL = "https://github.com/firebase/firebase-ios-sdk";
			requirement = {
				kind = upToNextMajorVersion;
				minimumVersion = 9.0.0;
			};
		};
		1660097F2976313800E6A546 /* XCRemoteSwiftPackageReference "GoogleSignIn-iOS" */ = {
			isa = XCRemoteSwiftPackageReference;
			repositoryURL = "https://github.com/google/GoogleSignIn-iOS";
			requirement = {
				kind = upToNextMajorVersion;
				minimumVersion = 7.0.0;
			};
		};
		166009822976315700E6A546 /* XCRemoteSwiftPackageReference "kakao-ios-sdk" */ = {
			isa = XCRemoteSwiftPackageReference;
			repositoryURL = "https://github.com/kakao/kakao-ios-sdk";
			requirement = {
				branch = master;
				kind = branch;
			};
		};
/* End XCRemoteSwiftPackageReference section */

/* Begin XCSwiftPackageProductDependency section */
		16600971297630F600E6A546 /* FirebaseAuth */ = {
			isa = XCSwiftPackageProductDependency;
			package = 16600970297630F600E6A546 /* XCRemoteSwiftPackageReference "firebase-ios-sdk" */;
			productName = FirebaseAuth;
		};
		16600973297630F600E6A546 /* FirebaseAuthCombine-Community */ = {
			isa = XCSwiftPackageProductDependency;
			package = 16600970297630F600E6A546 /* XCRemoteSwiftPackageReference "firebase-ios-sdk" */;
			productName = "FirebaseAuthCombine-Community";
		};
		16600975297630F600E6A546 /* FirebaseDatabase */ = {
			isa = XCSwiftPackageProductDependency;
			package = 16600970297630F600E6A546 /* XCRemoteSwiftPackageReference "firebase-ios-sdk" */;
			productName = FirebaseDatabase;
		};
		16600977297630F600E6A546 /* FirebaseDatabaseSwift */ = {
			isa = XCSwiftPackageProductDependency;
			package = 16600970297630F600E6A546 /* XCRemoteSwiftPackageReference "firebase-ios-sdk" */;
			productName = FirebaseDatabaseSwift;
		};
		16600979297630F600E6A546 /* FirebaseMessaging */ = {
			isa = XCSwiftPackageProductDependency;
			package = 16600970297630F600E6A546 /* XCRemoteSwiftPackageReference "firebase-ios-sdk" */;
			productName = FirebaseMessaging;
		};
		1660097B297630F600E6A546 /* FirebaseStorage */ = {
			isa = XCSwiftPackageProductDependency;
			package = 16600970297630F600E6A546 /* XCRemoteSwiftPackageReference "firebase-ios-sdk" */;
			productName = FirebaseStorage;
		};
		1660097D297630F600E6A546 /* FirebaseStorageCombine-Community */ = {
			isa = XCSwiftPackageProductDependency;
			package = 16600970297630F600E6A546 /* XCRemoteSwiftPackageReference "firebase-ios-sdk" */;
			productName = "FirebaseStorageCombine-Community";
		};
		166009802976313800E6A546 /* GoogleSignInSwift */ = {
			isa = XCSwiftPackageProductDependency;
			package = 1660097F2976313800E6A546 /* XCRemoteSwiftPackageReference "GoogleSignIn-iOS" */;
			productName = GoogleSignInSwift;
		};
		166009832976315700E6A546 /* KakaoSDK */ = {
			isa = XCSwiftPackageProductDependency;
			package = 166009822976315700E6A546 /* XCRemoteSwiftPackageReference "kakao-ios-sdk" */;
			productName = KakaoSDK;
		};
/* End XCSwiftPackageProductDependency section */
	};
	rootObject = 16600957297630C300E6A546 /* Project object */;
}
